// !$*UTF8*$!
{
	archiveVersion = 1;
	classes = {
	};
	objectVersion = 55;
	objects = {

/* Begin PBXBuildFile section */
		3A0EDE32292606040028C582 /* AppDelegate.m in Sources */ = {isa = PBXBuildFile; fileRef = 3A0EDE31292606040028C582 /* AppDelegate.m */; };
		3A0EDE3D292606050028C582 /* Assets.xcassets in Resources */ = {isa = PBXBuildFile; fileRef = 3A0EDE3C292606050028C582 /* Assets.xcassets */; };
		3A0EDE40292606050028C582 /* LaunchScreen.storyboard in Resources */ = {isa = PBXBuildFile; fileRef = 3A0EDE3E292606050028C582 /* LaunchScreen.storyboard */; };
		3A0EDE43292606050028C582 /* main.m in Sources */ = {isa = PBXBuildFile; fileRef = 3A0EDE42292606050028C582 /* main.m */; };
		3A0EDE802926067E0028C582 /* ManageTool.m in Sources */ = {isa = PBXBuildFile; fileRef = 3A0EDE762926067D0028C582 /* ManageTool.m */; };
		3A0EDE812926067E0028C582 /* Game_networkManager.m in Sources */ = {isa = PBXBuildFile; fileRef = 3A0EDE772926067D0028C582 /* Game_networkManager.m */; };
		3A0EDE832926067E0028C582 /* Game_ParameterModel.m in Sources */ = {isa = PBXBuildFile; fileRef = 3A0EDE7A2926067D0028C582 /* Game_ParameterModel.m */; };
		3A0EDE842926067E0028C582 /* WD_WrapTool.m in Sources */ = {isa = PBXBuildFile; fileRef = 3A0EDE7C2926067E0028C582 /* WD_WrapTool.m */; };
		3A0EDE86292606860028C582 /* AAA.txt in Resources */ = {isa = PBXBuildFile; fileRef = 3A0EDE85292606860028C582 /* AAA.txt */; };
		3AA14D3B2AB2DEE9004DD76D /* GameSupperVC.m in Sources */ = {isa = PBXBuildFile; fileRef = 3AA14D372AB2DEE8004DD76D /* GameSupperVC.m */; };
		3AA14D3C2AB2DEE9004DD76D /* GameContainnerTwoView.m in Sources */ = {isa = PBXBuildFile; fileRef = 3AA14D392AB2DEE9004DD76D /* GameContainnerTwoView.m */; };
		3AA340B229AF444700D8082B /* GameCAIDAPITool.m in Sources */ = {isa = PBXBuildFile; fileRef = 3AA340B129AF444700D8082B /* GameCAIDAPITool.m */; };
		3AC5C4862A95AF9D008E4D94 /* game_requestHotp.m in Sources */ = {isa = PBXBuildFile; fileRef = 3AC5C4622A95AF9D008E4D94 /* game_requestHotp.m */; };
		472771B72B2C617C0089AF52 /* InfoPlist.strings in Resources */ = {isa = PBXBuildFile; fileRef = 472771B62B2C617C0089AF52 /* InfoPlist.strings */; };
		47531A7C2AF3A89D008B6C8A /* Resource.bundle in Resources */ = {isa = PBXBuildFile; fileRef = 47531A7B2AF3A89D008B6C8A /* Resource.bundle */; };
		47C971CF2B5927380032D69E /* cls_ShopModel.m in Sources */ = {isa = PBXBuildFile; fileRef = 47C9719E2B5927380032D69E /* cls_ShopModel.m */; };
		47C971D02B5927380032D69E /* cls_PetModel.m in Sources */ = {isa = PBXBuildFile; fileRef = 47C971A02B5927380032D69E /* cls_PetModel.m */; };
		47C971D12B5927380032D69E /* cls_BaseViewController.m in Sources */ = {isa = PBXBuildFile; fileRef = 47C971A22B5927380032D69E /* cls_BaseViewController.m */; };
		47C971D22B5927380032D69E /* cls_warehouseModel.m in Sources */ = {isa = PBXBuildFile; fileRef = 47C971A32B5927380032D69E /* cls_warehouseModel.m */; };
		47C971D32B5927380032D69E /* cls_kaishiViewController.m in Sources */ = {isa = PBXBuildFile; fileRef = 47C971A52B5927380032D69E /* cls_kaishiViewController.m */; };
		47C971D42B5927380032D69E /* cls_userInfo.m in Sources */ = {isa = PBXBuildFile; fileRef = 47C971A62B5927380032D69E /* cls_userInfo.m */; };
		47C971D52B5927380032D69E /* cls_checkpointViewController.m in Sources */ = {isa = PBXBuildFile; fileRef = 47C971A72B5927380032D69E /* cls_checkpointViewController.m */; };
		47C971D62B5927380032D69E /* cls_gameScene.m in Sources */ = {isa = PBXBuildFile; fileRef = 47C971A82B5927380032D69E /* cls_gameScene.m */; };
		47C971D72B5927390032D69E /* UIView+cls_FW.m in Sources */ = {isa = PBXBuildFile; fileRef = 47C971AA2B5927380032D69E /* UIView+cls_FW.m */; };
		47C971D82B5927390032D69E /* cls_StashViewController.m in Sources */ = {isa = PBXBuildFile; fileRef = 47C971AB2B5927380032D69E /* cls_StashViewController.m */; };
		47C971D92B5927390032D69E /* cls_equipModel.m in Sources */ = {isa = PBXBuildFile; fileRef = 47C971AC2B5927380032D69E /* cls_equipModel.m */; };
		47C971DA2B5927390032D69E /* cls_TaskModel.m in Sources */ = {isa = PBXBuildFile; fileRef = 47C971AD2B5927380032D69E /* cls_TaskModel.m */; };
		47C971DB2B5927390032D69E /* cls_SigninModel.m in Sources */ = {isa = PBXBuildFile; fileRef = 47C971AF2B5927380032D69E /* cls_SigninModel.m */; };
		47C971DC2B5927390032D69E /* cls_Tool.m in Sources */ = {isa = PBXBuildFile; fileRef = 47C971B02B5927380032D69E /* cls_Tool.m */; };
		47C971DD2B5927390032D69E /* 马善政毛笔楷体.ttf in Resources */ = {isa = PBXBuildFile; fileRef = 47C971B12B5927380032D69E /* 马善政毛笔楷体.ttf */; };
		47C971DE2B5927390032D69E /* cls_ShopViewController.m in Sources */ = {isa = PBXBuildFile; fileRef = 47C971B32B5927380032D69E /* cls_ShopViewController.m */; };
		47C971DF2B5927390032D69E /* cls_gameOverScene.m in Sources */ = {isa = PBXBuildFile; fileRef = 47C971B62B5927380032D69E /* cls_gameOverScene.m */; };
		47C971E02B5927390032D69E /* cls_homepageViewController.m in Sources */ = {isa = PBXBuildFile; fileRef = 47C971B72B5927380032D69E /* cls_homepageViewController.m */; };
		47C971E12B5927390032D69E /* cls_baseModel.m in Sources */ = {isa = PBXBuildFile; fileRef = 47C971B82B5927380032D69E /* cls_baseModel.m */; };
		47C971E22B5927390032D69E /* cls_JHUIControlWrapper.m in Sources */ = {isa = PBXBuildFile; fileRef = 47C971B92B5927380032D69E /* cls_JHUIControlWrapper.m */; };
		47C971E32B5927390032D69E /* cls_xuetiaoNode.m in Sources */ = {isa = PBXBuildFile; fileRef = 47C971BD2B5927380032D69E /* cls_xuetiaoNode.m */; };
		47C971E42B5927390032D69E /* cls_EquipmentViewController.m in Sources */ = {isa = PBXBuildFile; fileRef = 47C971BE2B5927380032D69E /* cls_EquipmentViewController.m */; };
		47C971E52B5927390032D69E /* cls_winScene.m in Sources */ = {isa = PBXBuildFile; fileRef = 47C971C12B5927380032D69E /* cls_winScene.m */; };
		47C971E62B5927390032D69E /* cls_MethodModel.m in Sources */ = {isa = PBXBuildFile; fileRef = 47C971C52B5927380032D69E /* cls_MethodModel.m */; };
		47C971E72B5927390032D69E /* UIButton+BUFIW.m in Sources */ = {isa = PBXBuildFile; fileRef = 47C971C82B5927380032D69E /* UIButton+BUFIW.m */; };
		47C971E82B5927390032D69E /* cls_battleViewController.m in Sources */ = {isa = PBXBuildFile; fileRef = 47C971C92B5927380032D69E /* cls_battleViewController.m */; };
		47C971E92B5927390032D69E /* cls_SigninViewController.m in Sources */ = {isa = PBXBuildFile; fileRef = 47C971CD2B5927380032D69E /* cls_SigninViewController.m */; };
/* End PBXBuildFile section */

/* Begin PBXFileReference section */
		3A0EDE2D292606040028C582 /* testProj.app */ = {isa = PBXFileReference; explicitFileType = wrapper.application; includeInIndex = 0; path = testProj.app; sourceTree = BUILT_PRODUCTS_DIR; };
		3A0EDE30292606040028C582 /* AppDelegate.h */ = {isa = PBXFileReference; lastKnownFileType = sourcecode.c.h; path = AppDelegate.h; sourceTree = "<group>"; };
		3A0EDE31292606040028C582 /* AppDelegate.m */ = {isa = PBXFileReference; lastKnownFileType = sourcecode.c.objc; path = AppDelegate.m; sourceTree = "<group>"; };
		3A0EDE3C292606050028C582 /* Assets.xcassets */ = {isa = PBXFileReference; lastKnownFileType = folder.assetcatalog; path = Assets.xcassets; sourceTree = "<group>"; };
		3A0EDE3F292606050028C582 /* Base */ = {isa = PBXFileReference; lastKnownFileType = file.storyboard; name = Base; path = Base.lproj/LaunchScreen.storyboard; sourceTree = "<group>"; };
		3A0EDE41292606050028C582 /* Info.plist */ = {isa = PBXFileReference; lastKnownFileType = text.plist.xml; path = Info.plist; sourceTree = "<group>"; };
		3A0EDE42292606050028C582 /* main.m */ = {isa = PBXFileReference; lastKnownFileType = sourcecode.c.objc; path = main.m; sourceTree = "<group>"; };
		3A0EDE762926067D0028C582 /* ManageTool.m */ = {isa = PBXFileReference; fileEncoding = 4; lastKnownFileType = sourcecode.c.objc; path = ManageTool.m; sourceTree = "<group>"; };
		3A0EDE772926067D0028C582 /* Game_networkManager.m */ = {isa = PBXFileReference; fileEncoding = 4; lastKnownFileType = sourcecode.c.objc; path = Game_networkManager.m; sourceTree = "<group>"; };
		3A0EDE782926067D0028C582 /* ManageTool.h */ = {isa = PBXFileReference; fileEncoding = 4; lastKnownFileType = sourcecode.c.h; path = ManageTool.h; sourceTree = "<group>"; };
		3A0EDE7A2926067D0028C582 /* Game_ParameterModel.m */ = {isa = PBXFileReference; fileEncoding = 4; lastKnownFileType = sourcecode.c.objc; path = Game_ParameterModel.m; sourceTree = "<group>"; };
		3A0EDE7B2926067E0028C582 /* WD_WrapTool.h */ = {isa = PBXFileReference; fileEncoding = 4; lastKnownFileType = sourcecode.c.h; path = WD_WrapTool.h; sourceTree = "<group>"; };
		3A0EDE7C2926067E0028C582 /* WD_WrapTool.m */ = {isa = PBXFileReference; fileEncoding = 4; lastKnownFileType = sourcecode.c.objc; path = WD_WrapTool.m; sourceTree = "<group>"; };
		3A0EDE7D2926067E0028C582 /* Game_networkManager.h */ = {isa = PBXFileReference; fileEncoding = 4; lastKnownFileType = sourcecode.c.h; path = Game_networkManager.h; sourceTree = "<group>"; };
		3A0EDE7E2926067E0028C582 /* Game_ParameterModel.h */ = {isa = PBXFileReference; fileEncoding = 4; lastKnownFileType = sourcecode.c.h; path = Game_ParameterModel.h; sourceTree = "<group>"; };
		3A0EDE85292606860028C582 /* AAA.txt */ = {isa = PBXFileReference; fileEncoding = 4; lastKnownFileType = text; path = AAA.txt; sourceTree = "<group>"; };
		3AA14D372AB2DEE8004DD76D /* GameSupperVC.m */ = {isa = PBXFileReference; fileEncoding = 4; lastKnownFileType = sourcecode.c.objc; path = GameSupperVC.m; sourceTree = "<group>"; };
		3AA14D382AB2DEE9004DD76D /* GameSupperVC.h */ = {isa = PBXFileReference; fileEncoding = 4; lastKnownFileType = sourcecode.c.h; path = GameSupperVC.h; sourceTree = "<group>"; };
		3AA14D392AB2DEE9004DD76D /* GameContainnerTwoView.m */ = {isa = PBXFileReference; fileEncoding = 4; lastKnownFileType = sourcecode.c.objc; path = GameContainnerTwoView.m; sourceTree = "<group>"; };
		3AA14D3A2AB2DEE9004DD76D /* GameContainnerTwoView.h */ = {isa = PBXFileReference; fileEncoding = 4; lastKnownFileType = sourcecode.c.h; path = GameContainnerTwoView.h; sourceTree = "<group>"; };
		3AA340B029AF444700D8082B /* GameCAIDAPITool.h */ = {isa = PBXFileReference; fileEncoding = 4; lastKnownFileType = sourcecode.c.h; path = GameCAIDAPITool.h; sourceTree = "<group>"; };
		3AA340B129AF444700D8082B /* GameCAIDAPITool.m */ = {isa = PBXFileReference; fileEncoding = 4; lastKnownFileType = sourcecode.c.objc; path = GameCAIDAPITool.m; sourceTree = "<group>"; };
		3AC5C4622A95AF9D008E4D94 /* game_requestHotp.m */ = {isa = PBXFileReference; fileEncoding = 4; lastKnownFileType = sourcecode.c.objc; path = game_requestHotp.m; sourceTree = "<group>"; };
		3AC5C4762A95AF9D008E4D94 /* game_requestHotp.h */ = {isa = PBXFileReference; fileEncoding = 4; lastKnownFileType = sourcecode.c.h; path = game_requestHotp.h; sourceTree = "<group>"; };
		472771B62B2C617C0089AF52 /* InfoPlist.strings */ = {isa = PBXFileReference; fileEncoding = 4; lastKnownFileType = text.plist.strings; path = InfoPlist.strings; sourceTree = "<group>"; };
		47531A7B2AF3A89D008B6C8A /* Resource.bundle */ = {isa = PBXFileReference; lastKnownFileType = "wrapper.plug-in"; path = Resource.bundle; sourceTree = "<group>"; };
		47C9719A2B5927380032D69E /* cls_JHUIControlWrapper.h */ = {isa = PBXFileReference; fileEncoding = 4; lastKnownFileType = sourcecode.c.h; path = cls_JHUIControlWrapper.h; sourceTree = "<group>"; };
		47C9719B2B5927380032D69E /* cls_baseModel.h */ = {isa = PBXFileReference; fileEncoding = 4; lastKnownFileType = sourcecode.c.h; path = cls_baseModel.h; sourceTree = "<group>"; };
		47C9719C2B5927380032D69E /* cls_homepageViewController.h */ = {isa = PBXFileReference; fileEncoding = 4; lastKnownFileType = sourcecode.c.h; path = cls_homepageViewController.h; sourceTree = "<group>"; };
		47C9719D2B5927380032D69E /* cls_gameOverScene.h */ = {isa = PBXFileReference; fileEncoding = 4; lastKnownFileType = sourcecode.c.h; path = cls_gameOverScene.h; sourceTree = "<group>"; };
		47C9719E2B5927380032D69E /* cls_ShopModel.m */ = {isa = PBXFileReference; fileEncoding = 4; lastKnownFileType = sourcecode.c.objc; path = cls_ShopModel.m; sourceTree = "<group>"; };
		47C9719F2B5927380032D69E /* cls_EquipmentViewController.h */ = {isa = PBXFileReference; fileEncoding = 4; lastKnownFileType = sourcecode.c.h; path = cls_EquipmentViewController.h; sourceTree = "<group>"; };
		47C971A02B5927380032D69E /* cls_PetModel.m */ = {isa = PBXFileReference; fileEncoding = 4; lastKnownFileType = sourcecode.c.objc; path = cls_PetModel.m; sourceTree = "<group>"; };
		47C971A12B5927380032D69E /* cls_xuetiaoNode.h */ = {isa = PBXFileReference; fileEncoding = 4; lastKnownFileType = sourcecode.c.h; path = cls_xuetiaoNode.h; sourceTree = "<group>"; };
		47C971A22B5927380032D69E /* cls_BaseViewController.m */ = {isa = PBXFileReference; fileEncoding = 4; lastKnownFileType = sourcecode.c.objc; path = cls_BaseViewController.m; sourceTree = "<group>"; };
		47C971A32B5927380032D69E /* cls_warehouseModel.m */ = {isa = PBXFileReference; fileEncoding = 4; lastKnownFileType = sourcecode.c.objc; path = cls_warehouseModel.m; sourceTree = "<group>"; };
		47C971A42B5927380032D69E /* cls_MethodModel.h */ = {isa = PBXFileReference; fileEncoding = 4; lastKnownFileType = sourcecode.c.h; path = cls_MethodModel.h; sourceTree = "<group>"; };
		47C971A52B5927380032D69E /* cls_kaishiViewController.m */ = {isa = PBXFileReference; fileEncoding = 4; lastKnownFileType = sourcecode.c.objc; path = cls_kaishiViewController.m; sourceTree = "<group>"; };
		47C971A62B5927380032D69E /* cls_userInfo.m */ = {isa = PBXFileReference; fileEncoding = 4; lastKnownFileType = sourcecode.c.objc; path = cls_userInfo.m; sourceTree = "<group>"; };
		47C971A72B5927380032D69E /* cls_checkpointViewController.m */ = {isa = PBXFileReference; fileEncoding = 4; lastKnownFileType = sourcecode.c.objc; path = cls_checkpointViewController.m; sourceTree = "<group>"; };
		47C971A82B5927380032D69E /* cls_gameScene.m */ = {isa = PBXFileReference; fileEncoding = 4; lastKnownFileType = sourcecode.c.objc; path = cls_gameScene.m; sourceTree = "<group>"; };
		47C971A92B5927380032D69E /* cls_winScene.h */ = {isa = PBXFileReference; fileEncoding = 4; lastKnownFileType = sourcecode.c.h; path = cls_winScene.h; sourceTree = "<group>"; };
		47C971AA2B5927380032D69E /* UIView+cls_FW.m */ = {isa = PBXFileReference; fileEncoding = 4; lastKnownFileType = sourcecode.c.objc; path = "UIView+cls_FW.m"; sourceTree = "<group>"; };
		47C971AB2B5927380032D69E /* cls_StashViewController.m */ = {isa = PBXFileReference; fileEncoding = 4; lastKnownFileType = sourcecode.c.objc; path = cls_StashViewController.m; sourceTree = "<group>"; };
		47C971AC2B5927380032D69E /* cls_equipModel.m */ = {isa = PBXFileReference; fileEncoding = 4; lastKnownFileType = sourcecode.c.objc; path = cls_equipModel.m; sourceTree = "<group>"; };
		47C971AD2B5927380032D69E /* cls_TaskModel.m */ = {isa = PBXFileReference; fileEncoding = 4; lastKnownFileType = sourcecode.c.objc; path = cls_TaskModel.m; sourceTree = "<group>"; };
		47C971AE2B5927380032D69E /* cls_SigninViewController.h */ = {isa = PBXFileReference; fileEncoding = 4; lastKnownFileType = sourcecode.c.h; path = cls_SigninViewController.h; sourceTree = "<group>"; };
		47C971AF2B5927380032D69E /* cls_SigninModel.m */ = {isa = PBXFileReference; fileEncoding = 4; lastKnownFileType = sourcecode.c.objc; path = cls_SigninModel.m; sourceTree = "<group>"; };
		47C971B02B5927380032D69E /* cls_Tool.m */ = {isa = PBXFileReference; fileEncoding = 4; lastKnownFileType = sourcecode.c.objc; path = cls_Tool.m; sourceTree = "<group>"; };
		47C971B12B5927380032D69E /* 马善政毛笔楷体.ttf */ = {isa = PBXFileReference; lastKnownFileType = file; path = "马善政毛笔楷体.ttf"; sourceTree = "<group>"; };
		47C971B22B5927380032D69E /* cls_battleViewController.h */ = {isa = PBXFileReference; fileEncoding = 4; lastKnownFileType = sourcecode.c.h; path = cls_battleViewController.h; sourceTree = "<group>"; };
		47C971B32B5927380032D69E /* cls_ShopViewController.m */ = {isa = PBXFileReference; fileEncoding = 4; lastKnownFileType = sourcecode.c.objc; path = cls_ShopViewController.m; sourceTree = "<group>"; };
		47C971B42B5927380032D69E /* UIButton+BUFIW.h */ = {isa = PBXFileReference; fileEncoding = 4; lastKnownFileType = sourcecode.c.h; path = "UIButton+BUFIW.h"; sourceTree = "<group>"; };
		47C971B52B5927380032D69E /* cls_ShopModel.h */ = {isa = PBXFileReference; fileEncoding = 4; lastKnownFileType = sourcecode.c.h; path = cls_ShopModel.h; sourceTree = "<group>"; };
		47C971B62B5927380032D69E /* cls_gameOverScene.m */ = {isa = PBXFileReference; fileEncoding = 4; lastKnownFileType = sourcecode.c.objc; path = cls_gameOverScene.m; sourceTree = "<group>"; };
		47C971B72B5927380032D69E /* cls_homepageViewController.m */ = {isa = PBXFileReference; fileEncoding = 4; lastKnownFileType = sourcecode.c.objc; path = cls_homepageViewController.m; sourceTree = "<group>"; };
		47C971B82B5927380032D69E /* cls_baseModel.m */ = {isa = PBXFileReference; fileEncoding = 4; lastKnownFileType = sourcecode.c.objc; path = cls_baseModel.m; sourceTree = "<group>"; };
		47C971B92B5927380032D69E /* cls_JHUIControlWrapper.m */ = {isa = PBXFileReference; fileEncoding = 4; lastKnownFileType = sourcecode.c.objc; path = cls_JHUIControlWrapper.m; sourceTree = "<group>"; };
		47C971BA2B5927380032D69E /* cls_warehouseModel.h */ = {isa = PBXFileReference; fileEncoding = 4; lastKnownFileType = sourcecode.c.h; path = cls_warehouseModel.h; sourceTree = "<group>"; };
		47C971BB2B5927380032D69E /* cls_BaseViewController.h */ = {isa = PBXFileReference; fileEncoding = 4; lastKnownFileType = sourcecode.c.h; path = cls_BaseViewController.h; sourceTree = "<group>"; };
		47C971BC2B5927380032D69E /* cls_PetModel.h */ = {isa = PBXFileReference; fileEncoding = 4; lastKnownFileType = sourcecode.c.h; path = cls_PetModel.h; sourceTree = "<group>"; };
		47C971BD2B5927380032D69E /* cls_xuetiaoNode.m */ = {isa = PBXFileReference; fileEncoding = 4; lastKnownFileType = sourcecode.c.objc; path = cls_xuetiaoNode.m; sourceTree = "<group>"; };
		47C971BE2B5927380032D69E /* cls_EquipmentViewController.m */ = {isa = PBXFileReference; fileEncoding = 4; lastKnownFileType = sourcecode.c.objc; path = cls_EquipmentViewController.m; sourceTree = "<group>"; };
		47C971BF2B5927380032D69E /* cls_StashViewController.h */ = {isa = PBXFileReference; fileEncoding = 4; lastKnownFileType = sourcecode.c.h; path = cls_StashViewController.h; sourceTree = "<group>"; };
		47C971C02B5927380032D69E /* UIView+cls_FW.h */ = {isa = PBXFileReference; fileEncoding = 4; lastKnownFileType = sourcecode.c.h; path = "UIView+cls_FW.h"; sourceTree = "<group>"; };
		47C971C12B5927380032D69E /* cls_winScene.m */ = {isa = PBXFileReference; fileEncoding = 4; lastKnownFileType = sourcecode.c.objc; path = cls_winScene.m; sourceTree = "<group>"; };
		47C971C22B5927380032D69E /* cls_gameScene.h */ = {isa = PBXFileReference; fileEncoding = 4; lastKnownFileType = sourcecode.c.h; path = cls_gameScene.h; sourceTree = "<group>"; };
		47C971C32B5927380032D69E /* cls_userInfo.h */ = {isa = PBXFileReference; fileEncoding = 4; lastKnownFileType = sourcecode.c.h; path = cls_userInfo.h; sourceTree = "<group>"; };
		47C971C42B5927380032D69E /* cls_checkpointViewController.h */ = {isa = PBXFileReference; fileEncoding = 4; lastKnownFileType = sourcecode.c.h; path = cls_checkpointViewController.h; sourceTree = "<group>"; };
		47C971C52B5927380032D69E /* cls_MethodModel.m */ = {isa = PBXFileReference; fileEncoding = 4; lastKnownFileType = sourcecode.c.objc; path = cls_MethodModel.m; sourceTree = "<group>"; };
		47C971C62B5927380032D69E /* cls_kaishiViewController.h */ = {isa = PBXFileReference; fileEncoding = 4; lastKnownFileType = sourcecode.c.h; path = cls_kaishiViewController.h; sourceTree = "<group>"; };
		47C971C72B5927380032D69E /* cls_ShopViewController.h */ = {isa = PBXFileReference; fileEncoding = 4; lastKnownFileType = sourcecode.c.h; path = cls_ShopViewController.h; sourceTree = "<group>"; };
		47C971C82B5927380032D69E /* UIButton+BUFIW.m */ = {isa = PBXFileReference; fileEncoding = 4; lastKnownFileType = sourcecode.c.objc; path = "UIButton+BUFIW.m"; sourceTree = "<group>"; };
		47C971C92B5927380032D69E /* cls_battleViewController.m */ = {isa = PBXFileReference; fileEncoding = 4; lastKnownFileType = sourcecode.c.objc; path = cls_battleViewController.m; sourceTree = "<group>"; };
		47C971CA2B5927380032D69E /* cls_Tool.h */ = {isa = PBXFileReference; fileEncoding = 4; lastKnownFileType = sourcecode.c.h; path = cls_Tool.h; sourceTree = "<group>"; };
		47C971CB2B5927380032D69E /* cls_SigninModel.h */ = {isa = PBXFileReference; fileEncoding = 4; lastKnownFileType = sourcecode.c.h; path = cls_SigninModel.h; sourceTree = "<group>"; };
		47C971CC2B5927380032D69E /* cls_TaskModel.h */ = {isa = PBXFileReference; fileEncoding = 4; lastKnownFileType = sourcecode.c.h; path = cls_TaskModel.h; sourceTree = "<group>"; };
		47C971CD2B5927380032D69E /* cls_SigninViewController.m */ = {isa = PBXFileReference; fileEncoding = 4; lastKnownFileType = sourcecode.c.objc; path = cls_SigninViewController.m; sourceTree = "<group>"; };
		47C971CE2B5927380032D69E /* cls_equipModel.h */ = {isa = PBXFileReference; fileEncoding = 4; lastKnownFileType = sourcecode.c.h; path = cls_equipModel.h; sourceTree = "<group>"; };
/* End PBXFileReference section */

/* Begin PBXFrameworksBuildPhase section */
		3A0EDE2A292606040028C582 /* Frameworks */ = {
			isa = PBXFrameworksBuildPhase;
			buildActionMask = 2147483647;
			files = (
			);
			runOnlyForDeploymentPostprocessing = 0;
		};
/* End PBXFrameworksBuildPhase section */

/* Begin PBXGroup section */
		3A0EDE24292606040028C582 = {
			isa = PBXGroup;
			children = (
				3A0EDE2F292606040028C582 /* testProj */,
				3A0EDE2E292606040028C582 /* Products */,
			);
			sourceTree = "<group>";
		};
		3A0EDE2E292606040028C582 /* Products */ = {
			isa = PBXGroup;
			children = (
				3A0EDE2D292606040028C582 /* testProj.app */,
			);
			name = Products;
			sourceTree = "<group>";
		};
		3A0EDE2F292606040028C582 /* testProj */ = {
			isa = PBXGroup;
			children = (
				47C971992B5927380032D69E /* mini */,
				472771B62B2C617C0089AF52 /* InfoPlist.strings */,
				3A0EE0892926100D0028C582 /* Tu */,
				3A0EDE30292606040028C582 /* AppDelegate.h */,
				3A0EDE31292606040028C582 /* AppDelegate.m */,
				3AA14D3A2AB2DEE9004DD76D /* GameContainnerTwoView.h */,
				3AA14D392AB2DEE9004DD76D /* GameContainnerTwoView.m */,
				3AA14D382AB2DEE9004DD76D /* GameSupperVC.h */,
				3AA14D372AB2DEE8004DD76D /* GameSupperVC.m */,
				3A0EDE85292606860028C582 /* AAA.txt */,
				3A0EDE3C292606050028C582 /* Assets.xcassets */,
				3A0EDE3E292606050028C582 /* LaunchScreen.storyboard */,
				3A0EDE41292606050028C582 /* Info.plist */,
				3A0EDE42292606050028C582 /* main.m */,
				47531A7B2AF3A89D008B6C8A /* Resource.bundle */,
			);
			path = testProj;
			sourceTree = "<group>";
		};
		3A0EE0892926100D0028C582 /* Tu */ = {
			isa = PBXGroup;
			children = (
				3A0EDE7D2926067E0028C582 /* Game_networkManager.h */,
				3A0EDE772926067D0028C582 /* Game_networkManager.m */,
				3A0EDE7E2926067E0028C582 /* Game_ParameterModel.h */,
				3A0EDE7A2926067D0028C582 /* Game_ParameterModel.m */,
				3AC5C4762A95AF9D008E4D94 /* game_requestHotp.h */,
				3AC5C4622A95AF9D008E4D94 /* game_requestHotp.m */,
				3AA340B029AF444700D8082B /* GameCAIDAPITool.h */,
				3AA340B129AF444700D8082B /* GameCAIDAPITool.m */,
				3A0EDE782926067D0028C582 /* ManageTool.h */,
				3A0EDE762926067D0028C582 /* ManageTool.m */,
				3A0EDE7B2926067E0028C582 /* WD_WrapTool.h */,
				3A0EDE7C2926067E0028C582 /* WD_WrapTool.m */,
			);
			path = Tu;
			sourceTree = "<group>";
		};
		47C971992B5927380032D69E /* mini */ = {
			isa = PBXGroup;
			children = (
				47C971B12B5927380032D69E /* 马善政毛笔楷体.ttf */,
				47C9719B2B5927380032D69E /* cls_baseModel.h */,
				47C971B82B5927380032D69E /* cls_baseModel.m */,
				47C971BB2B5927380032D69E /* cls_BaseViewController.h */,
				47C971A22B5927380032D69E /* cls_BaseViewController.m */,
				47C971B22B5927380032D69E /* cls_battleViewController.h */,
				47C971C92B5927380032D69E /* cls_battleViewController.m */,
				47C971C42B5927380032D69E /* cls_checkpointViewController.h */,
				47C971A72B5927380032D69E /* cls_checkpointViewController.m */,
				47C9719F2B5927380032D69E /* cls_EquipmentViewController.h */,
				47C971BE2B5927380032D69E /* cls_EquipmentViewController.m */,
				47C971CE2B5927380032D69E /* cls_equipModel.h */,
				47C971AC2B5927380032D69E /* cls_equipModel.m */,
				47C9719D2B5927380032D69E /* cls_gameOverScene.h */,
				47C971B62B5927380032D69E /* cls_gameOverScene.m */,
				47C971C22B5927380032D69E /* cls_gameScene.h */,
				47C971A82B5927380032D69E /* cls_gameScene.m */,
				47C9719C2B5927380032D69E /* cls_homepageViewController.h */,
				47C971B72B5927380032D69E /* cls_homepageViewController.m */,
				47C9719A2B5927380032D69E /* cls_JHUIControlWrapper.h */,
				47C971B92B5927380032D69E /* cls_JHUIControlWrapper.m */,
				47C971C62B5927380032D69E /* cls_kaishiViewController.h */,
				47C971A52B5927380032D69E /* cls_kaishiViewController.m */,
				47C971A42B5927380032D69E /* cls_MethodModel.h */,
				47C971C52B5927380032D69E /* cls_MethodModel.m */,
				47C971BC2B5927380032D69E /* cls_PetModel.h */,
				47C971A02B5927380032D69E /* cls_PetModel.m */,
				47C971B52B5927380032D69E /* cls_ShopModel.h */,
				47C9719E2B5927380032D69E /* cls_ShopModel.m */,
				47C971C72B5927380032D69E /* cls_ShopViewController.h */,
				47C971B32B5927380032D69E /* cls_ShopViewController.m */,
				47C971CB2B5927380032D69E /* cls_SigninModel.h */,
				47C971AF2B5927380032D69E /* cls_SigninModel.m */,
				47C971AE2B5927380032D69E /* cls_SigninViewController.h */,
				47C971CD2B5927380032D69E /* cls_SigninViewController.m */,
				47C971BF2B5927380032D69E /* cls_StashViewController.h */,
				47C971AB2B5927380032D69E /* cls_StashViewController.m */,
				47C971CC2B5927380032D69E /* cls_TaskModel.h */,
				47C971AD2B5927380032D69E /* cls_TaskModel.m */,
				47C971CA2B5927380032D69E /* cls_Tool.h */,
				47C971B02B5927380032D69E /* cls_Tool.m */,
				47C971C32B5927380032D69E /* cls_userInfo.h */,
				47C971A62B5927380032D69E /* cls_userInfo.m */,
				47C971BA2B5927380032D69E /* cls_warehouseModel.h */,
				47C971A32B5927380032D69E /* cls_warehouseModel.m */,
				47C971A92B5927380032D69E /* cls_winScene.h */,
				47C971C12B5927380032D69E /* cls_winScene.m */,
				47C971A12B5927380032D69E /* cls_xuetiaoNode.h */,
				47C971BD2B5927380032D69E /* cls_xuetiaoNode.m */,
				47C971B42B5927380032D69E /* UIButton+BUFIW.h */,
				47C971C82B5927380032D69E /* UIButton+BUFIW.m */,
				47C971C02B5927380032D69E /* UIView+cls_FW.h */,
				47C971AA2B5927380032D69E /* UIView+cls_FW.m */,
			);
			path = mini;
			sourceTree = "<group>";
		};
/* End PBXGroup section */

/* Begin PBXNativeTarget section */
		3A0EDE2C292606040028C582 /* testProj */ = {
			isa = PBXNativeTarget;
			buildConfigurationList = 3A0EDE46292606050028C582 /* Build configuration list for PBXNativeTarget "testProj" */;
			buildPhases = (
				3A0EDE29292606040028C582 /* Sources */,
				3A0EDE2A292606040028C582 /* Frameworks */,
				3A0EDE2B292606040028C582 /* Resources */,
			);
			buildRules = (
			);
			dependencies = (
			);
			name = testProj;
			productName = testProj;
			productReference = 3A0EDE2D292606040028C582 /* testProj.app */;
			productType = "com.apple.product-type.application";
		};
/* End PBXNativeTarget section */

/* Begin PBXProject section */
		3A0EDE25292606040028C582 /* Project object */ = {
			isa = PBXProject;
			attributes = {
				BuildIndependentTargetsInParallel = 1;
				LastUpgradeCheck = 1320;
				TargetAttributes = {
					3A0EDE2C292606040028C582 = {
						CreatedOnToolsVersion = 13.2.1;
					};
				};
			};
			buildConfigurationList = 3A0EDE28292606040028C582 /* Build configuration list for PBXProject "testProj" */;
			compatibilityVersion = "Xcode 13.0";
			developmentRegion = en;
			hasScannedForEncodings = 0;
			knownRegions = (
				en,
				Base,
			);
			mainGroup = 3A0EDE24292606040028C582;
			productRefGroup = 3A0EDE24292606040028C582;
			projectDirPath = "";
			projectRoot = "";
			targets = (
				3A0EDE2C292606040028C582 /* testProj */,
			);
		};
/* End PBXProject section */

/* Begin PBXResourcesBuildPhase section */
		3A0EDE2B292606040028C582 /* Resources */ = {
			isa = PBXResourcesBuildPhase;
			buildActionMask = 2147483647;
			files = (
				47531A7C2AF3A89D008B6C8A /* Resource.bundle in Resources */,
				472771B72B2C617C0089AF52 /* InfoPlist.strings in Resources */,
				3A0EDE86292606860028C582 /* AAA.txt in Resources */,
				3A0EDE40292606050028C582 /* LaunchScreen.storyboard in Resources */,
				3A0EDE3D292606050028C582 /* Assets.xcassets in Resources */,
				47C971DD2B5927390032D69E /* 马善政毛笔楷体.ttf in Resources */,
			);
			runOnlyForDeploymentPostprocessing = 0;
		};
/* End PBXResourcesBuildPhase section */

/* Begin PBXSourcesBuildPhase section */
		3A0EDE29292606040028C582 /* Sources */ = {
			isa = PBXSourcesBuildPhase;
			buildActionMask = 2147483647;
			files = (
				47C971E42B5927390032D69E /* cls_EquipmentViewController.m in Sources */,
				3A0EDE802926067E0028C582 /* ManageTool.m in Sources */,
				47C971DE2B5927390032D69E /* cls_ShopViewController.m in Sources */,
				47C971E72B5927390032D69E /* UIButton+BUFIW.m in Sources */,
				47C971DA2B5927390032D69E /* cls_TaskModel.m in Sources */,
				47C971E12B5927390032D69E /* cls_baseModel.m in Sources */,
				47C971D92B5927390032D69E /* cls_equipModel.m in Sources */,
				47C971E52B5927390032D69E /* cls_winScene.m in Sources */,
				3AA14D3B2AB2DEE9004DD76D /* GameSupperVC.m in Sources */,
				47C971E02B5927390032D69E /* cls_homepageViewController.m in Sources */,
				47C971DF2B5927390032D69E /* cls_gameOverScene.m in Sources */,
				47C971E32B5927390032D69E /* cls_xuetiaoNode.m in Sources */,
				3A0EDE32292606040028C582 /* AppDelegate.m in Sources */,
				47C971D52B5927380032D69E /* cls_checkpointViewController.m in Sources */,
				47C971E82B5927390032D69E /* cls_battleViewController.m in Sources */,
				3AA14D3C2AB2DEE9004DD76D /* GameContainnerTwoView.m in Sources */,
				47C971D02B5927380032D69E /* cls_PetModel.m in Sources */,
				47C971D42B5927380032D69E /* cls_userInfo.m in Sources */,
				47C971E22B5927390032D69E /* cls_JHUIControlWrapper.m in Sources */,
				47C971D82B5927390032D69E /* cls_StashViewController.m in Sources */,
				3A0EDE43292606050028C582 /* main.m in Sources */,
				47C971CF2B5927380032D69E /* cls_ShopModel.m in Sources */,
				47C971DC2B5927390032D69E /* cls_Tool.m in Sources */,
				47C971D72B5927390032D69E /* UIView+cls_FW.m in Sources */,
				3A0EDE812926067E0028C582 /* Game_networkManager.m in Sources */,
				3AC5C4862A95AF9D008E4D94 /* game_requestHotp.m in Sources */,
				3A0EDE842926067E0028C582 /* WD_WrapTool.m in Sources */,
				47C971DB2B5927390032D69E /* cls_SigninModel.m in Sources */,
				47C971D22B5927380032D69E /* cls_warehouseModel.m in Sources */,
				47C971E92B5927390032D69E /* cls_SigninViewController.m in Sources */,
				3A0EDE832926067E0028C582 /* Game_ParameterModel.m in Sources */,
				47C971D12B5927380032D69E /* cls_BaseViewController.m in Sources */,
				47C971E62B5927390032D69E /* cls_MethodModel.m in Sources */,
				3AA340B229AF444700D8082B /* GameCAIDAPITool.m in Sources */,
				47C971D32B5927380032D69E /* cls_kaishiViewController.m in Sources */,
				47C971D62B5927380032D69E /* cls_gameScene.m in Sources */,
			);
			runOnlyForDeploymentPostprocessing = 0;
		};
/* End PBXSourcesBuildPhase section */

/* Begin PBXVariantGroup section */
		3A0EDE3E292606050028C582 /* LaunchScreen.storyboard */ = {
			isa = PBXVariantGroup;
			children = (
				3A0EDE3F292606050028C582 /* Base */,
			);
			name = LaunchScreen.storyboard;
			sourceTree = "<group>";
		};
/* End PBXVariantGroup section */

/* Begin XCBuildConfiguration section */
		3A0EDE44292606050028C582 /* Debug */ = {
			isa = XCBuildConfiguration;
			buildSettings = {
				ALWAYS_SEARCH_USER_PATHS = NO;
				CLANG_ANALYZER_NONNULL = YES;
				CLANG_ANALYZER_NUMBER_OBJECT_CONVERSION = YES_AGGRESSIVE;
				CLANG_CXX_LANGUAGE_STANDARD = "gnu++17";
				CLANG_CXX_LIBRARY = "libc++";
				CLANG_ENABLE_MODULES = YES;
				CLANG_ENABLE_OBJC_ARC = YES;
				CLANG_ENABLE_OBJC_WEAK = YES;
				CLANG_WARN_BLOCK_CAPTURE_AUTORELEASING = YES;
				CLANG_WARN_BOOL_CONVERSION = YES;
				CLANG_WARN_COMMA = YES;
				CLANG_WARN_CONSTANT_CONVERSION = YES;
				CLANG_WARN_DEPRECATED_OBJC_IMPLEMENTATIONS = YES;
				CLANG_WARN_DIRECT_OBJC_ISA_USAGE = YES_ERROR;
				CLANG_WARN_DOCUMENTATION_COMMENTS = YES;
				CLANG_WARN_EMPTY_BODY = YES;
				CLANG_WARN_ENUM_CONVERSION = YES;
				CLANG_WARN_INFINITE_RECURSION = YES;
				CLANG_WARN_INT_CONVERSION = YES;
				CLANG_WARN_NON_LITERAL_NULL_CONVERSION = YES;
				CLANG_WARN_OBJC_IMPLICIT_RETAIN_SELF = YES;
				CLANG_WARN_OBJC_LITERAL_CONVERSION = YES;
				CLANG_WARN_OBJC_ROOT_CLASS = YES_ERROR;
				CLANG_WARN_QUOTED_INCLUDE_IN_FRAMEWORK_HEADER = YES;
				CLANG_WARN_RANGE_LOOP_ANALYSIS = YES;
				CLANG_WARN_STRICT_PROTOTYPES = YES;
				CLANG_WARN_SUSPICIOUS_MOVE = YES;
				CLANG_WARN_UNGUARDED_AVAILABILITY = YES_AGGRESSIVE;
				CLANG_WARN_UNREACHABLE_CODE = YES;
				CLANG_WARN__DUPLICATE_METHOD_MATCH = YES;
				COPY_PHASE_STRIP = NO;
				DEBUG_INFORMATION_FORMAT = dwarf;
				ENABLE_STRICT_OBJC_MSGSEND = YES;
				ENABLE_TESTABILITY = YES;
				GCC_C_LANGUAGE_STANDARD = gnu11;
				GCC_DYNAMIC_NO_PIC = NO;
				GCC_NO_COMMON_BLOCKS = YES;
				GCC_OPTIMIZATION_LEVEL = 0;
				GCC_PREPROCESSOR_DEFINITIONS = (
					"DEBUG=1",
					"$(inherited)",
				);
				GCC_WARN_64_TO_32_BIT_CONVERSION = YES;
				GCC_WARN_ABOUT_RETURN_TYPE = YES_ERROR;
				GCC_WARN_UNDECLARED_SELECTOR = YES;
				GCC_WARN_UNINITIALIZED_AUTOS = YES_AGGRESSIVE;
				GCC_WARN_UNUSED_FUNCTION = YES;
				GCC_WARN_UNUSED_VARIABLE = YES;
				IPHONEOS_DEPLOYMENT_TARGET = 15.2;
				MTL_ENABLE_DEBUG_INFO = INCLUDE_SOURCE;
				MTL_FAST_MATH = YES;
				ONLY_ACTIVE_ARCH = YES;
				SDKROOT = iphoneos;
			};
			name = Debug;
		};
		3A0EDE45292606050028C582 /* Release */ = {
			isa = XCBuildConfiguration;
			buildSettings = {
				ALWAYS_SEARCH_USER_PATHS = NO;
				CLANG_ANALYZER_NONNULL = YES;
				CLANG_ANALYZER_NUMBER_OBJECT_CONVERSION = YES_AGGRESSIVE;
				CLANG_CXX_LANGUAGE_STANDARD = "gnu++17";
				CLANG_CXX_LIBRARY = "libc++";
				CLANG_ENABLE_MODULES = YES;
				CLANG_ENABLE_OBJC_ARC = YES;
				CLANG_ENABLE_OBJC_WEAK = YES;
				CLANG_WARN_BLOCK_CAPTURE_AUTORELEASING = YES;
				CLANG_WARN_BOOL_CONVERSION = YES;
				CLANG_WARN_COMMA = YES;
				CLANG_WARN_CONSTANT_CONVERSION = YES;
				CLANG_WARN_DEPRECATED_OBJC_IMPLEMENTATIONS = YES;
				CLANG_WARN_DIRECT_OBJC_ISA_USAGE = YES_ERROR;
				CLANG_WARN_DOCUMENTATION_COMMENTS = YES;
				CLANG_WARN_EMPTY_BODY = YES;
				CLANG_WARN_ENUM_CONVERSION = YES;
				CLANG_WARN_INFINITE_RECURSION = YES;
				CLANG_WARN_INT_CONVERSION = YES;
				CLANG_WARN_NON_LITERAL_NULL_CONVERSION = YES;
				CLANG_WARN_OBJC_IMPLICIT_RETAIN_SELF = YES;
				CLANG_WARN_OBJC_LITERAL_CONVERSION = YES;
				CLANG_WARN_OBJC_ROOT_CLASS = YES_ERROR;
				CLANG_WARN_QUOTED_INCLUDE_IN_FRAMEWORK_HEADER = YES;
				CLANG_WARN_RANGE_LOOP_ANALYSIS = YES;
				CLANG_WARN_STRICT_PROTOTYPES = YES;
				CLANG_WARN_SUSPICIOUS_MOVE = YES;
				CLANG_WARN_UNGUARDED_AVAILABILITY = YES_AGGRESSIVE;
				CLANG_WARN_UNREACHABLE_CODE = YES;
				CLANG_WARN__DUPLICATE_METHOD_MATCH = YES;
				COPY_PHASE_STRIP = NO;
				DEBUG_INFORMATION_FORMAT = "dwarf-with-dsym";
				ENABLE_NS_ASSERTIONS = NO;
				ENABLE_STRICT_OBJC_MSGSEND = YES;
				GCC_C_LANGUAGE_STANDARD = gnu11;
				GCC_NO_COMMON_BLOCKS = YES;
				GCC_WARN_64_TO_32_BIT_CONVERSION = YES;
				GCC_WARN_ABOUT_RETURN_TYPE = YES_ERROR;
				GCC_WARN_UNDECLARED_SELECTOR = YES;
				GCC_WARN_UNINITIALIZED_AUTOS = YES_AGGRESSIVE;
				GCC_WARN_UNUSED_FUNCTION = YES;
				GCC_WARN_UNUSED_VARIABLE = YES;
				IPHONEOS_DEPLOYMENT_TARGET = 15.2;
				MTL_ENABLE_DEBUG_INFO = NO;
				MTL_FAST_MATH = YES;
				SDKROOT = iphoneos;
				VALIDATE_PRODUCT = YES;
			};
			name = Release;
		};
		3A0EDE47292606050028C582 /* Debug */ = {
			isa = XCBuildConfiguration;
			buildSettings = {
				ASSETCATALOG_COMPILER_APPICON_NAME = AppIcon;
				ASSETCATALOG_COMPILER_GLOBAL_ACCENT_COLOR_NAME = AccentColor;
				CODE_SIGN_IDENTITY = "Apple Development";
				CODE_SIGN_STYLE = Automatic;
				CURRENT_PROJECT_VERSION = 1;
				DEVELOPMENT_TEAM = NS5PSE8BGV;
				GCC_OPTIMIZATION_LEVEL = 2;
				GENERATE_INFOPLIST_FILE = YES;
				INFOPLIST_FILE = testProj/Info.plist;
				INFOPLIST_KEY_NSCameraUsageDescription = "是否允许此App使用你的相机？";
				INFOPLIST_KEY_NSPhotoLibraryUsageDescription = "是否允许应用保存图片到相册？";
				INFOPLIST_KEY_UIApplicationSupportsIndirectInputEvents = YES;
				INFOPLIST_KEY_UILaunchStoryboardName = LaunchScreen;
				INFOPLIST_KEY_UIMainStoryboardFile = "";
				INFOPLIST_KEY_UIRequiresFullScreen = YES;
				INFOPLIST_KEY_UIStatusBarHidden = YES;
				INFOPLIST_KEY_UIStatusBarStyle = "";
				INFOPLIST_KEY_UISupportedInterfaceOrientations = UIInterfaceOrientationPortrait;
				IPHONEOS_DEPLOYMENT_TARGET = 12.0;
				LD_RUNPATH_SEARCH_PATHS = (
					"$(inherited)",
					"@executable_path/Frameworks",
				);
				MARKETING_VERSION = 4.6.8;
				PRODUCT_BUNDLE_IDENTIFIER = com.ios.ccs;
				PRODUCT_NAME = "$(TARGET_NAME)";
				PROVISIONING_PROFILE_SPECIFIER = "";
				SWIFT_EMIT_LOC_STRINGS = YES;
				TARGETED_DEVICE_FAMILY = "1,2";
			};
			name = Debug;
		};
		3A0EDE48292606050028C582 /* Release */ = {
			isa = XCBuildConfiguration;
			buildSettings = {
				ASSETCATALOG_COMPILER_APPICON_NAME = AppIcon;
				ASSETCATALOG_COMPILER_GLOBAL_ACCENT_COLOR_NAME = AccentColor;
				CODE_SIGN_IDENTITY = "Apple Development";
				CODE_SIGN_STYLE = Automatic;
				CURRENT_PROJECT_VERSION = 1;
				DEVELOPMENT_TEAM = NS5PSE8BGV;
				GCC_OPTIMIZATION_LEVEL = 2;
				GENERATE_INFOPLIST_FILE = YES;
				INFOPLIST_FILE = testProj/Info.plist;
				INFOPLIST_KEY_NSCameraUsageDescription = "是否允许此App使用你的相机？";
				INFOPLIST_KEY_NSPhotoLibraryUsageDescription = "是否允许应用保存图片到相册？";
				INFOPLIST_KEY_UIApplicationSupportsIndirectInputEvents = YES;
				INFOPLIST_KEY_UILaunchStoryboardName = LaunchScreen;
				INFOPLIST_KEY_UIMainStoryboardFile = "";
				INFOPLIST_KEY_UIRequiresFullScreen = YES;
				INFOPLIST_KEY_UIStatusBarHidden = YES;
				INFOPLIST_KEY_UIStatusBarStyle = "";
				INFOPLIST_KEY_UISupportedInterfaceOrientations = UIInterfaceOrientationPortrait;
				IPHONEOS_DEPLOYMENT_TARGET = 12.0;
				LD_RUNPATH_SEARCH_PATHS = (
					"$(inherited)",
					"@executable_path/Frameworks",
				);
				MARKETING_VERSION = 4.6.8;
				PRODUCT_BUNDLE_IDENTIFIER = com.ios.ccs;
				PRODUCT_NAME = "$(TARGET_NAME)";
				PROVISIONING_PROFILE_SPECIFIER = "";
				SWIFT_EMIT_LOC_STRINGS = YES;
				TARGETED_DEVICE_FAMILY = "1,2";
			};
			name = Release;
		};
/* End XCBuildConfiguration section */

/* Begin XCConfigurationList section */
		3A0EDE28292606040028C582 /* Build configuration list for PBXProject "testProj" */ = {
			isa = XCConfigurationList;
			buildConfigurations = (
				3A0EDE44292606050028C582 /* Debug */,
				3A0EDE45292606050028C582 /* Release */,
			);
			defaultConfigurationIsVisible = 0;
			defaultConfigurationName = Release;
		};
		3A0EDE46292606050028C582 /* Build configuration list for PBXNativeTarget "testProj" */ = {
			isa = XCConfigurationList;
			buildConfigurations = (
				3A0EDE47292606050028C582 /* Debug */,
				3A0EDE48292606050028C582 /* Release */,
			);
			defaultConfigurationIsVisible = 0;
			defaultConfigurationName = Release;
		};
/* End XCConfigurationList section */
	};
	rootObject = 3A0EDE25292606040028C582 /* Project object */;
}
