// !$*UTF8*$!
{
	archiveVersion = 1;
	classes = {
	};
	objectVersion = 56;
	objects = {

/* Begin PBXBuildFile section */
		4704B8B22B33DC940012BBBB /* AppDelegate.m in Sources */ = {isa = PBXBuildFile; fileRef = 4704B8B12B33DC940012BBBB /* AppDelegate.m */; };
		4704B8B82B33DC940012BBBB /* ViewController.m in Sources */ = {isa = PBXBuildFile; fileRef = 4704B8B72B33DC940012BBBB /* ViewController.m */; };
		4704B8BB2B33DC940012BBBB /* Main.storyboard in Resources */ = {isa = PBXBuildFile; fileRef = 4704B8B92B33DC940012BBBB /* Main.storyboard */; };
		4704B8BD2B33DC970012BBBB /* Assets.xcassets in Resources */ = {isa = PBXBuildFile; fileRef = 4704B8BC2B33DC970012BBBB /* Assets.xcassets */; };
		4704B8C02B33DC970012BBBB /* LaunchScreen.storyboard in Resources */ = {isa = PBXBuildFile; fileRef = 4704B8BE2B33DC970012BBBB /* LaunchScreen.storyboard */; };
		4704B8C32B33DC970012BBBB /* main.m in Sources */ = {isa = PBXBuildFile; fileRef = 4704B8C22B33DC970012BBBB /* main.m */; };
		47A2F0A62B5A425200526595 /* 对战.jpg in Resources */ = {isa = PBXBuildFile; fileRef = 47A2F0332B5A425100526595 /* 对战.jpg */; };
		47A2F0A72B5A425200526595 /* 7天福利.jpg in Resources */ = {isa = PBXBuildFile; fileRef = 47A2F0342B5A425100526595 /* 7天福利.jpg */; };
		47A2F0A82B5A425200526595 /* 角色界面.jpg in Resources */ = {isa = PBXBuildFile; fileRef = 47A2F0352B5A425100526595 /* 角色界面.jpg */; };
		47A2F0A92B5A425200526595 /* 背包.jpg in Resources */ = {isa = PBXBuildFile; fileRef = 47A2F0362B5A425100526595 /* 背包.jpg */; };
		47A2F0AA2B5A425200526595 /* 商城-提示2.jpg in Resources */ = {isa = PBXBuildFile; fileRef = 47A2F0372B5A425100526595 /* 商城-提示2.jpg */; };
		47A2F0AB2B5A425200526595 /* 商城-钻石.jpg in Resources */ = {isa = PBXBuildFile; fileRef = 47A2F0382B5A425100526595 /* 商城-钻石.jpg */; };
		47A2F0AC2B5A425200526595 /* 对战-是否终止挑战.jpg in Resources */ = {isa = PBXBuildFile; fileRef = 47A2F0392B5A425100526595 /* 对战-是否终止挑战.jpg */; };
		47A2F0AD2B5A425200526595 /* 商城-道具.jpg in Resources */ = {isa = PBXBuildFile; fileRef = 47A2F03A2B5A425100526595 /* 商城-道具.jpg */; };
		47A2F0AE2B5A425200526595 /* 挑战.jpg in Resources */ = {isa = PBXBuildFile; fileRef = 47A2F03B2B5A425100526595 /* 挑战.jpg */; };
		47A2F0AF2B5A425200526595 /* 主界面.jpg in Resources */ = {isa = PBXBuildFile; fileRef = 47A2F03C2B5A425100526595 /* 主界面.jpg */; };
		47A2F0B02B5A425200526595 /* 商城-提示.jpg in Resources */ = {isa = PBXBuildFile; fileRef = 47A2F03D2B5A425100526595 /* 商城-提示.jpg */; };
		47A2F0B12B5A425200526595 /* 选角3.jpg in Resources */ = {isa = PBXBuildFile; fileRef = 47A2F03E2B5A425100526595 /* 选角3.jpg */; };
		47A2F0B22B5A425200526595 /* 选角2.jpg in Resources */ = {isa = PBXBuildFile; fileRef = 47A2F03F2B5A425100526595 /* 选角2.jpg */; };
		47A2F0B32B5A425200526595 /* 钻石3.png in Resources */ = {isa = PBXBuildFile; fileRef = 47A2F0412B5A425100526595 /* 钻石3.png */; };
		47A2F0B42B5A425200526595 /* 对战技能.png in Resources */ = {isa = PBXBuildFile; fileRef = 47A2F0422B5A425100526595 /* 对战技能.png */; };
		47A2F0B52B5A425200526595 /* 主界面信息条.png in Resources */ = {isa = PBXBuildFile; fileRef = 47A2F0432B5A425100526595 /* 主界面信息条.png */; };
		47A2F0B62B5A425200526595 /* 阵容2.png in Resources */ = {isa = PBXBuildFile; fileRef = 47A2F0442B5A425100526595 /* 阵容2.png */; };
		47A2F0B72B5A425200526595 /* 角色3场景.png in Resources */ = {isa = PBXBuildFile; fileRef = 47A2F0452B5A425100526595 /* 角色3场景.png */; };
		47A2F0B82B5A425200526595 /* tiaoz6.png in Resources */ = {isa = PBXBuildFile; fileRef = 47A2F0462B5A425100526595 /* tiaoz6.png */; };
		47A2F0B92B5A425200526595 /* 按钮1.png in Resources */ = {isa = PBXBuildFile; fileRef = 47A2F0472B5A425100526595 /* 按钮1.png */; };
		47A2F0BA2B5A425200526595 /* 钻石2.png in Resources */ = {isa = PBXBuildFile; fileRef = 47A2F0482B5A425100526595 /* 钻石2.png */; };
		47A2F0BB2B5A425200526595 /* 按钮3.png in Resources */ = {isa = PBXBuildFile; fileRef = 47A2F0492B5A425100526595 /* 按钮3.png */; };
		47A2F0BC2B5A425200526595 /* 阵容1.png in Resources */ = {isa = PBXBuildFile; fileRef = 47A2F04A2B5A425100526595 /* 阵容1.png */; };
		47A2F0BD2B5A425200526595 /* tiaoz5.png in Resources */ = {isa = PBXBuildFile; fileRef = 47A2F04B2B5A425100526595 /* tiaoz5.png */; };
		47A2F0BE2B5A425200526595 /* tiaoz4.png in Resources */ = {isa = PBXBuildFile; fileRef = 47A2F04C2B5A425100526595 /* tiaoz4.png */; };
		47A2F0BF2B5A425200526595 /* 角色1场景.png in Resources */ = {isa = PBXBuildFile; fileRef = 47A2F04D2B5A425100526595 /* 角色1场景.png */; };
		47A2F0C02B5A425200526595 /* 按钮2.png in Resources */ = {isa = PBXBuildFile; fileRef = 47A2F04E2B5A425100526595 /* 按钮2.png */; };
		47A2F0C12B5A425200526595 /* 钻石1.png in Resources */ = {isa = PBXBuildFile; fileRef = 47A2F04F2B5A425100526595 /* 钻石1.png */; };
		47A2F0C22B5A425200526595 /* 头像.png in Resources */ = {isa = PBXBuildFile; fileRef = 47A2F0502B5A425100526595 /* 头像.png */; };
		47A2F0C32B5A425200526595 /* 钻石5.png in Resources */ = {isa = PBXBuildFile; fileRef = 47A2F0512B5A425100526595 /* 钻石5.png */; };
		47A2F0C42B5A425200526595 /* 角色2.png in Resources */ = {isa = PBXBuildFile; fileRef = 47A2F0522B5A425100526595 /* 角色2.png */; };
		47A2F0C52B5A425200526595 /* tiaoz1.png in Resources */ = {isa = PBXBuildFile; fileRef = 47A2F0532B5A425100526595 /* tiaoz1.png */; };
		47A2F0C62B5A425200526595 /* 角色3.png in Resources */ = {isa = PBXBuildFile; fileRef = 47A2F0542B5A425100526595 /* 角色3.png */; };
		47A2F0C72B5A425200526595 /* 钻石4.png in Resources */ = {isa = PBXBuildFile; fileRef = 47A2F0552B5A425100526595 /* 钻石4.png */; };
		47A2F0C82B5A425200526595 /* shali.png in Resources */ = {isa = PBXBuildFile; fileRef = 47A2F0562B5A425100526595 /* shali.png */; };
		47A2F0C92B5A425200526595 /* 钻石6.png in Resources */ = {isa = PBXBuildFile; fileRef = 47A2F0572B5A425100526595 /* 钻石6.png */; };
		47A2F0CA2B5A425200526595 /* 角色1.png in Resources */ = {isa = PBXBuildFile; fileRef = 47A2F0582B5A425100526595 /* 角色1.png */; };
		47A2F0CB2B5A425200526595 /* 阵营3.png in Resources */ = {isa = PBXBuildFile; fileRef = 47A2F0592B5A425100526595 /* 阵营3.png */; };
		47A2F0CC2B5A425200526595 /* tiaoz3.png in Resources */ = {isa = PBXBuildFile; fileRef = 47A2F05A2B5A425100526595 /* tiaoz3.png */; };
		47A2F0CD2B5A425200526595 /* 主界面下方条.png in Resources */ = {isa = PBXBuildFile; fileRef = 47A2F05B2B5A425100526595 /* 主界面下方条.png */; };
		47A2F0CE2B5A425200526595 /* tiaoz2.png in Resources */ = {isa = PBXBuildFile; fileRef = 47A2F05C2B5A425100526595 /* tiaoz2.png */; };
		47A2F0CF2B5A425200526595 /* 按钮4.png in Resources */ = {isa = PBXBuildFile; fileRef = 47A2F05D2B5A425100526595 /* 按钮4.png */; };
		47A2F0D02B5A425200526595 /* 开始按钮.png in Resources */ = {isa = PBXBuildFile; fileRef = 47A2F05E2B5A425100526595 /* 开始按钮.png */; };
		47A2F0D12B5A425200526595 /* 角色2场景.png in Resources */ = {isa = PBXBuildFile; fileRef = 47A2F05F2B5A425100526595 /* 角色2场景.png */; };
		47A2F0D22B5A425200526595 /* 失败.png in Resources */ = {isa = PBXBuildFile; fileRef = 47A2F0602B5A425100526595 /* 失败.png */; };
		47A2F0D32B5A425200526595 /* 鞋子.png in Resources */ = {isa = PBXBuildFile; fileRef = 47A2F0612B5A425100526595 /* 鞋子.png */; };
		47A2F0D42B5A425200526595 /* 确定按钮.png in Resources */ = {isa = PBXBuildFile; fileRef = 47A2F0622B5A425100526595 /* 确定按钮.png */; };
		47A2F0D52B5A425200526595 /* jiemianlan.png in Resources */ = {isa = PBXBuildFile; fileRef = 47A2F0632B5A425100526595 /* jiemianlan.png */; };
		47A2F0D62B5A425200526595 /* 活动更新.png in Resources */ = {isa = PBXBuildFile; fileRef = 47A2F0642B5A425100526595 /* 活动更新.png */; };
		47A2F0D72B5A425200526595 /* jiesejiemianbeij.png in Resources */ = {isa = PBXBuildFile; fileRef = 47A2F0652B5A425100526595 /* jiesejiemianbeij.png */; };
		47A2F0D82B5A425200526595 /* zhouyu.png in Resources */ = {isa = PBXBuildFile; fileRef = 47A2F0662B5A425100526595 /* zhouyu.png */; };
		47A2F0D92B5A425200526595 /* x血条.png in Resources */ = {isa = PBXBuildFile; fileRef = 47A2F0672B5A425100526595 /* x血条.png */; };
		47A2F0DA2B5A425200526595 /* shoutao.png in Resources */ = {isa = PBXBuildFile; fileRef = 47A2F0682B5A425100526595 /* shoutao.png */; };
		47A2F0DB2B5A425200526595 /* zhuangbeikuang.png in Resources */ = {isa = PBXBuildFile; fileRef = 47A2F0692B5A425100526595 /* zhuangbeikuang.png */; };
		47A2F0DC2B5A425200526595 /* wuzhi.png in Resources */ = {isa = PBXBuildFile; fileRef = 47A2F06A2B5A425100526595 /* wuzhi.png */; };
		47A2F0DD2B5A425200526595 /* shu.png in Resources */ = {isa = PBXBuildFile; fileRef = 47A2F06B2B5A425100526595 /* shu.png */; };
		47A2F0DE2B5A425200526595 /* caisxieann.png in Resources */ = {isa = PBXBuildFile; fileRef = 47A2F06C2B5A425100526595 /* caisxieann.png */; };
		47A2F0DF2B5A425200526595 /* 商店框.png in Resources */ = {isa = PBXBuildFile; fileRef = 47A2F06D2B5A425100526595 /* 商店框.png */; };
		47A2F0E02B5A425200526595 /* xurtiao.png in Resources */ = {isa = PBXBuildFile; fileRef = 47A2F06E2B5A425100526595 /* xurtiao.png */; };
		47A2F0E12B5A425200526595 /* chibang.png in Resources */ = {isa = PBXBuildFile; fileRef = 47A2F06F2B5A425100526595 /* chibang.png */; };
		47A2F0E22B5A425200526595 /* 技能.png in Resources */ = {isa = PBXBuildFile; fileRef = 47A2F0702B5A425100526595 /* 技能.png */; };
		47A2F0E32B5A425200526595 /* 选角按钮.png in Resources */ = {isa = PBXBuildFile; fileRef = 47A2F0712B5A425100526595 /* 选角按钮.png */; };
		47A2F0E42B5A425200526595 /* nengliangping.png in Resources */ = {isa = PBXBuildFile; fileRef = 47A2F0722B5A425100526595 /* nengliangping.png */; };
		47A2F0E52B5A425200526595 /* mofabang.png in Resources */ = {isa = PBXBuildFile; fileRef = 47A2F0732B5A425100526595 /* mofabang.png */; };
		47A2F0E62B5A425200526595 /* 界面人物.png in Resources */ = {isa = PBXBuildFile; fileRef = 47A2F0742B5A425100526595 /* 界面人物.png */; };
		47A2F0E72B5A425200526595 /* 福利礼物.png in Resources */ = {isa = PBXBuildFile; fileRef = 47A2F0752B5A425100526595 /* 福利礼物.png */; };
		47A2F0E82B5A425200526595 /* vs.png in Resources */ = {isa = PBXBuildFile; fileRef = 47A2F0762B5A425100526595 /* vs.png */; };
		47A2F0E92B5A425200526595 /* shuxlan.png in Resources */ = {isa = PBXBuildFile; fileRef = 47A2F0772B5A425100526595 /* shuxlan.png */; };
		47A2F0EA2B5A425200526595 /* 技能2.png in Resources */ = {isa = PBXBuildFile; fileRef = 47A2F0782B5A425100526595 /* 技能2.png */; };
		47A2F0EB2B5A425200526595 /* yifu.png in Resources */ = {isa = PBXBuildFile; fileRef = 47A2F0792B5A425100526595 /* yifu.png */; };
		47A2F0EC2B5A425200526595 /* chuandaiann.png in Resources */ = {isa = PBXBuildFile; fileRef = 47A2F07A2B5A425100526595 /* chuandaiann.png */; };
		47A2F0ED2B5A425200526595 /* 技能3.png in Resources */ = {isa = PBXBuildFile; fileRef = 47A2F07B2B5A425100526595 /* 技能3.png */; };
		47A2F0EE2B5A425200526595 /* zuans.png in Resources */ = {isa = PBXBuildFile; fileRef = 47A2F07C2B5A425100526595 /* zuans.png */; };
		47A2F0EF2B5A425200526595 /* 界面背景.png in Resources */ = {isa = PBXBuildFile; fileRef = 47A2F07D2B5A425100526595 /* 界面背景.png */; };
		47A2F0F02B5A425200526595 /* 提示框.png in Resources */ = {isa = PBXBuildFile; fileRef = 47A2F07E2B5A425100526595 /* 提示框.png */; };
		47A2F0F12B5A425200526595 /* mogu.png in Resources */ = {isa = PBXBuildFile; fileRef = 47A2F07F2B5A425100526595 /* mogu.png */; };
		47A2F0F22B5A425200526595 /* xuanwo.png in Resources */ = {isa = PBXBuildFile; fileRef = 47A2F0802B5A425100526595 /* xuanwo.png */; };
		47A2F0F32B5A425200526595 /* shujing.png in Resources */ = {isa = PBXBuildFile; fileRef = 47A2F0812B5A425100526595 /* shujing.png */; };
		47A2F0F42B5A425200526595 /* 加载页.jpg in Resources */ = {isa = PBXBuildFile; fileRef = 47A2F0822B5A425100526595 /* 加载页.jpg */; };
		47A2F0F52B5A425200526595 /* 7天福利-提示.jpg in Resources */ = {isa = PBXBuildFile; fileRef = 47A2F0832B5A425100526595 /* 7天福利-提示.jpg */; };
		47A2F0F62B5A425200526595 /* 选角1.jpg in Resources */ = {isa = PBXBuildFile; fileRef = 47A2F0842B5A425100526595 /* 选角1.jpg */; };
		47A2F0F72B5A425200526595 /* 对战失败.jpg in Resources */ = {isa = PBXBuildFile; fileRef = 47A2F0852B5A425100526595 /* 对战失败.jpg */; };
		47A2F0F82B5A425200526595 /* 二次元icon.jpg in Resources */ = {isa = PBXBuildFile; fileRef = 47A2F0872B5A425100526595 /* 二次元icon.jpg */; };
		47A2F0F92B5A425200526595 /* 1290x2796.jpg in Resources */ = {isa = PBXBuildFile; fileRef = 47A2F0882B5A425100526595 /* 1290x2796.jpg */; };
		47A2F0FA2B5A425200526595 /* 1242x2208.jpg in Resources */ = {isa = PBXBuildFile; fileRef = 47A2F0892B5A425100526595 /* 1242x2208.jpg */; };
		47A2F0FB2B5A425200526595 /* 2048x2732-3.jpg in Resources */ = {isa = PBXBuildFile; fileRef = 47A2F08A2B5A425100526595 /* 2048x2732-3.jpg */; };
		47A2F0FC2B5A425200526595 /* 1290x2796-2.jpg in Resources */ = {isa = PBXBuildFile; fileRef = 47A2F08B2B5A425100526595 /* 1290x2796-2.jpg */; };
		47A2F0FD2B5A425200526595 /* 1290x2796-3.jpg in Resources */ = {isa = PBXBuildFile; fileRef = 47A2F08C2B5A425100526595 /* 1290x2796-3.jpg */; };
		47A2F0FE2B5A425200526595 /* 2048x2732-2.jpg in Resources */ = {isa = PBXBuildFile; fileRef = 47A2F08D2B5A425100526595 /* 2048x2732-2.jpg */; };
		47A2F0FF2B5A425200526595 /* 1242x2208-5.jpg in Resources */ = {isa = PBXBuildFile; fileRef = 47A2F08E2B5A425100526595 /* 1242x2208-5.jpg */; };
		47A2F1002B5A425200526595 /* 1242x2208-4.jpg in Resources */ = {isa = PBXBuildFile; fileRef = 47A2F08F2B5A425100526595 /* 1242x2208-4.jpg */; };
		47A2F1012B5A425200526595 /* 2048x2732.jpg in Resources */ = {isa = PBXBuildFile; fileRef = 47A2F0902B5A425100526595 /* 2048x2732.jpg */; };
		47A2F1022B5A425200526595 /* 2048x2732-5.jpg in Resources */ = {isa = PBXBuildFile; fileRef = 47A2F0912B5A425100526595 /* 2048x2732-5.jpg */; };
		47A2F1032B5A425200526595 /* 1290x2796-4.jpg in Resources */ = {isa = PBXBuildFile; fileRef = 47A2F0922B5A425100526595 /* 1290x2796-4.jpg */; };
		47A2F1042B5A425200526595 /* 1290x2796-5.jpg in Resources */ = {isa = PBXBuildFile; fileRef = 47A2F0932B5A425100526595 /* 1290x2796-5.jpg */; };
		47A2F1052B5A425200526595 /* 2048x2732-4.jpg in Resources */ = {isa = PBXBuildFile; fileRef = 47A2F0942B5A425100526595 /* 2048x2732-4.jpg */; };
		47A2F1062B5A425200526595 /* 1242x2208-3.jpg in Resources */ = {isa = PBXBuildFile; fileRef = 47A2F0952B5A425100526595 /* 1242x2208-3.jpg */; };
		47A2F1072B5A425200526595 /* 1242x2208-2.jpg in Resources */ = {isa = PBXBuildFile; fileRef = 47A2F0962B5A425100526595 /* 1242x2208-2.jpg */; };
		47A2F1082B5A425200526595 /* FMDatabaseQueue.m in Sources */ = {isa = PBXBuildFile; fileRef = 47A2F0992B5A425100526595 /* FMDatabaseQueue.m */; };
		47A2F1092B5A425200526595 /* FMDatabaseAdditions.m in Sources */ = {isa = PBXBuildFile; fileRef = 47A2F09C2B5A425200526595 /* FMDatabaseAdditions.m */; };
		47A2F10A2B5A425200526595 /* FMDatabase.m in Sources */ = {isa = PBXBuildFile; fileRef = 47A2F09D2B5A425200526595 /* FMDatabase.m */; };
		47A2F10B2B5A425200526595 /* FMDatabasePool.m in Sources */ = {isa = PBXBuildFile; fileRef = 47A2F0A12B5A425200526595 /* FMDatabasePool.m */; };
		47A2F10C2B5A425200526595 /* FMResultSet.m in Sources */ = {isa = PBXBuildFile; fileRef = 47A2F0A22B5A425200526595 /* FMResultSet.m */; };
		47A2F18D2B5A580B00526595 /* cls_equipValueModel.m in Sources */ = {isa = PBXBuildFile; fileRef = 47A2F1582B5A580B00526595 /* cls_equipValueModel.m */; };
		47A2F18E2B5A580B00526595 /* cls_ViewNameTag.m in Sources */ = {isa = PBXBuildFile; fileRef = 47A2F1592B5A580B00526595 /* cls_ViewNameTag.m */; };
		47A2F18F2B5A580B00526595 /* cls_SignViewController.m in Sources */ = {isa = PBXBuildFile; fileRef = 47A2F15B2B5A580B00526595 /* cls_SignViewController.m */; };
		47A2F1902B5A580B00526595 /* cls_VWWViewController.m in Sources */ = {isa = PBXBuildFile; fileRef = 47A2F15E2B5A580B00526595 /* cls_VWWViewController.m */; };
		47A2F1912B5A580B00526595 /* cls_victoryViewController.m in Sources */ = {isa = PBXBuildFile; fileRef = 47A2F15F2B5A580B00526595 /* cls_victoryViewController.m */; };
		47A2F1922B5A580B00526595 /* cls_BaseViewController.m in Sources */ = {isa = PBXBuildFile; fileRef = 47A2F1612B5A580B00526595 /* cls_BaseViewController.m */; };
		47A2F1932B5A580B00526595 /* cls_UIViewFrameCategory.m in Sources */ = {isa = PBXBuildFile; fileRef = 47A2F1622B5A580B00526595 /* cls_UIViewFrameCategory.m */; };
		47A2F1942B5A580B00526595 /* cls_warehouseModel.m in Sources */ = {isa = PBXBuildFile; fileRef = 47A2F1642B5A580B00526595 /* cls_warehouseModel.m */; };
		47A2F1952B5A580B00526595 /* MSYHL.TTC in Resources */ = {isa = PBXBuildFile; fileRef = 47A2F1652B5A580B00526595 /* MSYHL.TTC */; };
		47A2F1962B5A580B00526595 /* cls_userInfo.m in Sources */ = {isa = PBXBuildFile; fileRef = 47A2F1662B5A580B00526595 /* cls_userInfo.m */; };
		47A2F1972B5A580B00526595 /* cls_gamescene.m in Sources */ = {isa = PBXBuildFile; fileRef = 47A2F1672B5A580B00526595 /* cls_gamescene.m */; };
		47A2F1982B5A580B00526595 /* cls_GameSenceViewController.m in Sources */ = {isa = PBXBuildFile; fileRef = 47A2F1682B5A580B00526595 /* cls_GameSenceViewController.m */; };
		47A2F1992B5A580B00526595 /* cls_guankaViewController.m in Sources */ = {isa = PBXBuildFile; fileRef = 47A2F1692B5A580B00526595 /* cls_guankaViewController.m */; };
		47A2F19A2B5A580B00526595 /* cls_StashViewController.m in Sources */ = {isa = PBXBuildFile; fileRef = 47A2F16A2B5A580B00526595 /* cls_StashViewController.m */; };
		47A2F19B2B5A580B00526595 /* cls_MainHomePageViewController.m in Sources */ = {isa = PBXBuildFile; fileRef = 47A2F16B2B5A580B00526595 /* cls_MainHomePageViewController.m */; };
		47A2F19C2B5A580B00526595 /* cls_SkillupgradeViewController.m in Sources */ = {isa = PBXBuildFile; fileRef = 47A2F16C2B5A580B00526595 /* cls_SkillupgradeViewController.m */; };
		47A2F19D2B5A580B00526595 /* cls_equipModel.m in Sources */ = {isa = PBXBuildFile; fileRef = 47A2F16D2B5A580B00526595 /* cls_equipModel.m */; };
		47A2F19E2B5A580B00526595 /* cls_SigninModel.m in Sources */ = {isa = PBXBuildFile; fileRef = 47A2F16E2B5A580B00526595 /* cls_SigninModel.m */; };
		47A2F19F2B5A580B00526595 /* cls_conjzebutton.m in Sources */ = {isa = PBXBuildFile; fileRef = 47A2F16F2B5A580B00526595 /* cls_conjzebutton.m */; };
		47A2F1A02B5A580C00526595 /* cls_Tool.m in Sources */ = {isa = PBXBuildFile; fileRef = 47A2F1702B5A580B00526595 /* cls_Tool.m */; };
		47A2F1A12B5A580C00526595 /* cls_shopViewController.m in Sources */ = {isa = PBXBuildFile; fileRef = 47A2F1712B5A580B00526595 /* cls_shopViewController.m */; };
		47A2F1A22B5A580C00526595 /* cls_MonsterNode.m in Sources */ = {isa = PBXBuildFile; fileRef = 47A2F1722B5A580B00526595 /* cls_MonsterNode.m */; };
		47A2F1A32B5A580C00526595 /* cls_baseModel.m in Sources */ = {isa = PBXBuildFile; fileRef = 47A2F1762B5A580B00526595 /* cls_baseModel.m */; };
		47A2F1A42B5A580C00526595 /* cls_buttonBlock.m in Sources */ = {isa = PBXBuildFile; fileRef = 47A2F1782B5A580B00526595 /* cls_buttonBlock.m */; };
		47A2F1A52B5A580C00526595 /* cls_loseViewController.m in Sources */ = {isa = PBXBuildFile; fileRef = 47A2F17A2B5A580B00526595 /* cls_loseViewController.m */; };
		47A2F1A62B5A580C00526595 /* cls_xuetiaoNode.m in Sources */ = {isa = PBXBuildFile; fileRef = 47A2F17E2B5A580B00526595 /* cls_xuetiaoNode.m */; };
		47A2F1A72B5A580C00526595 /* cls_itemSpriteNode.m in Sources */ = {isa = PBXBuildFile; fileRef = 47A2F17F2B5A580B00526595 /* cls_itemSpriteNode.m */; };
/* End PBXBuildFile section */

/* Begin PBXFileReference section */
		4704B8AD2B33DC940012BBBB /* erciyuan.app */ = {isa = PBXFileReference; explicitFileType = wrapper.application; includeInIndex = 0; path = erciyuan.app; sourceTree = BUILT_PRODUCTS_DIR; };
		4704B8B02B33DC940012BBBB /* AppDelegate.h */ = {isa = PBXFileReference; lastKnownFileType = sourcecode.c.h; path = AppDelegate.h; sourceTree = "<group>"; };
		4704B8B12B33DC940012BBBB /* AppDelegate.m */ = {isa = PBXFileReference; lastKnownFileType = sourcecode.c.objc; path = AppDelegate.m; sourceTree = "<group>"; };
		4704B8B62B33DC940012BBBB /* ViewController.h */ = {isa = PBXFileReference; lastKnownFileType = sourcecode.c.h; path = ViewController.h; sourceTree = "<group>"; };
		4704B8B72B33DC940012BBBB /* ViewController.m */ = {isa = PBXFileReference; lastKnownFileType = sourcecode.c.objc; path = ViewController.m; sourceTree = "<group>"; };
		4704B8BA2B33DC940012BBBB /* Base */ = {isa = PBXFileReference; lastKnownFileType = file.storyboard; name = Base; path = Base.lproj/Main.storyboard; sourceTree = "<group>"; };
		4704B8BC2B33DC970012BBBB /* Assets.xcassets */ = {isa = PBXFileReference; lastKnownFileType = folder.assetcatalog; path = Assets.xcassets; sourceTree = "<group>"; };
		4704B8BF2B33DC970012BBBB /* Base */ = {isa = PBXFileReference; lastKnownFileType = file.storyboard; name = Base; path = Base.lproj/LaunchScreen.storyboard; sourceTree = "<group>"; };
		4704B8C12B33DC970012BBBB /* Info.plist */ = {isa = PBXFileReference; lastKnownFileType = text.plist.xml; path = Info.plist; sourceTree = "<group>"; };
		4704B8C22B33DC970012BBBB /* main.m */ = {isa = PBXFileReference; lastKnownFileType = sourcecode.c.objc; path = main.m; sourceTree = "<group>"; };
		47A2F0332B5A425100526595 /* 对战.jpg */ = {isa = PBXFileReference; lastKnownFileType = image.jpeg; path = "对战.jpg"; sourceTree = "<group>"; };
		47A2F0342B5A425100526595 /* 7天福利.jpg */ = {isa = PBXFileReference; lastKnownFileType = image.jpeg; path = "7天福利.jpg"; sourceTree = "<group>"; };
		47A2F0352B5A425100526595 /* 角色界面.jpg */ = {isa = PBXFileReference; lastKnownFileType = image.jpeg; path = "角色界面.jpg"; sourceTree = "<group>"; };
		47A2F0362B5A425100526595 /* 背包.jpg */ = {isa = PBXFileReference; lastKnownFileType = image.jpeg; path = "背包.jpg"; sourceTree = "<group>"; };
		47A2F0372B5A425100526595 /* 商城-提示2.jpg */ = {isa = PBXFileReference; lastKnownFileType = image.jpeg; path = "商城-提示2.jpg"; sourceTree = "<group>"; };
		47A2F0382B5A425100526595 /* 商城-钻石.jpg */ = {isa = PBXFileReference; lastKnownFileType = image.jpeg; path = "商城-钻石.jpg"; sourceTree = "<group>"; };
		47A2F0392B5A425100526595 /* 对战-是否终止挑战.jpg */ = {isa = PBXFileReference; lastKnownFileType = image.jpeg; path = "对战-是否终止挑战.jpg"; sourceTree = "<group>"; };
		47A2F03A2B5A425100526595 /* 商城-道具.jpg */ = {isa = PBXFileReference; lastKnownFileType = image.jpeg; path = "商城-道具.jpg"; sourceTree = "<group>"; };
		47A2F03B2B5A425100526595 /* 挑战.jpg */ = {isa = PBXFileReference; lastKnownFileType = image.jpeg; path = "挑战.jpg"; sourceTree = "<group>"; };
		47A2F03C2B5A425100526595 /* 主界面.jpg */ = {isa = PBXFileReference; lastKnownFileType = image.jpeg; path = "主界面.jpg"; sourceTree = "<group>"; };
		47A2F03D2B5A425100526595 /* 商城-提示.jpg */ = {isa = PBXFileReference; lastKnownFileType = image.jpeg; path = "商城-提示.jpg"; sourceTree = "<group>"; };
		47A2F03E2B5A425100526595 /* 选角3.jpg */ = {isa = PBXFileReference; lastKnownFileType = image.jpeg; path = "选角3.jpg"; sourceTree = "<group>"; };
		47A2F03F2B5A425100526595 /* 选角2.jpg */ = {isa = PBXFileReference; lastKnownFileType = image.jpeg; path = "选角2.jpg"; sourceTree = "<group>"; };
		47A2F0412B5A425100526595 /* 钻石3.png */ = {isa = PBXFileReference; lastKnownFileType = image.png; path = "钻石3.png"; sourceTree = "<group>"; };
		47A2F0422B5A425100526595 /* 对战技能.png */ = {isa = PBXFileReference; lastKnownFileType = image.png; path = "对战技能.png"; sourceTree = "<group>"; };
		47A2F0432B5A425100526595 /* 主界面信息条.png */ = {isa = PBXFileReference; lastKnownFileType = image.png; path = "主界面信息条.png"; sourceTree = "<group>"; };
		47A2F0442B5A425100526595 /* 阵容2.png */ = {isa = PBXFileReference; lastKnownFileType = image.png; path = "阵容2.png"; sourceTree = "<group>"; };
		47A2F0452B5A425100526595 /* 角色3场景.png */ = {isa = PBXFileReference; lastKnownFileType = image.png; path = "角色3场景.png"; sourceTree = "<group>"; };
		47A2F0462B5A425100526595 /* tiaoz6.png */ = {isa = PBXFileReference; lastKnownFileType = image.png; path = tiaoz6.png; sourceTree = "<group>"; };
		47A2F0472B5A425100526595 /* 按钮1.png */ = {isa = PBXFileReference; lastKnownFileType = image.png; path = "按钮1.png"; sourceTree = "<group>"; };
		47A2F0482B5A425100526595 /* 钻石2.png */ = {isa = PBXFileReference; lastKnownFileType = image.png; path = "钻石2.png"; sourceTree = "<group>"; };
		47A2F0492B5A425100526595 /* 按钮3.png */ = {isa = PBXFileReference; lastKnownFileType = image.png; path = "按钮3.png"; sourceTree = "<group>"; };
		47A2F04A2B5A425100526595 /* 阵容1.png */ = {isa = PBXFileReference; lastKnownFileType = image.png; path = "阵容1.png"; sourceTree = "<group>"; };
		47A2F04B2B5A425100526595 /* tiaoz5.png */ = {isa = PBXFileReference; lastKnownFileType = image.png; path = tiaoz5.png; sourceTree = "<group>"; };
		47A2F04C2B5A425100526595 /* tiaoz4.png */ = {isa = PBXFileReference; lastKnownFileType = image.png; path = tiaoz4.png; sourceTree = "<group>"; };
		47A2F04D2B5A425100526595 /* 角色1场景.png */ = {isa = PBXFileReference; lastKnownFileType = image.png; path = "角色1场景.png"; sourceTree = "<group>"; };
		47A2F04E2B5A425100526595 /* 按钮2.png */ = {isa = PBXFileReference; lastKnownFileType = image.png; path = "按钮2.png"; sourceTree = "<group>"; };
		47A2F04F2B5A425100526595 /* 钻石1.png */ = {isa = PBXFileReference; lastKnownFileType = image.png; path = "钻石1.png"; sourceTree = "<group>"; };
		47A2F0502B5A425100526595 /* 头像.png */ = {isa = PBXFileReference; lastKnownFileType = image.png; path = "头像.png"; sourceTree = "<group>"; };
		47A2F0512B5A425100526595 /* 钻石5.png */ = {isa = PBXFileReference; lastKnownFileType = image.png; path = "钻石5.png"; sourceTree = "<group>"; };
		47A2F0522B5A425100526595 /* 角色2.png */ = {isa = PBXFileReference; lastKnownFileType = image.png; path = "角色2.png"; sourceTree = "<group>"; };
		47A2F0532B5A425100526595 /* tiaoz1.png */ = {isa = PBXFileReference; lastKnownFileType = image.png; path = tiaoz1.png; sourceTree = "<group>"; };
		47A2F0542B5A425100526595 /* 角色3.png */ = {isa = PBXFileReference; lastKnownFileType = image.png; path = "角色3.png"; sourceTree = "<group>"; };
		47A2F0552B5A425100526595 /* 钻石4.png */ = {isa = PBXFileReference; lastKnownFileType = image.png; path = "钻石4.png"; sourceTree = "<group>"; };
		47A2F0562B5A425100526595 /* shali.png */ = {isa = PBXFileReference; lastKnownFileType = image.png; path = shali.png; sourceTree = "<group>"; };
		47A2F0572B5A425100526595 /* 钻石6.png */ = {isa = PBXFileReference; lastKnownFileType = image.png; path = "钻石6.png"; sourceTree = "<group>"; };
		47A2F0582B5A425100526595 /* 角色1.png */ = {isa = PBXFileReference; lastKnownFileType = image.png; path = "角色1.png"; sourceTree = "<group>"; };
		47A2F0592B5A425100526595 /* 阵营3.png */ = {isa = PBXFileReference; lastKnownFileType = image.png; path = "阵营3.png"; sourceTree = "<group>"; };
		47A2F05A2B5A425100526595 /* tiaoz3.png */ = {isa = PBXFileReference; lastKnownFileType = image.png; path = tiaoz3.png; sourceTree = "<group>"; };
		47A2F05B2B5A425100526595 /* 主界面下方条.png */ = {isa = PBXFileReference; lastKnownFileType = image.png; path = "主界面下方条.png"; sourceTree = "<group>"; };
		47A2F05C2B5A425100526595 /* tiaoz2.png */ = {isa = PBXFileReference; lastKnownFileType = image.png; path = tiaoz2.png; sourceTree = "<group>"; };
		47A2F05D2B5A425100526595 /* 按钮4.png */ = {isa = PBXFileReference; lastKnownFileType = image.png; path = "按钮4.png"; sourceTree = "<group>"; };
		47A2F05E2B5A425100526595 /* 开始按钮.png */ = {isa = PBXFileReference; lastKnownFileType = image.png; path = "开始按钮.png"; sourceTree = "<group>"; };
		47A2F05F2B5A425100526595 /* 角色2场景.png */ = {isa = PBXFileReference; lastKnownFileType = image.png; path = "角色2场景.png"; sourceTree = "<group>"; };
		47A2F0602B5A425100526595 /* 失败.png */ = {isa = PBXFileReference; lastKnownFileType = image.png; path = "失败.png"; sourceTree = "<group>"; };
		47A2F0612B5A425100526595 /* 鞋子.png */ = {isa = PBXFileReference; lastKnownFileType = image.png; path = "鞋子.png"; sourceTree = "<group>"; };
		47A2F0622B5A425100526595 /* 确定按钮.png */ = {isa = PBXFileReference; lastKnownFileType = image.png; path = "确定按钮.png"; sourceTree = "<group>"; };
		47A2F0632B5A425100526595 /* jiemianlan.png */ = {isa = PBXFileReference; lastKnownFileType = image.png; path = jiemianlan.png; sourceTree = "<group>"; };
		47A2F0642B5A425100526595 /* 活动更新.png */ = {isa = PBXFileReference; lastKnownFileType = image.png; path = "活动更新.png"; sourceTree = "<group>"; };
		47A2F0652B5A425100526595 /* jiesejiemianbeij.png */ = {isa = PBXFileReference; lastKnownFileType = image.png; path = jiesejiemianbeij.png; sourceTree = "<group>"; };
		47A2F0662B5A425100526595 /* zhouyu.png */ = {isa = PBXFileReference; lastKnownFileType = image.png; path = zhouyu.png; sourceTree = "<group>"; };
		47A2F0672B5A425100526595 /* x血条.png */ = {isa = PBXFileReference; lastKnownFileType = image.png; path = "x血条.png"; sourceTree = "<group>"; };
		47A2F0682B5A425100526595 /* shoutao.png */ = {isa = PBXFileReference; lastKnownFileType = image.png; path = shoutao.png; sourceTree = "<group>"; };
		47A2F0692B5A425100526595 /* zhuangbeikuang.png */ = {isa = PBXFileReference; lastKnownFileType = image.png; path = zhuangbeikuang.png; sourceTree = "<group>"; };
		47A2F06A2B5A425100526595 /* wuzhi.png */ = {isa = PBXFileReference; lastKnownFileType = image.png; path = wuzhi.png; sourceTree = "<group>"; };
		47A2F06B2B5A425100526595 /* shu.png */ = {isa = PBXFileReference; lastKnownFileType = image.png; path = shu.png; sourceTree = "<group>"; };
		47A2F06C2B5A425100526595 /* caisxieann.png */ = {isa = PBXFileReference; lastKnownFileType = image.png; path = caisxieann.png; sourceTree = "<group>"; };
		47A2F06D2B5A425100526595 /* 商店框.png */ = {isa = PBXFileReference; lastKnownFileType = image.png; path = "商店框.png"; sourceTree = "<group>"; };
		47A2F06E2B5A425100526595 /* xurtiao.png */ = {isa = PBXFileReference; lastKnownFileType = image.png; path = xurtiao.png; sourceTree = "<group>"; };
		47A2F06F2B5A425100526595 /* chibang.png */ = {isa = PBXFileReference; lastKnownFileType = image.png; path = chibang.png; sourceTree = "<group>"; };
		47A2F0702B5A425100526595 /* 技能.png */ = {isa = PBXFileReference; lastKnownFileType = image.png; path = "技能.png"; sourceTree = "<group>"; };
		47A2F0712B5A425100526595 /* 选角按钮.png */ = {isa = PBXFileReference; lastKnownFileType = image.png; path = "选角按钮.png"; sourceTree = "<group>"; };
		47A2F0722B5A425100526595 /* nengliangping.png */ = {isa = PBXFileReference; lastKnownFileType = image.png; path = nengliangping.png; sourceTree = "<group>"; };
		47A2F0732B5A425100526595 /* mofabang.png */ = {isa = PBXFileReference; lastKnownFileType = image.png; path = mofabang.png; sourceTree = "<group>"; };
		47A2F0742B5A425100526595 /* 界面人物.png */ = {isa = PBXFileReference; lastKnownFileType = image.png; path = "界面人物.png"; sourceTree = "<group>"; };
		47A2F0752B5A425100526595 /* 福利礼物.png */ = {isa = PBXFileReference; lastKnownFileType = image.png; path = "福利礼物.png"; sourceTree = "<group>"; };
		47A2F0762B5A425100526595 /* vs.png */ = {isa = PBXFileReference; lastKnownFileType = image.png; path = vs.png; sourceTree = "<group>"; };
		47A2F0772B5A425100526595 /* shuxlan.png */ = {isa = PBXFileReference; lastKnownFileType = image.png; path = shuxlan.png; sourceTree = "<group>"; };
		47A2F0782B5A425100526595 /* 技能2.png */ = {isa = PBXFileReference; lastKnownFileType = image.png; path = "技能2.png"; sourceTree = "<group>"; };
		47A2F0792B5A425100526595 /* yifu.png */ = {isa = PBXFileReference; lastKnownFileType = image.png; path = yifu.png; sourceTree = "<group>"; };
		47A2F07A2B5A425100526595 /* chuandaiann.png */ = {isa = PBXFileReference; lastKnownFileType = image.png; path = chuandaiann.png; sourceTree = "<group>"; };
		47A2F07B2B5A425100526595 /* 技能3.png */ = {isa = PBXFileReference; lastKnownFileType = image.png; path = "技能3.png"; sourceTree = "<group>"; };
		47A2F07C2B5A425100526595 /* zuans.png */ = {isa = PBXFileReference; lastKnownFileType = image.png; path = zuans.png; sourceTree = "<group>"; };
		47A2F07D2B5A425100526595 /* 界面背景.png */ = {isa = PBXFileReference; lastKnownFileType = image.png; path = "界面背景.png"; sourceTree = "<group>"; };
		47A2F07E2B5A425100526595 /* 提示框.png */ = {isa = PBXFileReference; lastKnownFileType = image.png; path = "提示框.png"; sourceTree = "<group>"; };
		47A2F07F2B5A425100526595 /* mogu.png */ = {isa = PBXFileReference; lastKnownFileType = image.png; path = mogu.png; sourceTree = "<group>"; };
		47A2F0802B5A425100526595 /* xuanwo.png */ = {isa = PBXFileReference; lastKnownFileType = image.png; path = xuanwo.png; sourceTree = "<group>"; };
		47A2F0812B5A425100526595 /* shujing.png */ = {isa = PBXFileReference; lastKnownFileType = image.png; path = shujing.png; sourceTree = "<group>"; };
		47A2F0822B5A425100526595 /* 加载页.jpg */ = {isa = PBXFileReference; lastKnownFileType = image.jpeg; path = "加载页.jpg"; sourceTree = "<group>"; };
		47A2F0832B5A425100526595 /* 7天福利-提示.jpg */ = {isa = PBXFileReference; lastKnownFileType = image.jpeg; path = "7天福利-提示.jpg"; sourceTree = "<group>"; };
		47A2F0842B5A425100526595 /* 选角1.jpg */ = {isa = PBXFileReference; lastKnownFileType = image.jpeg; path = "选角1.jpg"; sourceTree = "<group>"; };
		47A2F0852B5A425100526595 /* 对战失败.jpg */ = {isa = PBXFileReference; lastKnownFileType = image.jpeg; path = "对战失败.jpg"; sourceTree = "<group>"; };
		47A2F0872B5A425100526595 /* 二次元icon.jpg */ = {isa = PBXFileReference; lastKnownFileType = image.jpeg; path = "二次元icon.jpg"; sourceTree = "<group>"; };
		47A2F0882B5A425100526595 /* 1290x2796.jpg */ = {isa = PBXFileReference; lastKnownFileType = image.jpeg; path = 1290x2796.jpg; sourceTree = "<group>"; };
		47A2F0892B5A425100526595 /* 1242x2208.jpg */ = {isa = PBXFileReference; lastKnownFileType = image.jpeg; path = 1242x2208.jpg; sourceTree = "<group>"; };
		47A2F08A2B5A425100526595 /* 2048x2732-3.jpg */ = {isa = PBXFileReference; lastKnownFileType = image.jpeg; path = "2048x2732-3.jpg"; sourceTree = "<group>"; };
		47A2F08B2B5A425100526595 /* 1290x2796-2.jpg */ = {isa = PBXFileReference; lastKnownFileType = image.jpeg; path = "1290x2796-2.jpg"; sourceTree = "<group>"; };
		47A2F08C2B5A425100526595 /* 1290x2796-3.jpg */ = {isa = PBXFileReference; lastKnownFileType = image.jpeg; path = "1290x2796-3.jpg"; sourceTree = "<group>"; };
		47A2F08D2B5A425100526595 /* 2048x2732-2.jpg */ = {isa = PBXFileReference; lastKnownFileType = image.jpeg; path = "2048x2732-2.jpg"; sourceTree = "<group>"; };
		47A2F08E2B5A425100526595 /* 1242x2208-5.jpg */ = {isa = PBXFileReference; lastKnownFileType = image.jpeg; path = "1242x2208-5.jpg"; sourceTree = "<group>"; };
		47A2F08F2B5A425100526595 /* 1242x2208-4.jpg */ = {isa = PBXFileReference; lastKnownFileType = image.jpeg; path = "1242x2208-4.jpg"; sourceTree = "<group>"; };
		47A2F0902B5A425100526595 /* 2048x2732.jpg */ = {isa = PBXFileReference; lastKnownFileType = image.jpeg; path = 2048x2732.jpg; sourceTree = "<group>"; };
		47A2F0912B5A425100526595 /* 2048x2732-5.jpg */ = {isa = PBXFileReference; lastKnownFileType = image.jpeg; path = "2048x2732-5.jpg"; sourceTree = "<group>"; };
		47A2F0922B5A425100526595 /* 1290x2796-4.jpg */ = {isa = PBXFileReference; lastKnownFileType = image.jpeg; path = "1290x2796-4.jpg"; sourceTree = "<group>"; };
		47A2F0932B5A425100526595 /* 1290x2796-5.jpg */ = {isa = PBXFileReference; lastKnownFileType = image.jpeg; path = "1290x2796-5.jpg"; sourceTree = "<group>"; };
		47A2F0942B5A425100526595 /* 2048x2732-4.jpg */ = {isa = PBXFileReference; lastKnownFileType = image.jpeg; path = "2048x2732-4.jpg"; sourceTree = "<group>"; };
		47A2F0952B5A425100526595 /* 1242x2208-3.jpg */ = {isa = PBXFileReference; lastKnownFileType = image.jpeg; path = "1242x2208-3.jpg"; sourceTree = "<group>"; };
		47A2F0962B5A425100526595 /* 1242x2208-2.jpg */ = {isa = PBXFileReference; lastKnownFileType = image.jpeg; path = "1242x2208-2.jpg"; sourceTree = "<group>"; };
		47A2F0982B5A425100526595 /* FMDatabase.h */ = {isa = PBXFileReference; fileEncoding = 4; lastKnownFileType = sourcecode.c.h; path = FMDatabase.h; sourceTree = "<group>"; };
		47A2F0992B5A425100526595 /* FMDatabaseQueue.m */ = {isa = PBXFileReference; fileEncoding = 4; lastKnownFileType = sourcecode.c.objc; path = FMDatabaseQueue.m; sourceTree = "<group>"; };
		47A2F09A2B5A425100526595 /* FMResultSet.h */ = {isa = PBXFileReference; fileEncoding = 4; lastKnownFileType = sourcecode.c.h; path = FMResultSet.h; sourceTree = "<group>"; };
		47A2F09B2B5A425200526595 /* FMDatabasePool.h */ = {isa = PBXFileReference; fileEncoding = 4; lastKnownFileType = sourcecode.c.h; path = FMDatabasePool.h; sourceTree = "<group>"; };
		47A2F09C2B5A425200526595 /* FMDatabaseAdditions.m */ = {isa = PBXFileReference; fileEncoding = 4; lastKnownFileType = sourcecode.c.objc; path = FMDatabaseAdditions.m; sourceTree = "<group>"; };
		47A2F09D2B5A425200526595 /* FMDatabase.m */ = {isa = PBXFileReference; fileEncoding = 4; lastKnownFileType = sourcecode.c.objc; path = FMDatabase.m; sourceTree = "<group>"; };
		47A2F09E2B5A425200526595 /* FMDatabaseQueue.h */ = {isa = PBXFileReference; fileEncoding = 4; lastKnownFileType = sourcecode.c.h; path = FMDatabaseQueue.h; sourceTree = "<group>"; };
		47A2F09F2B5A425200526595 /* FMDB.h */ = {isa = PBXFileReference; fileEncoding = 4; lastKnownFileType = sourcecode.c.h; path = FMDB.h; sourceTree = "<group>"; };
		47A2F0A02B5A425200526595 /* FMDatabaseAdditions.h */ = {isa = PBXFileReference; fileEncoding = 4; lastKnownFileType = sourcecode.c.h; path = FMDatabaseAdditions.h; sourceTree = "<group>"; };
		47A2F0A12B5A425200526595 /* FMDatabasePool.m */ = {isa = PBXFileReference; fileEncoding = 4; lastKnownFileType = sourcecode.c.objc; path = FMDatabasePool.m; sourceTree = "<group>"; };
		47A2F0A22B5A425200526595 /* FMResultSet.m */ = {isa = PBXFileReference; fileEncoding = 4; lastKnownFileType = sourcecode.c.objc; path = FMResultSet.m; sourceTree = "<group>"; };
		47A2F1582B5A580B00526595 /* cls_equipValueModel.m */ = {isa = PBXFileReference; fileEncoding = 4; lastKnownFileType = sourcecode.c.objc; path = cls_equipValueModel.m; sourceTree = "<group>"; };
		47A2F1592B5A580B00526595 /* cls_ViewNameTag.m */ = {isa = PBXFileReference; fileEncoding = 4; lastKnownFileType = sourcecode.c.objc; path = cls_ViewNameTag.m; sourceTree = "<group>"; };
		47A2F15A2B5A580B00526595 /* cls_baseModel.h */ = {isa = PBXFileReference; fileEncoding = 4; lastKnownFileType = sourcecode.c.h; path = cls_baseModel.h; sourceTree = "<group>"; };
		47A2F15B2B5A580B00526595 /* cls_SignViewController.m */ = {isa = PBXFileReference; fileEncoding = 4; lastKnownFileType = sourcecode.c.objc; path = cls_SignViewController.m; sourceTree = "<group>"; };
		47A2F15C2B5A580B00526595 /* cls_itemSpriteNode.h */ = {isa = PBXFileReference; fileEncoding = 4; lastKnownFileType = sourcecode.c.h; path = cls_itemSpriteNode.h; sourceTree = "<group>"; };
		47A2F15D2B5A580B00526595 /* cls_xuetiaoNode.h */ = {isa = PBXFileReference; fileEncoding = 4; lastKnownFileType = sourcecode.c.h; path = cls_xuetiaoNode.h; sourceTree = "<group>"; };
		47A2F15E2B5A580B00526595 /* cls_VWWViewController.m */ = {isa = PBXFileReference; fileEncoding = 4; lastKnownFileType = sourcecode.c.objc; path = cls_VWWViewController.m; sourceTree = "<group>"; };
		47A2F15F2B5A580B00526595 /* cls_victoryViewController.m */ = {isa = PBXFileReference; fileEncoding = 4; lastKnownFileType = sourcecode.c.objc; path = cls_victoryViewController.m; sourceTree = "<group>"; };
		47A2F1602B5A580B00526595 /* cls_loseViewController.h */ = {isa = PBXFileReference; fileEncoding = 4; lastKnownFileType = sourcecode.c.h; path = cls_loseViewController.h; sourceTree = "<group>"; };
		47A2F1612B5A580B00526595 /* cls_BaseViewController.m */ = {isa = PBXFileReference; fileEncoding = 4; lastKnownFileType = sourcecode.c.objc; path = cls_BaseViewController.m; sourceTree = "<group>"; };
		47A2F1622B5A580B00526595 /* cls_UIViewFrameCategory.m */ = {isa = PBXFileReference; fileEncoding = 4; lastKnownFileType = sourcecode.c.objc; path = cls_UIViewFrameCategory.m; sourceTree = "<group>"; };
		47A2F1632B5A580B00526595 /* cls_buttonBlock.h */ = {isa = PBXFileReference; fileEncoding = 4; lastKnownFileType = sourcecode.c.h; path = cls_buttonBlock.h; sourceTree = "<group>"; };
		47A2F1642B5A580B00526595 /* cls_warehouseModel.m */ = {isa = PBXFileReference; fileEncoding = 4; lastKnownFileType = sourcecode.c.objc; path = cls_warehouseModel.m; sourceTree = "<group>"; };
		47A2F1652B5A580B00526595 /* MSYHL.TTC */ = {isa = PBXFileReference; lastKnownFileType = file; path = MSYHL.TTC; sourceTree = "<group>"; };
		47A2F1662B5A580B00526595 /* cls_userInfo.m */ = {isa = PBXFileReference; fileEncoding = 4; lastKnownFileType = sourcecode.c.objc; path = cls_userInfo.m; sourceTree = "<group>"; };
		47A2F1672B5A580B00526595 /* cls_gamescene.m */ = {isa = PBXFileReference; fileEncoding = 4; lastKnownFileType = sourcecode.c.objc; path = cls_gamescene.m; sourceTree = "<group>"; };
		47A2F1682B5A580B00526595 /* cls_GameSenceViewController.m */ = {isa = PBXFileReference; fileEncoding = 4; lastKnownFileType = sourcecode.c.objc; path = cls_GameSenceViewController.m; sourceTree = "<group>"; };
		47A2F1692B5A580B00526595 /* cls_guankaViewController.m */ = {isa = PBXFileReference; fileEncoding = 4; lastKnownFileType = sourcecode.c.objc; path = cls_guankaViewController.m; sourceTree = "<group>"; };
		47A2F16A2B5A580B00526595 /* cls_StashViewController.m */ = {isa = PBXFileReference; fileEncoding = 4; lastKnownFileType = sourcecode.c.objc; path = cls_StashViewController.m; sourceTree = "<group>"; };
		47A2F16B2B5A580B00526595 /* cls_MainHomePageViewController.m */ = {isa = PBXFileReference; fileEncoding = 4; lastKnownFileType = sourcecode.c.objc; path = cls_MainHomePageViewController.m; sourceTree = "<group>"; };
		47A2F16C2B5A580B00526595 /* cls_SkillupgradeViewController.m */ = {isa = PBXFileReference; fileEncoding = 4; lastKnownFileType = sourcecode.c.objc; path = cls_SkillupgradeViewController.m; sourceTree = "<group>"; };
		47A2F16D2B5A580B00526595 /* cls_equipModel.m */ = {isa = PBXFileReference; fileEncoding = 4; lastKnownFileType = sourcecode.c.objc; path = cls_equipModel.m; sourceTree = "<group>"; };
		47A2F16E2B5A580B00526595 /* cls_SigninModel.m */ = {isa = PBXFileReference; fileEncoding = 4; lastKnownFileType = sourcecode.c.objc; path = cls_SigninModel.m; sourceTree = "<group>"; };
		47A2F16F2B5A580B00526595 /* cls_conjzebutton.m */ = {isa = PBXFileReference; fileEncoding = 4; lastKnownFileType = sourcecode.c.objc; path = cls_conjzebutton.m; sourceTree = "<group>"; };
		47A2F1702B5A580B00526595 /* cls_Tool.m */ = {isa = PBXFileReference; fileEncoding = 4; lastKnownFileType = sourcecode.c.objc; path = cls_Tool.m; sourceTree = "<group>"; };
		47A2F1712B5A580B00526595 /* cls_shopViewController.m */ = {isa = PBXFileReference; fileEncoding = 4; lastKnownFileType = sourcecode.c.objc; path = cls_shopViewController.m; sourceTree = "<group>"; };
		47A2F1722B5A580B00526595 /* cls_MonsterNode.m */ = {isa = PBXFileReference; fileEncoding = 4; lastKnownFileType = sourcecode.c.objc; path = cls_MonsterNode.m; sourceTree = "<group>"; };
		47A2F1732B5A580B00526595 /* cls_SignViewController.h */ = {isa = PBXFileReference; fileEncoding = 4; lastKnownFileType = sourcecode.c.h; path = cls_SignViewController.h; sourceTree = "<group>"; };
		47A2F1742B5A580B00526595 /* cls_ViewNameTag.h */ = {isa = PBXFileReference; fileEncoding = 4; lastKnownFileType = sourcecode.c.h; path = cls_ViewNameTag.h; sourceTree = "<group>"; };
		47A2F1752B5A580B00526595 /* cls_equipValueModel.h */ = {isa = PBXFileReference; fileEncoding = 4; lastKnownFileType = sourcecode.c.h; path = cls_equipValueModel.h; sourceTree = "<group>"; };
		47A2F1762B5A580B00526595 /* cls_baseModel.m */ = {isa = PBXFileReference; fileEncoding = 4; lastKnownFileType = sourcecode.c.objc; path = cls_baseModel.m; sourceTree = "<group>"; };
		47A2F1772B5A580B00526595 /* cls_warehouseModel.h */ = {isa = PBXFileReference; fileEncoding = 4; lastKnownFileType = sourcecode.c.h; path = cls_warehouseModel.h; sourceTree = "<group>"; };
		47A2F1782B5A580B00526595 /* cls_buttonBlock.m */ = {isa = PBXFileReference; fileEncoding = 4; lastKnownFileType = sourcecode.c.objc; path = cls_buttonBlock.m; sourceTree = "<group>"; };
		47A2F1792B5A580B00526595 /* cls_BaseViewController.h */ = {isa = PBXFileReference; fileEncoding = 4; lastKnownFileType = sourcecode.c.h; path = cls_BaseViewController.h; sourceTree = "<group>"; };
		47A2F17A2B5A580B00526595 /* cls_loseViewController.m */ = {isa = PBXFileReference; fileEncoding = 4; lastKnownFileType = sourcecode.c.objc; path = cls_loseViewController.m; sourceTree = "<group>"; };
		47A2F17B2B5A580B00526595 /* cls_UIViewFrameCategory.h */ = {isa = PBXFileReference; fileEncoding = 4; lastKnownFileType = sourcecode.c.h; path = cls_UIViewFrameCategory.h; sourceTree = "<group>"; };
		47A2F17C2B5A580B00526595 /* cls_victoryViewController.h */ = {isa = PBXFileReference; fileEncoding = 4; lastKnownFileType = sourcecode.c.h; path = cls_victoryViewController.h; sourceTree = "<group>"; };
		47A2F17D2B5A580B00526595 /* cls_VWWViewController.h */ = {isa = PBXFileReference; fileEncoding = 4; lastKnownFileType = sourcecode.c.h; path = cls_VWWViewController.h; sourceTree = "<group>"; };
		47A2F17E2B5A580B00526595 /* cls_xuetiaoNode.m */ = {isa = PBXFileReference; fileEncoding = 4; lastKnownFileType = sourcecode.c.objc; path = cls_xuetiaoNode.m; sourceTree = "<group>"; };
		47A2F17F2B5A580B00526595 /* cls_itemSpriteNode.m */ = {isa = PBXFileReference; fileEncoding = 4; lastKnownFileType = sourcecode.c.objc; path = cls_itemSpriteNode.m; sourceTree = "<group>"; };
		47A2F1802B5A580B00526595 /* cls_StashViewController.h */ = {isa = PBXFileReference; fileEncoding = 4; lastKnownFileType = sourcecode.c.h; path = cls_StashViewController.h; sourceTree = "<group>"; };
		47A2F1812B5A580B00526595 /* cls_MainHomePageViewController.h */ = {isa = PBXFileReference; fileEncoding = 4; lastKnownFileType = sourcecode.c.h; path = cls_MainHomePageViewController.h; sourceTree = "<group>"; };
		47A2F1822B5A580B00526595 /* cls_guankaViewController.h */ = {isa = PBXFileReference; fileEncoding = 4; lastKnownFileType = sourcecode.c.h; path = cls_guankaViewController.h; sourceTree = "<group>"; };
		47A2F1832B5A580B00526595 /* cls_GameSenceViewController.h */ = {isa = PBXFileReference; fileEncoding = 4; lastKnownFileType = sourcecode.c.h; path = cls_GameSenceViewController.h; sourceTree = "<group>"; };
		47A2F1842B5A580B00526595 /* cls_gamescene.h */ = {isa = PBXFileReference; fileEncoding = 4; lastKnownFileType = sourcecode.c.h; path = cls_gamescene.h; sourceTree = "<group>"; };
		47A2F1852B5A580B00526595 /* cls_userInfo.h */ = {isa = PBXFileReference; fileEncoding = 4; lastKnownFileType = sourcecode.c.h; path = cls_userInfo.h; sourceTree = "<group>"; };
		47A2F1862B5A580B00526595 /* cls_MonsterNode.h */ = {isa = PBXFileReference; fileEncoding = 4; lastKnownFileType = sourcecode.c.h; path = cls_MonsterNode.h; sourceTree = "<group>"; };
		47A2F1872B5A580B00526595 /* cls_shopViewController.h */ = {isa = PBXFileReference; fileEncoding = 4; lastKnownFileType = sourcecode.c.h; path = cls_shopViewController.h; sourceTree = "<group>"; };
		47A2F1882B5A580B00526595 /* cls_Tool.h */ = {isa = PBXFileReference; fileEncoding = 4; lastKnownFileType = sourcecode.c.h; path = cls_Tool.h; sourceTree = "<group>"; };
		47A2F1892B5A580B00526595 /* cls_conjzebutton.h */ = {isa = PBXFileReference; fileEncoding = 4; lastKnownFileType = sourcecode.c.h; path = cls_conjzebutton.h; sourceTree = "<group>"; };
		47A2F18A2B5A580B00526595 /* cls_SigninModel.h */ = {isa = PBXFileReference; fileEncoding = 4; lastKnownFileType = sourcecode.c.h; path = cls_SigninModel.h; sourceTree = "<group>"; };
		47A2F18B2B5A580B00526595 /* cls_equipModel.h */ = {isa = PBXFileReference; fileEncoding = 4; lastKnownFileType = sourcecode.c.h; path = cls_equipModel.h; sourceTree = "<group>"; };
		47A2F18C2B5A580B00526595 /* cls_SkillupgradeViewController.h */ = {isa = PBXFileReference; fileEncoding = 4; lastKnownFileType = sourcecode.c.h; path = cls_SkillupgradeViewController.h; sourceTree = "<group>"; };
/* End PBXFileReference section */

/* Begin PBXFrameworksBuildPhase section */
		4704B8AA2B33DC940012BBBB /* Frameworks */ = {
			isa = PBXFrameworksBuildPhase;
			buildActionMask = 2147483647;
			files = (
			);
			runOnlyForDeploymentPostprocessing = 0;
		};
/* End PBXFrameworksBuildPhase section */

/* Begin PBXGroup section */
		4704B8A42B33DC940012BBBB = {
			isa = PBXGroup;
			children = (
				4704B8AF2B33DC940012BBBB /* erciyuan */,
				4704B8AE2B33DC940012BBBB /* Products */,
			);
			sourceTree = "<group>";
		};
		4704B8AE2B33DC940012BBBB /* Products */ = {
			isa = PBXGroup;
			children = (
				4704B8AD2B33DC940012BBBB /* erciyuan.app */,
			);
			name = Products;
			sourceTree = "<group>";
		};
		4704B8AF2B33DC940012BBBB /* erciyuan */ = {
			isa = PBXGroup;
			children = (
				47A2F1572B5A580B00526595 /* Mini */,
				47A2F0312B5A425100526595 /* 二次元竖版 */,
				47A2F0972B5A425100526595 /* fmdb */,
				4704B8B02B33DC940012BBBB /* AppDelegate.h */,
				4704B8B12B33DC940012BBBB /* AppDelegate.m */,
				4704B8B62B33DC940012BBBB /* ViewController.h */,
				4704B8B72B33DC940012BBBB /* ViewController.m */,
				4704B8B92B33DC940012BBBB /* Main.storyboard */,
				4704B8BC2B33DC970012BBBB /* Assets.xcassets */,
				4704B8BE2B33DC970012BBBB /* LaunchScreen.storyboard */,
				4704B8C12B33DC970012BBBB /* Info.plist */,
				4704B8C22B33DC970012BBBB /* main.m */,
			);
			path = erciyuan;
			sourceTree = "<group>";
		};
		47A2F0312B5A425100526595 /* 二次元竖版 */ = {
			isa = PBXGroup;
			children = (
				47A2F0322B5A425100526595 /* UI */,
				47A2F0862B5A425100526595 /* 五图ICON */,
			);
			path = "二次元竖版";
			sourceTree = "<group>";
		};
		47A2F0322B5A425100526595 /* UI */ = {
			isa = PBXGroup;
			children = (
				47A2F0332B5A425100526595 /* 对战.jpg */,
				47A2F0342B5A425100526595 /* 7天福利.jpg */,
				47A2F0352B5A425100526595 /* 角色界面.jpg */,
				47A2F0362B5A425100526595 /* 背包.jpg */,
				47A2F0372B5A425100526595 /* 商城-提示2.jpg */,
				47A2F0382B5A425100526595 /* 商城-钻石.jpg */,
				47A2F0392B5A425100526595 /* 对战-是否终止挑战.jpg */,
				47A2F03A2B5A425100526595 /* 商城-道具.jpg */,
				47A2F03B2B5A425100526595 /* 挑战.jpg */,
				47A2F03C2B5A425100526595 /* 主界面.jpg */,
				47A2F03D2B5A425100526595 /* 商城-提示.jpg */,
				47A2F03E2B5A425100526595 /* 选角3.jpg */,
				47A2F03F2B5A425100526595 /* 选角2.jpg */,
				47A2F0402B5A425100526595 /* 拆分 */,
				47A2F0822B5A425100526595 /* 加载页.jpg */,
				47A2F0832B5A425100526595 /* 7天福利-提示.jpg */,
				47A2F0842B5A425100526595 /* 选角1.jpg */,
				47A2F0852B5A425100526595 /* 对战失败.jpg */,
			);
			path = UI;
			sourceTree = "<group>";
		};
		47A2F0402B5A425100526595 /* 拆分 */ = {
			isa = PBXGroup;
			children = (
				47A2F0412B5A425100526595 /* 钻石3.png */,
				47A2F0422B5A425100526595 /* 对战技能.png */,
				47A2F0432B5A425100526595 /* 主界面信息条.png */,
				47A2F0442B5A425100526595 /* 阵容2.png */,
				47A2F0452B5A425100526595 /* 角色3场景.png */,
				47A2F0462B5A425100526595 /* tiaoz6.png */,
				47A2F0472B5A425100526595 /* 按钮1.png */,
				47A2F0482B5A425100526595 /* 钻石2.png */,
				47A2F0492B5A425100526595 /* 按钮3.png */,
				47A2F04A2B5A425100526595 /* 阵容1.png */,
				47A2F04B2B5A425100526595 /* tiaoz5.png */,
				47A2F04C2B5A425100526595 /* tiaoz4.png */,
				47A2F04D2B5A425100526595 /* 角色1场景.png */,
				47A2F04E2B5A425100526595 /* 按钮2.png */,
				47A2F04F2B5A425100526595 /* 钻石1.png */,
				47A2F0502B5A425100526595 /* 头像.png */,
				47A2F0512B5A425100526595 /* 钻石5.png */,
				47A2F0522B5A425100526595 /* 角色2.png */,
				47A2F0532B5A425100526595 /* tiaoz1.png */,
				47A2F0542B5A425100526595 /* 角色3.png */,
				47A2F0552B5A425100526595 /* 钻石4.png */,
				47A2F0562B5A425100526595 /* shali.png */,
				47A2F0572B5A425100526595 /* 钻石6.png */,
				47A2F0582B5A425100526595 /* 角色1.png */,
				47A2F0592B5A425100526595 /* 阵营3.png */,
				47A2F05A2B5A425100526595 /* tiaoz3.png */,
				47A2F05B2B5A425100526595 /* 主界面下方条.png */,
				47A2F05C2B5A425100526595 /* tiaoz2.png */,
				47A2F05D2B5A425100526595 /* 按钮4.png */,
				47A2F05E2B5A425100526595 /* 开始按钮.png */,
				47A2F05F2B5A425100526595 /* 角色2场景.png */,
				47A2F0602B5A425100526595 /* 失败.png */,
				47A2F0612B5A425100526595 /* 鞋子.png */,
				47A2F0622B5A425100526595 /* 确定按钮.png */,
				47A2F0632B5A425100526595 /* jiemianlan.png */,
				47A2F0642B5A425100526595 /* 活动更新.png */,
				47A2F0652B5A425100526595 /* jiesejiemianbeij.png */,
				47A2F0662B5A425100526595 /* zhouyu.png */,
				47A2F0672B5A425100526595 /* x血条.png */,
				47A2F0682B5A425100526595 /* shoutao.png */,
				47A2F0692B5A425100526595 /* zhuangbeikuang.png */,
				47A2F06A2B5A425100526595 /* wuzhi.png */,
				47A2F06B2B5A425100526595 /* shu.png */,
				47A2F06C2B5A425100526595 /* caisxieann.png */,
				47A2F06D2B5A425100526595 /* 商店框.png */,
				47A2F06E2B5A425100526595 /* xurtiao.png */,
				47A2F06F2B5A425100526595 /* chibang.png */,
				47A2F0702B5A425100526595 /* 技能.png */,
				47A2F0712B5A425100526595 /* 选角按钮.png */,
				47A2F0722B5A425100526595 /* nengliangping.png */,
				47A2F0732B5A425100526595 /* mofabang.png */,
				47A2F0742B5A425100526595 /* 界面人物.png */,
				47A2F0752B5A425100526595 /* 福利礼物.png */,
				47A2F0762B5A425100526595 /* vs.png */,
				47A2F0772B5A425100526595 /* shuxlan.png */,
				47A2F0782B5A425100526595 /* 技能2.png */,
				47A2F0792B5A425100526595 /* yifu.png */,
				47A2F07A2B5A425100526595 /* chuandaiann.png */,
				47A2F07B2B5A425100526595 /* 技能3.png */,
				47A2F07C2B5A425100526595 /* zuans.png */,
				47A2F07D2B5A425100526595 /* 界面背景.png */,
				47A2F07E2B5A425100526595 /* 提示框.png */,
				47A2F07F2B5A425100526595 /* mogu.png */,
				47A2F0802B5A425100526595 /* xuanwo.png */,
				47A2F0812B5A425100526595 /* shujing.png */,
			);
			path = "拆分";
			sourceTree = "<group>";
		};
		47A2F0862B5A425100526595 /* 五图ICON */ = {
			isa = PBXGroup;
			children = (
				47A2F0872B5A425100526595 /* 二次元icon.jpg */,
				47A2F0882B5A425100526595 /* 1290x2796.jpg */,
				47A2F0892B5A425100526595 /* 1242x2208.jpg */,
				47A2F08A2B5A425100526595 /* 2048x2732-3.jpg */,
				47A2F08B2B5A425100526595 /* 1290x2796-2.jpg */,
				47A2F08C2B5A425100526595 /* 1290x2796-3.jpg */,
				47A2F08D2B5A425100526595 /* 2048x2732-2.jpg */,
				47A2F08E2B5A425100526595 /* 1242x2208-5.jpg */,
				47A2F08F2B5A425100526595 /* 1242x2208-4.jpg */,
				47A2F0902B5A425100526595 /* 2048x2732.jpg */,
				47A2F0912B5A425100526595 /* 2048x2732-5.jpg */,
				47A2F0922B5A425100526595 /* 1290x2796-4.jpg */,
				47A2F0932B5A425100526595 /* 1290x2796-5.jpg */,
				47A2F0942B5A425100526595 /* 2048x2732-4.jpg */,
				47A2F0952B5A425100526595 /* 1242x2208-3.jpg */,
				47A2F0962B5A425100526595 /* 1242x2208-2.jpg */,
			);
			path = "五图ICON";
			sourceTree = "<group>";
		};
		47A2F0972B5A425100526595 /* fmdb */ = {
			isa = PBXGroup;
			children = (
				47A2F0982B5A425100526595 /* FMDatabase.h */,
				47A2F0992B5A425100526595 /* FMDatabaseQueue.m */,
				47A2F09A2B5A425100526595 /* FMResultSet.h */,
				47A2F09B2B5A425200526595 /* FMDatabasePool.h */,
				47A2F09C2B5A425200526595 /* FMDatabaseAdditions.m */,
				47A2F09D2B5A425200526595 /* FMDatabase.m */,
				47A2F09E2B5A425200526595 /* FMDatabaseQueue.h */,
				47A2F09F2B5A425200526595 /* FMDB.h */,
				47A2F0A02B5A425200526595 /* FMDatabaseAdditions.h */,
				47A2F0A12B5A425200526595 /* FMDatabasePool.m */,
				47A2F0A22B5A425200526595 /* FMResultSet.m */,
			);
			path = fmdb;
			sourceTree = "<group>";
		};
		47A2F1572B5A580B00526595 /* Mini */ = {
			isa = PBXGroup;
			children = (
				47A2F15A2B5A580B00526595 /* cls_baseModel.h */,
				47A2F1762B5A580B00526595 /* cls_baseModel.m */,
				47A2F1792B5A580B00526595 /* cls_BaseViewController.h */,
				47A2F1612B5A580B00526595 /* cls_BaseViewController.m */,
				47A2F1632B5A580B00526595 /* cls_buttonBlock.h */,
				47A2F1782B5A580B00526595 /* cls_buttonBlock.m */,
				47A2F1892B5A580B00526595 /* cls_conjzebutton.h */,
				47A2F16F2B5A580B00526595 /* cls_conjzebutton.m */,
				47A2F18B2B5A580B00526595 /* cls_equipModel.h */,
				47A2F16D2B5A580B00526595 /* cls_equipModel.m */,
				47A2F1752B5A580B00526595 /* cls_equipValueModel.h */,
				47A2F1582B5A580B00526595 /* cls_equipValueModel.m */,
				47A2F1842B5A580B00526595 /* cls_gamescene.h */,
				47A2F1672B5A580B00526595 /* cls_gamescene.m */,
				47A2F1832B5A580B00526595 /* cls_GameSenceViewController.h */,
				47A2F1682B5A580B00526595 /* cls_GameSenceViewController.m */,
				47A2F1822B5A580B00526595 /* cls_guankaViewController.h */,
				47A2F1692B5A580B00526595 /* cls_guankaViewController.m */,
				47A2F15C2B5A580B00526595 /* cls_itemSpriteNode.h */,
				47A2F17F2B5A580B00526595 /* cls_itemSpriteNode.m */,
				47A2F1602B5A580B00526595 /* cls_loseViewController.h */,
				47A2F17A2B5A580B00526595 /* cls_loseViewController.m */,
				47A2F1812B5A580B00526595 /* cls_MainHomePageViewController.h */,
				47A2F16B2B5A580B00526595 /* cls_MainHomePageViewController.m */,
				47A2F1862B5A580B00526595 /* cls_MonsterNode.h */,
				47A2F1722B5A580B00526595 /* cls_MonsterNode.m */,
				47A2F1872B5A580B00526595 /* cls_shopViewController.h */,
				47A2F1712B5A580B00526595 /* cls_shopViewController.m */,
				47A2F18A2B5A580B00526595 /* cls_SigninModel.h */,
				47A2F16E2B5A580B00526595 /* cls_SigninModel.m */,
				47A2F1732B5A580B00526595 /* cls_SignViewController.h */,
				47A2F15B2B5A580B00526595 /* cls_SignViewController.m */,
				47A2F18C2B5A580B00526595 /* cls_SkillupgradeViewController.h */,
				47A2F16C2B5A580B00526595 /* cls_SkillupgradeViewController.m */,
				47A2F1802B5A580B00526595 /* cls_StashViewController.h */,
				47A2F16A2B5A580B00526595 /* cls_StashViewController.m */,
				47A2F1882B5A580B00526595 /* cls_Tool.h */,
				47A2F1702B5A580B00526595 /* cls_Tool.m */,
				47A2F17B2B5A580B00526595 /* cls_UIViewFrameCategory.h */,
				47A2F1622B5A580B00526595 /* cls_UIViewFrameCategory.m */,
				47A2F1852B5A580B00526595 /* cls_userInfo.h */,
				47A2F1662B5A580B00526595 /* cls_userInfo.m */,
				47A2F17C2B5A580B00526595 /* cls_victoryViewController.h */,
				47A2F15F2B5A580B00526595 /* cls_victoryViewController.m */,
				47A2F1742B5A580B00526595 /* cls_ViewNameTag.h */,
				47A2F1592B5A580B00526595 /* cls_ViewNameTag.m */,
				47A2F17D2B5A580B00526595 /* cls_VWWViewController.h */,
				47A2F15E2B5A580B00526595 /* cls_VWWViewController.m */,
				47A2F1772B5A580B00526595 /* cls_warehouseModel.h */,
				47A2F1642B5A580B00526595 /* cls_warehouseModel.m */,
				47A2F15D2B5A580B00526595 /* cls_xuetiaoNode.h */,
				47A2F17E2B5A580B00526595 /* cls_xuetiaoNode.m */,
				47A2F1652B5A580B00526595 /* MSYHL.TTC */,
			);
			path = Mini;
			sourceTree = "<group>";
		};
/* End PBXGroup section */

/* Begin PBXNativeTarget section */
		4704B8AC2B33DC940012BBBB /* erciyuan */ = {
			isa = PBXNativeTarget;
			buildConfigurationList = 4704B8C62B33DC970012BBBB /* Build configuration list for PBXNativeTarget "erciyuan" */;
			buildPhases = (
				4704B8A92B33DC940012BBBB /* Sources */,
				4704B8AA2B33DC940012BBBB /* Frameworks */,
				4704B8AB2B33DC940012BBBB /* Resources */,
			);
			buildRules = (
			);
			dependencies = (
			);
			name = erciyuan;
			productName = erciyuan;
			productReference = 4704B8AD2B33DC940012BBBB /* erciyuan.app */;
			productType = "com.apple.product-type.application";
		};
/* End PBXNativeTarget section */

/* Begin PBXProject section */
		4704B8A52B33DC940012BBBB /* Project object */ = {
			isa = PBXProject;
			attributes = {
				BuildIndependentTargetsInParallel = 1;
				LastUpgradeCheck = 1420;
				TargetAttributes = {
					4704B8AC2B33DC940012BBBB = {
						CreatedOnToolsVersion = 14.2;
					};
				};
			};
			buildConfigurationList = 4704B8A82B33DC940012BBBB /* Build configuration list for PBXProject "erciyuan" */;
			compatibilityVersion = "Xcode 14.0";
			developmentRegion = en;
			hasScannedForEncodings = 0;
			knownRegions = (
				en,
				Base,
			);
			mainGroup = 4704B8A42B33DC940012BBBB;
			productRefGroup = 4704B8AE2B33DC940012BBBB /* Products */;
			projectDirPath = "";
			projectRoot = "";
			targets = (
				4704B8AC2B33DC940012BBBB /* erciyuan */,
			);
		};
/* End PBXProject section */

/* Begin PBXResourcesBuildPhase section */
		4704B8AB2B33DC940012BBBB /* Resources */ = {
			isa = PBXResourcesBuildPhase;
			buildActionMask = 2147483647;
			files = (
				47A2F0BE2B5A425200526595 /* tiaoz4.png in Resources */,
				47A2F0C72B5A425200526595 /* 钻石4.png in Resources */,
				47A2F0F52B5A425200526595 /* 7天福利-提示.jpg in Resources */,
				47A2F0F82B5A425200526595 /* 二次元icon.jpg in Resources */,
				47A2F0E32B5A425200526595 /* 选角按钮.png in Resources */,
				47A2F0D62B5A425200526595 /* 活动更新.png in Resources */,
				47A2F0DB2B5A425200526595 /* zhuangbeikuang.png in Resources */,
				47A2F0AF2B5A425200526595 /* 主界面.jpg in Resources */,
				47A2F0E52B5A425200526595 /* mofabang.png in Resources */,
				47A2F0FE2B5A425200526595 /* 2048x2732-2.jpg in Resources */,
				4704B8C02B33DC970012BBBB /* LaunchScreen.storyboard in Resources */,
				47A2F0B52B5A425200526595 /* 主界面信息条.png in Resources */,
				47A2F0EA2B5A425200526595 /* 技能2.png in Resources */,
				47A2F0D12B5A425200526595 /* 角色2场景.png in Resources */,
				47A2F0D32B5A425200526595 /* 鞋子.png in Resources */,
				47A2F0B32B5A425200526595 /* 钻石3.png in Resources */,
				47A2F0BB2B5A425200526595 /* 按钮3.png in Resources */,
				47A2F0FB2B5A425200526595 /* 2048x2732-3.jpg in Resources */,
				47A2F0A72B5A425200526595 /* 7天福利.jpg in Resources */,
				47A2F0B72B5A425200526595 /* 角色3场景.png in Resources */,
				47A2F1002B5A425200526595 /* 1242x2208-4.jpg in Resources */,
				47A2F0B82B5A425200526595 /* tiaoz6.png in Resources */,
				47A2F0C32B5A425200526595 /* 钻石5.png in Resources */,
				47A2F0B92B5A425200526595 /* 按钮1.png in Resources */,
				47A2F0DE2B5A425200526595 /* caisxieann.png in Resources */,
				47A2F0B22B5A425200526595 /* 选角2.jpg in Resources */,
				4704B8BD2B33DC970012BBBB /* Assets.xcassets in Resources */,
				47A2F0FC2B5A425200526595 /* 1290x2796-2.jpg in Resources */,
				47A2F0EF2B5A425200526595 /* 界面背景.png in Resources */,
				47A2F0E12B5A425200526595 /* chibang.png in Resources */,
				47A2F0E42B5A425200526595 /* nengliangping.png in Resources */,
				47A2F0F72B5A425200526595 /* 对战失败.jpg in Resources */,
				47A2F0D52B5A425200526595 /* jiemianlan.png in Resources */,
				47A2F1072B5A425200526595 /* 1242x2208-2.jpg in Resources */,
				47A2F0EE2B5A425200526595 /* zuans.png in Resources */,
				47A2F0D22B5A425200526595 /* 失败.png in Resources */,
				47A2F1062B5A425200526595 /* 1242x2208-3.jpg in Resources */,
				47A2F0D82B5A425200526595 /* zhouyu.png in Resources */,
				47A2F1032B5A425200526595 /* 1290x2796-4.jpg in Resources */,
				47A2F0BC2B5A425200526595 /* 阵容1.png in Resources */,
				47A2F0CD2B5A425200526595 /* 主界面下方条.png in Resources */,
				47A2F0F22B5A425200526595 /* xuanwo.png in Resources */,
				47A2F0CC2B5A425200526595 /* tiaoz3.png in Resources */,
				47A2F0A62B5A425200526595 /* 对战.jpg in Resources */,
				47A2F0F12B5A425200526595 /* mogu.png in Resources */,
				47A2F0E72B5A425200526595 /* 福利礼物.png in Resources */,
				47A2F0CF2B5A425200526595 /* 按钮4.png in Resources */,
				47A2F0B02B5A425200526595 /* 商城-提示.jpg in Resources */,
				47A2F0C02B5A425200526595 /* 按钮2.png in Resources */,
				47A2F0C12B5A425200526595 /* 钻石1.png in Resources */,
				47A2F0C42B5A425200526595 /* 角色2.png in Resources */,
				4704B8BB2B33DC940012BBBB /* Main.storyboard in Resources */,
				47A2F0AB2B5A425200526595 /* 商城-钻石.jpg in Resources */,
				47A2F0C62B5A425200526595 /* 角色3.png in Resources */,
				47A2F0CA2B5A425200526595 /* 角色1.png in Resources */,
				47A2F1022B5A425200526595 /* 2048x2732-5.jpg in Resources */,
				47A2F0CE2B5A425200526595 /* tiaoz2.png in Resources */,
				47A2F0E02B5A425200526595 /* xurtiao.png in Resources */,
				47A2F1042B5A425200526595 /* 1290x2796-5.jpg in Resources */,
				47A2F0BD2B5A425200526595 /* tiaoz5.png in Resources */,
				47A2F0FF2B5A425200526595 /* 1242x2208-5.jpg in Resources */,
				47A2F0EC2B5A425200526595 /* chuandaiann.png in Resources */,
				47A2F0D02B5A425200526595 /* 开始按钮.png in Resources */,
				47A2F0F02B5A425200526595 /* 提示框.png in Resources */,
				47A2F0AC2B5A425200526595 /* 对战-是否终止挑战.jpg in Resources */,
				47A2F0C82B5A425200526595 /* shali.png in Resources */,
				47A2F0F62B5A425200526595 /* 选角1.jpg in Resources */,
				47A2F0F32B5A425200526595 /* shujing.png in Resources */,
				47A2F0B42B5A425200526595 /* 对战技能.png in Resources */,
				47A2F1052B5A425200526595 /* 2048x2732-4.jpg in Resources */,
				47A2F0D72B5A425200526595 /* jiesejiemianbeij.png in Resources */,
				47A2F0C52B5A425200526595 /* tiaoz1.png in Resources */,
				47A2F0DA2B5A425200526595 /* shoutao.png in Resources */,
				47A2F0A92B5A425200526595 /* 背包.jpg in Resources */,
				47A2F0BF2B5A425200526595 /* 角色1场景.png in Resources */,
				47A2F0ED2B5A425200526595 /* 技能3.png in Resources */,
				47A2F0AA2B5A425200526595 /* 商城-提示2.jpg in Resources */,
				47A2F0BA2B5A425200526595 /* 钻石2.png in Resources */,
				47A2F0FD2B5A425200526595 /* 1290x2796-3.jpg in Resources */,
				47A2F0AD2B5A425200526595 /* 商城-道具.jpg in Resources */,
				47A2F0D42B5A425200526595 /* 确定按钮.png in Resources */,
				47A2F0B12B5A425200526595 /* 选角3.jpg in Resources */,
				47A2F0E62B5A425200526595 /* 界面人物.png in Resources */,
				47A2F0C22B5A425200526595 /* 头像.png in Resources */,
				47A2F0E92B5A425200526595 /* shuxlan.png in Resources */,
				47A2F0FA2B5A425200526595 /* 1242x2208.jpg in Resources */,
				47A2F1952B5A580B00526595 /* MSYHL.TTC in Resources */,
				47A2F0EB2B5A425200526595 /* yifu.png in Resources */,
				47A2F0E22B5A425200526595 /* 技能.png in Resources */,
				47A2F0F92B5A425200526595 /* 1290x2796.jpg in Resources */,
				47A2F0E82B5A425200526595 /* vs.png in Resources */,
				47A2F0D92B5A425200526595 /* x血条.png in Resources */,
				47A2F0AE2B5A425200526595 /* 挑战.jpg in Resources */,
				47A2F0F42B5A425200526595 /* 加载页.jpg in Resources */,
				47A2F0DF2B5A425200526595 /* 商店框.png in Resources */,
				47A2F0DC2B5A425200526595 /* wuzhi.png in Resources */,
				47A2F0DD2B5A425200526595 /* shu.png in Resources */,
				47A2F1012B5A425200526595 /* 2048x2732.jpg in Resources */,
				47A2F0C92B5A425200526595 /* 钻石6.png in Resources */,
				47A2F0B62B5A425200526595 /* 阵容2.png in Resources */,
				47A2F0A82B5A425200526595 /* 角色界面.jpg in Resources */,
				47A2F0CB2B5A425200526595 /* 阵营3.png in Resources */,
			);
			runOnlyForDeploymentPostprocessing = 0;
		};
/* End PBXResourcesBuildPhase section */

/* Begin PBXSourcesBuildPhase section */
		4704B8A92B33DC940012BBBB /* Sources */ = {
			isa = PBXSourcesBuildPhase;
			buildActionMask = 2147483647;
			files = (
				47A2F1082B5A425200526595 /* FMDatabaseQueue.m in Sources */,
				47A2F18F2B5A580B00526595 /* cls_SignViewController.m in Sources */,
				47A2F1992B5A580B00526595 /* cls_guankaViewController.m in Sources */,
				47A2F19D2B5A580B00526595 /* cls_equipModel.m in Sources */,
				47A2F1982B5A580B00526595 /* cls_GameSenceViewController.m in Sources */,
				47A2F1A52B5A580C00526595 /* cls_loseViewController.m in Sources */,
				47A2F18D2B5A580B00526595 /* cls_equipValueModel.m in Sources */,
				47A2F1A22B5A580C00526595 /* cls_MonsterNode.m in Sources */,
				4704B8B82B33DC940012BBBB /* ViewController.m in Sources */,
				47A2F19E2B5A580B00526595 /* cls_SigninModel.m in Sources */,
				47A2F1932B5A580B00526595 /* cls_UIViewFrameCategory.m in Sources */,
				4704B8B22B33DC940012BBBB /* AppDelegate.m in Sources */,
				47A2F19F2B5A580B00526595 /* cls_conjzebutton.m in Sources */,
				47A2F18E2B5A580B00526595 /* cls_ViewNameTag.m in Sources */,
				47A2F19C2B5A580B00526595 /* cls_SkillupgradeViewController.m in Sources */,
				47A2F1942B5A580B00526595 /* cls_warehouseModel.m in Sources */,
				47A2F10A2B5A425200526595 /* FMDatabase.m in Sources */,
				4704B8C32B33DC970012BBBB /* main.m in Sources */,
				47A2F1A12B5A580C00526595 /* cls_shopViewController.m in Sources */,
				47A2F19A2B5A580B00526595 /* cls_StashViewController.m in Sources */,
				47A2F1912B5A580B00526595 /* cls_victoryViewController.m in Sources */,
				47A2F1962B5A580B00526595 /* cls_userInfo.m in Sources */,
				47A2F10B2B5A425200526595 /* FMDatabasePool.m in Sources */,
				47A2F1A32B5A580C00526595 /* cls_baseModel.m in Sources */,
				47A2F1902B5A580B00526595 /* cls_VWWViewController.m in Sources */,
				47A2F1972B5A580B00526595 /* cls_gamescene.m in Sources */,
				47A2F10C2B5A425200526595 /* FMResultSet.m in Sources */,
				47A2F1A62B5A580C00526595 /* cls_xuetiaoNode.m in Sources */,
				47A2F1A02B5A580C00526595 /* cls_Tool.m in Sources */,
				47A2F1A42B5A580C00526595 /* cls_buttonBlock.m in Sources */,
				47A2F19B2B5A580B00526595 /* cls_MainHomePageViewController.m in Sources */,
				47A2F1A72B5A580C00526595 /* cls_itemSpriteNode.m in Sources */,
				47A2F1922B5A580B00526595 /* cls_BaseViewController.m in Sources */,
				47A2F1092B5A425200526595 /* FMDatabaseAdditions.m in Sources */,
			);
			runOnlyForDeploymentPostprocessing = 0;
		};
/* End PBXSourcesBuildPhase section */

/* Begin PBXVariantGroup section */
		4704B8B92B33DC940012BBBB /* Main.storyboard */ = {
			isa = PBXVariantGroup;
			children = (
				4704B8BA2B33DC940012BBBB /* Base */,
			);
			name = Main.storyboard;
			sourceTree = "<group>";
		};
		4704B8BE2B33DC970012BBBB /* LaunchScreen.storyboard */ = {
			isa = PBXVariantGroup;
			children = (
				4704B8BF2B33DC970012BBBB /* Base */,
			);
			name = LaunchScreen.storyboard;
			sourceTree = "<group>";
		};
/* End PBXVariantGroup section */

/* Begin XCBuildConfiguration section */
		4704B8C42B33DC970012BBBB /* Debug */ = {
			isa = XCBuildConfiguration;
			buildSettings = {
				ALWAYS_SEARCH_USER_PATHS = NO;
				CLANG_ANALYZER_NONNULL = YES;
				CLANG_ANALYZER_NUMBER_OBJECT_CONVERSION = YES_AGGRESSIVE;
				CLANG_CXX_LANGUAGE_STANDARD = "gnu++20";
				CLANG_ENABLE_MODULES = YES;
				CLANG_ENABLE_OBJC_ARC = YES;
				CLANG_ENABLE_OBJC_WEAK = YES;
				CLANG_WARN_BLOCK_CAPTURE_AUTORELEASING = YES;
				CLANG_WARN_BOOL_CONVERSION = YES;
				CLANG_WARN_COMMA = YES;
				CLANG_WARN_CONSTANT_CONVERSION = YES;
				CLANG_WARN_DEPRECATED_OBJC_IMPLEMENTATIONS = YES;
				CLANG_WARN_DIRECT_OBJC_ISA_USAGE = YES_ERROR;
				CLANG_WARN_DOCUMENTATION_COMMENTS = YES;
				CLANG_WARN_EMPTY_BODY = YES;
				CLANG_WARN_ENUM_CONVERSION = YES;
				CLANG_WARN_INFINITE_RECURSION = YES;
				CLANG_WARN_INT_CONVERSION = YES;
				CLANG_WARN_NON_LITERAL_NULL_CONVERSION = YES;
				CLANG_WARN_OBJC_IMPLICIT_RETAIN_SELF = YES;
				CLANG_WARN_OBJC_LITERAL_CONVERSION = YES;
				CLANG_WARN_OBJC_ROOT_CLASS = YES_ERROR;
				CLANG_WARN_QUOTED_INCLUDE_IN_FRAMEWORK_HEADER = YES;
				CLANG_WARN_RANGE_LOOP_ANALYSIS = YES;
				CLANG_WARN_STRICT_PROTOTYPES = YES;
				CLANG_WARN_SUSPICIOUS_MOVE = YES;
				CLANG_WARN_UNGUARDED_AVAILABILITY = YES_AGGRESSIVE;
				CLANG_WARN_UNREACHABLE_CODE = YES;
				CLANG_WARN__DUPLICATE_METHOD_MATCH = YES;
				COPY_PHASE_STRIP = NO;
				DEBUG_INFORMATION_FORMAT = dwarf;
				ENABLE_STRICT_OBJC_MSGSEND = YES;
				ENABLE_TESTABILITY = YES;
				GCC_C_LANGUAGE_STANDARD = gnu11;
				GCC_DYNAMIC_NO_PIC = NO;
				GCC_NO_COMMON_BLOCKS = YES;
				GCC_OPTIMIZATION_LEVEL = 0;
				GCC_PREPROCESSOR_DEFINITIONS = (
					"DEBUG=1",
					"$(inherited)",
				);
				GCC_WARN_64_TO_32_BIT_CONVERSION = YES;
				GCC_WARN_ABOUT_RETURN_TYPE = YES_ERROR;
				GCC_WARN_UNDECLARED_SELECTOR = YES;
				GCC_WARN_UNINITIALIZED_AUTOS = YES_AGGRESSIVE;
				GCC_WARN_UNUSED_FUNCTION = YES;
				GCC_WARN_UNUSED_VARIABLE = YES;
				IPHONEOS_DEPLOYMENT_TARGET = 16.2;
				MTL_ENABLE_DEBUG_INFO = INCLUDE_SOURCE;
				MTL_FAST_MATH = YES;
				ONLY_ACTIVE_ARCH = YES;
				SDKROOT = iphoneos;
			};
			name = Debug;
		};
		4704B8C52B33DC970012BBBB /* Release */ = {
			isa = XCBuildConfiguration;
			buildSettings = {
				ALWAYS_SEARCH_USER_PATHS = NO;
				CLANG_ANALYZER_NONNULL = YES;
				CLANG_ANALYZER_NUMBER_OBJECT_CONVERSION = YES_AGGRESSIVE;
				CLANG_CXX_LANGUAGE_STANDARD = "gnu++20";
				CLANG_ENABLE_MODULES = YES;
				CLANG_ENABLE_OBJC_ARC = YES;
				CLANG_ENABLE_OBJC_WEAK = YES;
				CLANG_WARN_BLOCK_CAPTURE_AUTORELEASING = YES;
				CLANG_WARN_BOOL_CONVERSION = YES;
				CLANG_WARN_COMMA = YES;
				CLANG_WARN_CONSTANT_CONVERSION = YES;
				CLANG_WARN_DEPRECATED_OBJC_IMPLEMENTATIONS = YES;
				CLANG_WARN_DIRECT_OBJC_ISA_USAGE = YES_ERROR;
				CLANG_WARN_DOCUMENTATION_COMMENTS = YES;
				CLANG_WARN_EMPTY_BODY = YES;
				CLANG_WARN_ENUM_CONVERSION = YES;
				CLANG_WARN_INFINITE_RECURSION = YES;
				CLANG_WARN_INT_CONVERSION = YES;
				CLANG_WARN_NON_LITERAL_NULL_CONVERSION = YES;
				CLANG_WARN_OBJC_IMPLICIT_RETAIN_SELF = YES;
				CLANG_WARN_OBJC_LITERAL_CONVERSION = YES;
				CLANG_WARN_OBJC_ROOT_CLASS = YES_ERROR;
				CLANG_WARN_QUOTED_INCLUDE_IN_FRAMEWORK_HEADER = YES;
				CLANG_WARN_RANGE_LOOP_ANALYSIS = YES;
				CLANG_WARN_STRICT_PROTOTYPES = YES;
				CLANG_WARN_SUSPICIOUS_MOVE = YES;
				CLANG_WARN_UNGUARDED_AVAILABILITY = YES_AGGRESSIVE;
				CLANG_WARN_UNREACHABLE_CODE = YES;
				CLANG_WARN__DUPLICATE_METHOD_MATCH = YES;
				COPY_PHASE_STRIP = NO;
				DEBUG_INFORMATION_FORMAT = "dwarf-with-dsym";
				ENABLE_NS_ASSERTIONS = NO;
				ENABLE_STRICT_OBJC_MSGSEND = YES;
				GCC_C_LANGUAGE_STANDARD = gnu11;
				GCC_NO_COMMON_BLOCKS = YES;
				GCC_WARN_64_TO_32_BIT_CONVERSION = YES;
				GCC_WARN_ABOUT_RETURN_TYPE = YES_ERROR;
				GCC_WARN_UNDECLARED_SELECTOR = YES;
				GCC_WARN_UNINITIALIZED_AUTOS = YES_AGGRESSIVE;
				GCC_WARN_UNUSED_FUNCTION = YES;
				GCC_WARN_UNUSED_VARIABLE = YES;
				IPHONEOS_DEPLOYMENT_TARGET = 16.2;
				MTL_ENABLE_DEBUG_INFO = NO;
				MTL_FAST_MATH = YES;
				SDKROOT = iphoneos;
				VALIDATE_PRODUCT = YES;
			};
			name = Release;
		};
		4704B8C72B33DC970012BBBB /* Debug */ = {
			isa = XCBuildConfiguration;
			buildSettings = {
				ASSETCATALOG_COMPILER_APPICON_NAME = AppIcon;
				ASSETCATALOG_COMPILER_GLOBAL_ACCENT_COLOR_NAME = AccentColor;
				CODE_SIGN_STYLE = Automatic;
				CURRENT_PROJECT_VERSION = 1;
				DEVELOPMENT_TEAM = NS5PSE8BGV;
				GENERATE_INFOPLIST_FILE = YES;
				INFOPLIST_FILE = erciyuan/Info.plist;
				INFOPLIST_KEY_UIApplicationSupportsIndirectInputEvents = YES;
				INFOPLIST_KEY_UILaunchStoryboardName = LaunchScreen;
				INFOPLIST_KEY_UIMainStoryboardFile = "";
				INFOPLIST_KEY_UISupportedInterfaceOrientations_iPad = "UIInterfaceOrientationPortrait UIInterfaceOrientationPortraitUpsideDown UIInterfaceOrientationLandscapeLeft UIInterfaceOrientationLandscapeRight";
				INFOPLIST_KEY_UISupportedInterfaceOrientations_iPhone = "UIInterfaceOrientationPortrait UIInterfaceOrientationLandscapeLeft UIInterfaceOrientationLandscapeRight";
				IPHONEOS_DEPLOYMENT_TARGET = 12.2;
				LD_RUNPATH_SEARCH_PATHS = (
					"$(inherited)",
					"@executable_path/Frameworks",
				);
				MARKETING_VERSION = 1.0;
				PRODUCT_BUNDLE_IDENTIFIER = com.Kratos28.net.erciyuan;
				PRODUCT_NAME = "$(TARGET_NAME)";
				SUPPORTED_PLATFORMS = "iphoneos iphonesimulator";
				SUPPORTS_MACCATALYST = NO;
				SUPPORTS_MAC_DESIGNED_FOR_IPHONE_IPAD = NO;
				SWIFT_EMIT_LOC_STRINGS = YES;
				TARGETED_DEVICE_FAMILY = "1,2";
			};
			name = Debug;
		};
		4704B8C82B33DC970012BBBB /* Release */ = {
			isa = XCBuildConfiguration;
			buildSettings = {
				ASSETCATALOG_COMPILER_APPICON_NAME = AppIcon;
				ASSETCATALOG_COMPILER_GLOBAL_ACCENT_COLOR_NAME = AccentColor;
				CODE_SIGN_STYLE = Automatic;
				CURRENT_PROJECT_VERSION = 1;
				DEVELOPMENT_TEAM = NS5PSE8BGV;
				GENERATE_INFOPLIST_FILE = YES;
				INFOPLIST_FILE = erciyuan/Info.plist;
				INFOPLIST_KEY_UIApplicationSupportsIndirectInputEvents = YES;
				INFOPLIST_KEY_UILaunchStoryboardName = LaunchScreen;
				INFOPLIST_KEY_UIMainStoryboardFile = "";
				INFOPLIST_KEY_UISupportedInterfaceOrientations_iPad = "UIInterfaceOrientationPortrait UIInterfaceOrientationPortraitUpsideDown UIInterfaceOrientationLandscapeLeft UIInterfaceOrientationLandscapeRight";
				INFOPLIST_KEY_UISupportedInterfaceOrientations_iPhone = "UIInterfaceOrientationPortrait UIInterfaceOrientationLandscapeLeft UIInterfaceOrientationLandscapeRight";
				IPHONEOS_DEPLOYMENT_TARGET = 12.2;
				LD_RUNPATH_SEARCH_PATHS = (
					"$(inherited)",
					"@executable_path/Frameworks",
				);
				MARKETING_VERSION = 1.0;
				PRODUCT_BUNDLE_IDENTIFIER = com.Kratos28.net.erciyuan;
				PRODUCT_NAME = "$(TARGET_NAME)";
				SUPPORTED_PLATFORMS = "iphoneos iphonesimulator";
				SUPPORTS_MACCATALYST = NO;
				SUPPORTS_MAC_DESIGNED_FOR_IPHONE_IPAD = NO;
				SWIFT_EMIT_LOC_STRINGS = YES;
				TARGETED_DEVICE_FAMILY = "1,2";
			};
			name = Release;
		};
/* End XCBuildConfiguration section */

/* Begin XCConfigurationList section */
		4704B8A82B33DC940012BBBB /* Build configuration list for PBXProject "erciyuan" */ = {
			isa = XCConfigurationList;
			buildConfigurations = (
				4704B8C42B33DC970012BBBB /* Debug */,
				4704B8C52B33DC970012BBBB /* Release */,
			);
			defaultConfigurationIsVisible = 0;
			defaultConfigurationName = Release;
		};
		4704B8C62B33DC970012BBBB /* Build configuration list for PBXNativeTarget "erciyuan" */ = {
			isa = XCConfigurationList;
			buildConfigurations = (
				4704B8C72B33DC970012BBBB /* Debug */,
				4704B8C82B33DC970012BBBB /* Release */,
			);
			defaultConfigurationIsVisible = 0;
			defaultConfigurationName = Release;
		};
/* End XCConfigurationList section */
	};
	rootObject = 4704B8A52B33DC940012BBBB /* Project object */;
}
