// !$*UTF8*$!
{
	archiveVersion = 1;
	classes = {
	};
	objectVersion = 56;
	objects = {

/* Begin PBXBuildFile section */
		0A1FF5A62B752B5000048D78 /* cls_RoleViewController.m in Sources */ = {isa = PBXBuildFile; fileRef = 0A1FF5A52B752B5000048D78 /* cls_RoleViewController.m */; };
		0AAD883A2B9C50DC002069CD /* YQInAppPurchaseTool.m in Sources */ = {isa = PBXBuildFile; fileRef = 0AAD88382B9C50DC002069CD /* YQInAppPurchaseTool.m */; };
		0AAD883D2B9C51BD002069CD /* QF_HZActivityIndicatorView.m in Sources */ = {isa = PBXBuildFile; fileRef = 0AAD883B2B9C51BD002069CD /* QF_HZActivityIndicatorView.m */; };
		0AAD88402B9C60A3002069CD /* cls_paceViewController.m in Sources */ = {isa = PBXBuildFile; fileRef = 0AAD883F2B9C60A3002069CD /* cls_paceViewController.m */; };
		0AEDF98A2B9388D400AE92CA /* cls_shangchengViewController.m in Sources */ = {isa = PBXBuildFile; fileRef = 0AEDF9892B9388D400AE92CA /* cls_shangchengViewController.m */; };
		4704B8B22B33DC940012BBBB /* AppDelegate.m in Sources */ = {isa = PBXBuildFile; fileRef = 4704B8B12B33DC940012BBBB /* AppDelegate.m */; };
		4704B8B82B33DC940012BBBB /* ViewController.m in Sources */ = {isa = PBXBuildFile; fileRef = 4704B8B72B33DC940012BBBB /* ViewController.m */; };
		4704B8BB2B33DC940012BBBB /* Main.storyboard in Resources */ = {isa = PBXBuildFile; fileRef = 4704B8B92B33DC940012BBBB /* Main.storyboard */; };
		4704B8BD2B33DC970012BBBB /* Assets.xcassets in Resources */ = {isa = PBXBuildFile; fileRef = 4704B8BC2B33DC970012BBBB /* Assets.xcassets */; };
		4704B8C02B33DC970012BBBB /* LaunchScreen.storyboard in Resources */ = {isa = PBXBuildFile; fileRef = 4704B8BE2B33DC970012BBBB /* LaunchScreen.storyboard */; };
		4704B8C32B33DC970012BBBB /* main.m in Sources */ = {isa = PBXBuildFile; fileRef = 4704B8C22B33DC970012BBBB /* main.m */; };
		47A2F1082B5A425200526595 /* FMDatabaseQueue.m in Sources */ = {isa = PBXBuildFile; fileRef = 47A2F0992B5A425100526595 /* FMDatabaseQueue.m */; };
		47A2F1092B5A425200526595 /* FMDatabaseAdditions.m in Sources */ = {isa = PBXBuildFile; fileRef = 47A2F09C2B5A425200526595 /* FMDatabaseAdditions.m */; };
		47A2F10A2B5A425200526595 /* FMDatabase.m in Sources */ = {isa = PBXBuildFile; fileRef = 47A2F09D2B5A425200526595 /* FMDatabase.m */; };
		47A2F10B2B5A425200526595 /* FMDatabasePool.m in Sources */ = {isa = PBXBuildFile; fileRef = 47A2F0A12B5A425200526595 /* FMDatabasePool.m */; };
		47A2F10C2B5A425200526595 /* FMResultSet.m in Sources */ = {isa = PBXBuildFile; fileRef = 47A2F0A22B5A425200526595 /* FMResultSet.m */; };
		658900F02B653A65006F1884 /* 钻石3.png in Resources */ = {isa = PBXBuildFile; fileRef = 658900A82B653A65006F1884 /* 钻石3.png */; };
		658900F12B653A65006F1884 /* 对战技能.png in Resources */ = {isa = PBXBuildFile; fileRef = 658900A92B653A65006F1884 /* 对战技能.png */; };
		658900F22B653A65006F1884 /* 主界面信息条.png in Resources */ = {isa = PBXBuildFile; fileRef = 658900AA2B653A65006F1884 /* 主界面信息条.png */; };
		658900F32B653A65006F1884 /* 阵容2.png in Resources */ = {isa = PBXBuildFile; fileRef = 658900AB2B653A65006F1884 /* 阵容2.png */; };
		658900F42B653A65006F1884 /* 角色3场景.png in Resources */ = {isa = PBXBuildFile; fileRef = 658900AC2B653A65006F1884 /* 角色3场景.png */; };
		658900F52B653A65006F1884 /* tiaoz6.png in Resources */ = {isa = PBXBuildFile; fileRef = 658900AD2B653A65006F1884 /* tiaoz6.png */; };
		658900F62B653A65006F1884 /* 按钮1.png in Resources */ = {isa = PBXBuildFile; fileRef = 658900AE2B653A65006F1884 /* 按钮1.png */; };
		658900F72B653A65006F1884 /* 钻石2.png in Resources */ = {isa = PBXBuildFile; fileRef = 658900AF2B653A65006F1884 /* 钻石2.png */; };
		658900F82B653A65006F1884 /* 按钮3.png in Resources */ = {isa = PBXBuildFile; fileRef = 658900B02B653A65006F1884 /* 按钮3.png */; };
		658900F92B653A65006F1884 /* 阵容1.png in Resources */ = {isa = PBXBuildFile; fileRef = 658900B12B653A65006F1884 /* 阵容1.png */; };
		658900FA2B653A65006F1884 /* 商店.png in Resources */ = {isa = PBXBuildFile; fileRef = 658900B22B653A65006F1884 /* 商店.png */; };
		658900FB2B653A65006F1884 /* tiaoz5.png in Resources */ = {isa = PBXBuildFile; fileRef = 658900B32B653A65006F1884 /* tiaoz5.png */; };
		658900FC2B653A65006F1884 /* tiaoz4.png in Resources */ = {isa = PBXBuildFile; fileRef = 658900B42B653A65006F1884 /* tiaoz4.png */; };
		658900FD2B653A65006F1884 /* 角色1场景.png in Resources */ = {isa = PBXBuildFile; fileRef = 658900B52B653A65006F1884 /* 角色1场景.png */; };
		658900FE2B653A65006F1884 /* 按钮2.png in Resources */ = {isa = PBXBuildFile; fileRef = 658900B62B653A65006F1884 /* 按钮2.png */; };
		658900FF2B653A65006F1884 /* 钻石1.png in Resources */ = {isa = PBXBuildFile; fileRef = 658900B72B653A65006F1884 /* 钻石1.png */; };
		658901002B653A65006F1884 /* 头像.png in Resources */ = {isa = PBXBuildFile; fileRef = 658900B82B653A65006F1884 /* 头像.png */; };
		658901012B653A65006F1884 /* 钻石5.png in Resources */ = {isa = PBXBuildFile; fileRef = 658900B92B653A65006F1884 /* 钻石5.png */; };
		658901022B653A65006F1884 /* 角色2.png in Resources */ = {isa = PBXBuildFile; fileRef = 658900BA2B653A65006F1884 /* 角色2.png */; };
		658901032B653A65006F1884 /* tiaoz1.png in Resources */ = {isa = PBXBuildFile; fileRef = 658900BB2B653A65006F1884 /* tiaoz1.png */; };
		658901042B653A65006F1884 /* 角色3.png in Resources */ = {isa = PBXBuildFile; fileRef = 658900BC2B653A65006F1884 /* 角色3.png */; };
		658901052B653A65006F1884 /* 钻石4.png in Resources */ = {isa = PBXBuildFile; fileRef = 658900BD2B653A65006F1884 /* 钻石4.png */; };
		658901062B653A65006F1884 /* shali.png in Resources */ = {isa = PBXBuildFile; fileRef = 658900BE2B653A65006F1884 /* shali.png */; };
		658901072B653A65006F1884 /* 钻石6.png in Resources */ = {isa = PBXBuildFile; fileRef = 658900BF2B653A65006F1884 /* 钻石6.png */; };
		658901082B653A65006F1884 /* 角色1.png in Resources */ = {isa = PBXBuildFile; fileRef = 658900C02B653A65006F1884 /* 角色1.png */; };
		658901092B653A65006F1884 /* 阵营3.png in Resources */ = {isa = PBXBuildFile; fileRef = 658900C12B653A65006F1884 /* 阵营3.png */; };
		6589010A2B653A65006F1884 /* tiaoz3.png in Resources */ = {isa = PBXBuildFile; fileRef = 658900C22B653A65006F1884 /* tiaoz3.png */; };
		6589010B2B653A65006F1884 /* 主界面下方条.png in Resources */ = {isa = PBXBuildFile; fileRef = 658900C32B653A65006F1884 /* 主界面下方条.png */; };
		6589010C2B653A65006F1884 /* tiaoz2.png in Resources */ = {isa = PBXBuildFile; fileRef = 658900C42B653A65006F1884 /* tiaoz2.png */; };
		6589010D2B653A65006F1884 /* 按钮4.png in Resources */ = {isa = PBXBuildFile; fileRef = 658900C52B653A65006F1884 /* 按钮4.png */; };
		6589010E2B653A65006F1884 /* 开始按钮.png in Resources */ = {isa = PBXBuildFile; fileRef = 658900C62B653A65006F1884 /* 开始按钮.png */; };
		6589010F2B653A65006F1884 /* 排行.png in Resources */ = {isa = PBXBuildFile; fileRef = 658900C72B653A65006F1884 /* 排行.png */; };
		658901102B653A65006F1884 /* 角色2场景.png in Resources */ = {isa = PBXBuildFile; fileRef = 658900C82B653A65006F1884 /* 角色2场景.png */; };
		658901112B653A65006F1884 /* 失败.png in Resources */ = {isa = PBXBuildFile; fileRef = 658900C92B653A65006F1884 /* 失败.png */; };
		658901122B653A65006F1884 /* 鞋子.png in Resources */ = {isa = PBXBuildFile; fileRef = 658900CA2B653A65006F1884 /* 鞋子.png */; };
		658901132B653A65006F1884 /* 背包.png in Resources */ = {isa = PBXBuildFile; fileRef = 658900CB2B653A65006F1884 /* 背包.png */; };
		658901142B653A65006F1884 /* 确定按钮.png in Resources */ = {isa = PBXBuildFile; fileRef = 658900CC2B653A65006F1884 /* 确定按钮.png */; };
		658901152B653A65006F1884 /* jiemianlan.png in Resources */ = {isa = PBXBuildFile; fileRef = 658900CD2B653A65006F1884 /* jiemianlan.png */; };
		658901162B653A65006F1884 /* 活动更新.png in Resources */ = {isa = PBXBuildFile; fileRef = 658900CE2B653A65006F1884 /* 活动更新.png */; };
		658901172B653A65006F1884 /* jiesejiemianbeij.png in Resources */ = {isa = PBXBuildFile; fileRef = 658900CF2B653A65006F1884 /* jiesejiemianbeij.png */; };
		658901182B653A65006F1884 /* zhouyu.png in Resources */ = {isa = PBXBuildFile; fileRef = 658900D02B653A65006F1884 /* zhouyu.png */; };
		658901192B653A65006F1884 /* x血条.png in Resources */ = {isa = PBXBuildFile; fileRef = 658900D12B653A65006F1884 /* x血条.png */; };
		6589011A2B653A65006F1884 /* shoutao.png in Resources */ = {isa = PBXBuildFile; fileRef = 658900D22B653A65006F1884 /* shoutao.png */; };
		6589011B2B653A65006F1884 /* 挑战.png in Resources */ = {isa = PBXBuildFile; fileRef = 658900D32B653A65006F1884 /* 挑战.png */; };
		6589011C2B653A65006F1884 /* fwpq.jpg in Resources */ = {isa = PBXBuildFile; fileRef = 658900D42B653A65006F1884 /* fwpq.jpg */; };
		6589011D2B653A65006F1884 /* zhuangbeikuang.png in Resources */ = {isa = PBXBuildFile; fileRef = 658900D52B653A65006F1884 /* zhuangbeikuang.png */; };
		6589011E2B653A65006F1884 /* wuzhi.png in Resources */ = {isa = PBXBuildFile; fileRef = 658900D62B653A65006F1884 /* wuzhi.png */; };
		6589011F2B653A65006F1884 /* shu.png in Resources */ = {isa = PBXBuildFile; fileRef = 658900D72B653A65006F1884 /* shu.png */; };
		658901202B653A65006F1884 /* 角色.png in Resources */ = {isa = PBXBuildFile; fileRef = 658900D82B653A65006F1884 /* 角色.png */; };
		658901212B653A65006F1884 /* caisxieann.png in Resources */ = {isa = PBXBuildFile; fileRef = 658900D92B653A65006F1884 /* caisxieann.png */; };
		658901222B653A65006F1884 /* 商店框.png in Resources */ = {isa = PBXBuildFile; fileRef = 658900DA2B653A65006F1884 /* 商店框.png */; };
		658901232B653A65006F1884 /* xurtiao.png in Resources */ = {isa = PBXBuildFile; fileRef = 658900DB2B653A65006F1884 /* xurtiao.png */; };
		658901242B653A65006F1884 /* chibang.png in Resources */ = {isa = PBXBuildFile; fileRef = 658900DC2B653A65006F1884 /* chibang.png */; };
		658901252B653A65006F1884 /* 技能.png in Resources */ = {isa = PBXBuildFile; fileRef = 658900DD2B653A65006F1884 /* 技能.png */; };
		658901262B653A65006F1884 /* 选角按钮.png in Resources */ = {isa = PBXBuildFile; fileRef = 658900DE2B653A65006F1884 /* 选角按钮.png */; };
		658901272B653A65006F1884 /* nengliangping.png in Resources */ = {isa = PBXBuildFile; fileRef = 658900DF2B653A65006F1884 /* nengliangping.png */; };
		658901282B653A65006F1884 /* mofabang.png in Resources */ = {isa = PBXBuildFile; fileRef = 658900E02B653A65006F1884 /* mofabang.png */; };
		658901292B653A65006F1884 /* 界面人物.png in Resources */ = {isa = PBXBuildFile; fileRef = 658900E12B653A65006F1884 /* 界面人物.png */; };
		6589012A2B653A65006F1884 /* 任务.png in Resources */ = {isa = PBXBuildFile; fileRef = 658900E22B653A65006F1884 /* 任务.png */; };
		6589012B2B653A65006F1884 /* 福利礼物.png in Resources */ = {isa = PBXBuildFile; fileRef = 658900E32B653A65006F1884 /* 福利礼物.png */; };
		6589012C2B653A65006F1884 /* vs.png in Resources */ = {isa = PBXBuildFile; fileRef = 658900E42B653A65006F1884 /* vs.png */; };
		6589012D2B653A65006F1884 /* shuxlan.png in Resources */ = {isa = PBXBuildFile; fileRef = 658900E52B653A65006F1884 /* shuxlan.png */; };
		6589012E2B653A65006F1884 /* 技能2.png in Resources */ = {isa = PBXBuildFile; fileRef = 658900E62B653A65006F1884 /* 技能2.png */; };
		6589012F2B653A65006F1884 /* yifu.png in Resources */ = {isa = PBXBuildFile; fileRef = 658900E72B653A65006F1884 /* yifu.png */; };
		658901302B653A65006F1884 /* chuandaiann.png in Resources */ = {isa = PBXBuildFile; fileRef = 658900E82B653A65006F1884 /* chuandaiann.png */; };
		658901312B653A65006F1884 /* 技能3.png in Resources */ = {isa = PBXBuildFile; fileRef = 658900E92B653A65006F1884 /* 技能3.png */; };
		658901322B653A65006F1884 /* zuans.png in Resources */ = {isa = PBXBuildFile; fileRef = 658900EA2B653A65006F1884 /* zuans.png */; };
		658901332B653A65006F1884 /* 界面背景.png in Resources */ = {isa = PBXBuildFile; fileRef = 658900EB2B653A65006F1884 /* 界面背景.png */; };
		658901342B653A65006F1884 /* 提示框.png in Resources */ = {isa = PBXBuildFile; fileRef = 658900EC2B653A65006F1884 /* 提示框.png */; };
		658901352B653A65006F1884 /* mogu.png in Resources */ = {isa = PBXBuildFile; fileRef = 658900ED2B653A65006F1884 /* mogu.png */; };
		658901362B653A65006F1884 /* xuanwo.png in Resources */ = {isa = PBXBuildFile; fileRef = 658900EE2B653A65006F1884 /* xuanwo.png */; };
		658901372B653A65006F1884 /* shujing.png in Resources */ = {isa = PBXBuildFile; fileRef = 658900EF2B653A65006F1884 /* shujing.png */; };
		6589013A2B653E24006F1884 /* cls_qiantianfuliViewController.m in Sources */ = {isa = PBXBuildFile; fileRef = 658901392B653E24006F1884 /* cls_qiantianfuliViewController.m */; };
		658D5DA72B5C0E920079C1A3 /* cls_equipValueModel.m in Sources */ = {isa = PBXBuildFile; fileRef = 658D5D722B5C0E920079C1A3 /* cls_equipValueModel.m */; };
		658D5DA82B5C0E920079C1A3 /* cls_ViewNameTag.m in Sources */ = {isa = PBXBuildFile; fileRef = 658D5D732B5C0E920079C1A3 /* cls_ViewNameTag.m */; };
		658D5DAA2B5C0E920079C1A3 /* cls_VWWViewController.m in Sources */ = {isa = PBXBuildFile; fileRef = 658D5D782B5C0E920079C1A3 /* cls_VWWViewController.m */; };
		658D5DAB2B5C0E920079C1A3 /* cls_victoryViewController.m in Sources */ = {isa = PBXBuildFile; fileRef = 658D5D792B5C0E920079C1A3 /* cls_victoryViewController.m */; };
		658D5DAC2B5C0E920079C1A3 /* cls_BaseViewController.m in Sources */ = {isa = PBXBuildFile; fileRef = 658D5D7B2B5C0E920079C1A3 /* cls_BaseViewController.m */; };
		658D5DAD2B5C0E920079C1A3 /* cls_UIViewFrameCategory.m in Sources */ = {isa = PBXBuildFile; fileRef = 658D5D7C2B5C0E920079C1A3 /* cls_UIViewFrameCategory.m */; };
		658D5DAE2B5C0E920079C1A3 /* cls_warehouseModel.m in Sources */ = {isa = PBXBuildFile; fileRef = 658D5D7E2B5C0E920079C1A3 /* cls_warehouseModel.m */; };
		658D5DAF2B5C0E920079C1A3 /* MSYHL.TTC in Resources */ = {isa = PBXBuildFile; fileRef = 658D5D7F2B5C0E920079C1A3 /* MSYHL.TTC */; };
		658D5DB02B5C0E920079C1A3 /* cls_userInfo.m in Sources */ = {isa = PBXBuildFile; fileRef = 658D5D802B5C0E920079C1A3 /* cls_userInfo.m */; };
		658D5DB52B5C0E920079C1A3 /* cls_MainHomePageViewController.m in Sources */ = {isa = PBXBuildFile; fileRef = 658D5D852B5C0E920079C1A3 /* cls_MainHomePageViewController.m */; };
		658D5DB72B5C0E920079C1A3 /* cls_equipModel.m in Sources */ = {isa = PBXBuildFile; fileRef = 658D5D872B5C0E920079C1A3 /* cls_equipModel.m */; };
		658D5DB82B5C0E920079C1A3 /* cls_SigninModel.m in Sources */ = {isa = PBXBuildFile; fileRef = 658D5D882B5C0E920079C1A3 /* cls_SigninModel.m */; };
		658D5DB92B5C0E920079C1A3 /* cls_conjzebutton.m in Sources */ = {isa = PBXBuildFile; fileRef = 658D5D892B5C0E920079C1A3 /* cls_conjzebutton.m */; };
		658D5DBA2B5C0E920079C1A3 /* cls_Tool.m in Sources */ = {isa = PBXBuildFile; fileRef = 658D5D8A2B5C0E920079C1A3 /* cls_Tool.m */; };
		658D5DBB2B5C0E920079C1A3 /* cls_shopViewController.m in Sources */ = {isa = PBXBuildFile; fileRef = 658D5D8B2B5C0E920079C1A3 /* cls_shopViewController.m */; };
		658D5DBC2B5C0E920079C1A3 /* cls_MonsterNode.m in Sources */ = {isa = PBXBuildFile; fileRef = 658D5D8C2B5C0E920079C1A3 /* cls_MonsterNode.m */; };
		658D5DBD2B5C0E920079C1A3 /* cls_baseModel.m in Sources */ = {isa = PBXBuildFile; fileRef = 658D5D902B5C0E920079C1A3 /* cls_baseModel.m */; };
		658D5DBE2B5C0E920079C1A3 /* cls_buttonBlock.m in Sources */ = {isa = PBXBuildFile; fileRef = 658D5D922B5C0E920079C1A3 /* cls_buttonBlock.m */; };
		658D5DC02B5C0E920079C1A3 /* cls_xuetiaoNode.m in Sources */ = {isa = PBXBuildFile; fileRef = 658D5D982B5C0E920079C1A3 /* cls_xuetiaoNode.m */; };
		658D5DC12B5C0E920079C1A3 /* cls_itemSpriteNode.m in Sources */ = {isa = PBXBuildFile; fileRef = 658D5D992B5C0E920079C1A3 /* cls_itemSpriteNode.m */; };
		658D5E7C2B5C14CA0079C1A3 /* 二次元icon.jpg in Resources */ = {isa = PBXBuildFile; fileRef = 658D5E192B5C14C90079C1A3 /* 二次元icon.jpg */; };
		658D5E7D2B5C14CA0079C1A3 /* 1290x2796.jpg in Resources */ = {isa = PBXBuildFile; fileRef = 658D5E1A2B5C14C90079C1A3 /* 1290x2796.jpg */; };
		658D5E7E2B5C14CA0079C1A3 /* 1242x2208.jpg in Resources */ = {isa = PBXBuildFile; fileRef = 658D5E1B2B5C14C90079C1A3 /* 1242x2208.jpg */; };
		658D5E7F2B5C14CA0079C1A3 /* 2048x2732-3.jpg in Resources */ = {isa = PBXBuildFile; fileRef = 658D5E1C2B5C14C90079C1A3 /* 2048x2732-3.jpg */; };
		658D5E802B5C14CA0079C1A3 /* 1290x2796-2.jpg in Resources */ = {isa = PBXBuildFile; fileRef = 658D5E1D2B5C14C90079C1A3 /* 1290x2796-2.jpg */; };
		658D5E812B5C14CA0079C1A3 /* 1290x2796-3.jpg in Resources */ = {isa = PBXBuildFile; fileRef = 658D5E1E2B5C14C90079C1A3 /* 1290x2796-3.jpg */; };
		658D5E822B5C14CA0079C1A3 /* 2048x2732-2.jpg in Resources */ = {isa = PBXBuildFile; fileRef = 658D5E1F2B5C14C90079C1A3 /* 2048x2732-2.jpg */; };
		658D5E832B5C14CA0079C1A3 /* 1242x2208-5.jpg in Resources */ = {isa = PBXBuildFile; fileRef = 658D5E202B5C14C90079C1A3 /* 1242x2208-5.jpg */; };
		658D5E842B5C14CA0079C1A3 /* 1242x2208-4.jpg in Resources */ = {isa = PBXBuildFile; fileRef = 658D5E212B5C14C90079C1A3 /* 1242x2208-4.jpg */; };
		658D5E852B5C14CA0079C1A3 /* 2048x2732.jpg in Resources */ = {isa = PBXBuildFile; fileRef = 658D5E222B5C14C90079C1A3 /* 2048x2732.jpg */; };
		658D5E862B5C14CA0079C1A3 /* 2048x2732-5.jpg in Resources */ = {isa = PBXBuildFile; fileRef = 658D5E232B5C14C90079C1A3 /* 2048x2732-5.jpg */; };
		658D5E872B5C14CA0079C1A3 /* 1290x2796-4.jpg in Resources */ = {isa = PBXBuildFile; fileRef = 658D5E242B5C14C90079C1A3 /* 1290x2796-4.jpg */; };
		658D5E882B5C14CA0079C1A3 /* 1290x2796-5.jpg in Resources */ = {isa = PBXBuildFile; fileRef = 658D5E252B5C14C90079C1A3 /* 1290x2796-5.jpg */; };
		658D5E892B5C14CA0079C1A3 /* 2048x2732-4.jpg in Resources */ = {isa = PBXBuildFile; fileRef = 658D5E262B5C14C90079C1A3 /* 2048x2732-4.jpg */; };
		658D5E8A2B5C14CA0079C1A3 /* 1242x2208-3.jpg in Resources */ = {isa = PBXBuildFile; fileRef = 658D5E272B5C14C90079C1A3 /* 1242x2208-3.jpg */; };
		658D5E8B2B5C14CA0079C1A3 /* 1242x2208-2.jpg in Resources */ = {isa = PBXBuildFile; fileRef = 658D5E282B5C14C90079C1A3 /* 1242x2208-2.jpg */; };
/* End PBXBuildFile section */

/* Begin PBXFileReference section */
		0A1FF5A42B752B5000048D78 /* cls_RoleViewController.h */ = {isa = PBXFileReference; lastKnownFileType = sourcecode.c.h; path = cls_RoleViewController.h; sourceTree = "<group>"; };
		0A1FF5A52B752B5000048D78 /* cls_RoleViewController.m */ = {isa = PBXFileReference; lastKnownFileType = sourcecode.c.objc; path = cls_RoleViewController.m; sourceTree = "<group>"; };
		0AAD88382B9C50DC002069CD /* YQInAppPurchaseTool.m */ = {isa = PBXFileReference; fileEncoding = 4; lastKnownFileType = sourcecode.c.objc; path = YQInAppPurchaseTool.m; sourceTree = "<group>"; };
		0AAD88392B9C50DC002069CD /* YQInAppPurchaseTool.h */ = {isa = PBXFileReference; fileEncoding = 4; lastKnownFileType = sourcecode.c.h; path = YQInAppPurchaseTool.h; sourceTree = "<group>"; };
		0AAD883B2B9C51BD002069CD /* QF_HZActivityIndicatorView.m */ = {isa = PBXFileReference; fileEncoding = 4; lastKnownFileType = sourcecode.c.objc; path = QF_HZActivityIndicatorView.m; sourceTree = "<group>"; };
		0AAD883C2B9C51BD002069CD /* QF_HZActivityIndicatorView.h */ = {isa = PBXFileReference; fileEncoding = 4; lastKnownFileType = sourcecode.c.h; path = QF_HZActivityIndicatorView.h; sourceTree = "<group>"; };
		0AAD883E2B9C60A3002069CD /* cls_paceViewController.h */ = {isa = PBXFileReference; lastKnownFileType = sourcecode.c.h; path = cls_paceViewController.h; sourceTree = "<group>"; };
		0AAD883F2B9C60A3002069CD /* cls_paceViewController.m */ = {isa = PBXFileReference; lastKnownFileType = sourcecode.c.objc; path = cls_paceViewController.m; sourceTree = "<group>"; };
		0AEDF9882B9388D400AE92CA /* cls_shangchengViewController.h */ = {isa = PBXFileReference; lastKnownFileType = sourcecode.c.h; path = cls_shangchengViewController.h; sourceTree = "<group>"; };
		0AEDF9892B9388D400AE92CA /* cls_shangchengViewController.m */ = {isa = PBXFileReference; lastKnownFileType = sourcecode.c.objc; path = cls_shangchengViewController.m; sourceTree = "<group>"; };
		4704B8AD2B33DC940012BBBB /* erciyuan.app */ = {isa = PBXFileReference; explicitFileType = wrapper.application; includeInIndex = 0; path = erciyuan.app; sourceTree = BUILT_PRODUCTS_DIR; };
		4704B8B02B33DC940012BBBB /* AppDelegate.h */ = {isa = PBXFileReference; lastKnownFileType = sourcecode.c.h; path = AppDelegate.h; sourceTree = "<group>"; };
		4704B8B12B33DC940012BBBB /* AppDelegate.m */ = {isa = PBXFileReference; lastKnownFileType = sourcecode.c.objc; path = AppDelegate.m; sourceTree = "<group>"; };
		4704B8B62B33DC940012BBBB /* ViewController.h */ = {isa = PBXFileReference; lastKnownFileType = sourcecode.c.h; path = ViewController.h; sourceTree = "<group>"; };
		4704B8B72B33DC940012BBBB /* ViewController.m */ = {isa = PBXFileReference; lastKnownFileType = sourcecode.c.objc; path = ViewController.m; sourceTree = "<group>"; };
		4704B8BA2B33DC940012BBBB /* Base */ = {isa = PBXFileReference; lastKnownFileType = file.storyboard; name = Base; path = Base.lproj/Main.storyboard; sourceTree = "<group>"; };
		4704B8BC2B33DC970012BBBB /* Assets.xcassets */ = {isa = PBXFileReference; lastKnownFileType = folder.assetcatalog; path = Assets.xcassets; sourceTree = "<group>"; };
		4704B8BF2B33DC970012BBBB /* Base */ = {isa = PBXFileReference; lastKnownFileType = file.storyboard; name = Base; path = Base.lproj/LaunchScreen.storyboard; sourceTree = "<group>"; };
		4704B8C12B33DC970012BBBB /* Info.plist */ = {isa = PBXFileReference; lastKnownFileType = text.plist.xml; path = Info.plist; sourceTree = "<group>"; };
		4704B8C22B33DC970012BBBB /* main.m */ = {isa = PBXFileReference; lastKnownFileType = sourcecode.c.objc; path = main.m; sourceTree = "<group>"; };
		47A2F0982B5A425100526595 /* FMDatabase.h */ = {isa = PBXFileReference; fileEncoding = 4; lastKnownFileType = sourcecode.c.h; path = FMDatabase.h; sourceTree = "<group>"; };
		47A2F0992B5A425100526595 /* FMDatabaseQueue.m */ = {isa = PBXFileReference; fileEncoding = 4; lastKnownFileType = sourcecode.c.objc; path = FMDatabaseQueue.m; sourceTree = "<group>"; };
		47A2F09A2B5A425100526595 /* FMResultSet.h */ = {isa = PBXFileReference; fileEncoding = 4; lastKnownFileType = sourcecode.c.h; path = FMResultSet.h; sourceTree = "<group>"; };
		47A2F09B2B5A425200526595 /* FMDatabasePool.h */ = {isa = PBXFileReference; fileEncoding = 4; lastKnownFileType = sourcecode.c.h; path = FMDatabasePool.h; sourceTree = "<group>"; };
		47A2F09C2B5A425200526595 /* FMDatabaseAdditions.m */ = {isa = PBXFileReference; fileEncoding = 4; lastKnownFileType = sourcecode.c.objc; path = FMDatabaseAdditions.m; sourceTree = "<group>"; };
		47A2F09D2B5A425200526595 /* FMDatabase.m */ = {isa = PBXFileReference; fileEncoding = 4; lastKnownFileType = sourcecode.c.objc; path = FMDatabase.m; sourceTree = "<group>"; };
		47A2F09E2B5A425200526595 /* FMDatabaseQueue.h */ = {isa = PBXFileReference; fileEncoding = 4; lastKnownFileType = sourcecode.c.h; path = FMDatabaseQueue.h; sourceTree = "<group>"; };
		47A2F09F2B5A425200526595 /* FMDB.h */ = {isa = PBXFileReference; fileEncoding = 4; lastKnownFileType = sourcecode.c.h; path = FMDB.h; sourceTree = "<group>"; };
		47A2F0A02B5A425200526595 /* FMDatabaseAdditions.h */ = {isa = PBXFileReference; fileEncoding = 4; lastKnownFileType = sourcecode.c.h; path = FMDatabaseAdditions.h; sourceTree = "<group>"; };
		47A2F0A12B5A425200526595 /* FMDatabasePool.m */ = {isa = PBXFileReference; fileEncoding = 4; lastKnownFileType = sourcecode.c.objc; path = FMDatabasePool.m; sourceTree = "<group>"; };
		47A2F0A22B5A425200526595 /* FMResultSet.m */ = {isa = PBXFileReference; fileEncoding = 4; lastKnownFileType = sourcecode.c.objc; path = FMResultSet.m; sourceTree = "<group>"; };
		658900A82B653A65006F1884 /* 钻石3.png */ = {isa = PBXFileReference; lastKnownFileType = image.png; path = "钻石3.png"; sourceTree = "<group>"; };
		658900A92B653A65006F1884 /* 对战技能.png */ = {isa = PBXFileReference; lastKnownFileType = image.png; path = "对战技能.png"; sourceTree = "<group>"; };
		658900AA2B653A65006F1884 /* 主界面信息条.png */ = {isa = PBXFileReference; lastKnownFileType = image.png; path = "主界面信息条.png"; sourceTree = "<group>"; };
		658900AB2B653A65006F1884 /* 阵容2.png */ = {isa = PBXFileReference; lastKnownFileType = image.png; path = "阵容2.png"; sourceTree = "<group>"; };
		658900AC2B653A65006F1884 /* 角色3场景.png */ = {isa = PBXFileReference; lastKnownFileType = image.png; path = "角色3场景.png"; sourceTree = "<group>"; };
		658900AD2B653A65006F1884 /* tiaoz6.png */ = {isa = PBXFileReference; lastKnownFileType = image.png; path = tiaoz6.png; sourceTree = "<group>"; };
		658900AE2B653A65006F1884 /* 按钮1.png */ = {isa = PBXFileReference; lastKnownFileType = image.png; path = "按钮1.png"; sourceTree = "<group>"; };
		658900AF2B653A65006F1884 /* 钻石2.png */ = {isa = PBXFileReference; lastKnownFileType = image.png; path = "钻石2.png"; sourceTree = "<group>"; };
		658900B02B653A65006F1884 /* 按钮3.png */ = {isa = PBXFileReference; lastKnownFileType = image.png; path = "按钮3.png"; sourceTree = "<group>"; };
		658900B12B653A65006F1884 /* 阵容1.png */ = {isa = PBXFileReference; lastKnownFileType = image.png; path = "阵容1.png"; sourceTree = "<group>"; };
		658900B22B653A65006F1884 /* 商店.png */ = {isa = PBXFileReference; lastKnownFileType = image.png; path = "商店.png"; sourceTree = "<group>"; };
		658900B32B653A65006F1884 /* tiaoz5.png */ = {isa = PBXFileReference; lastKnownFileType = image.png; path = tiaoz5.png; sourceTree = "<group>"; };
		658900B42B653A65006F1884 /* tiaoz4.png */ = {isa = PBXFileReference; lastKnownFileType = image.png; path = tiaoz4.png; sourceTree = "<group>"; };
		658900B52B653A65006F1884 /* 角色1场景.png */ = {isa = PBXFileReference; lastKnownFileType = image.png; path = "角色1场景.png"; sourceTree = "<group>"; };
		658900B62B653A65006F1884 /* 按钮2.png */ = {isa = PBXFileReference; lastKnownFileType = image.png; path = "按钮2.png"; sourceTree = "<group>"; };
		658900B72B653A65006F1884 /* 钻石1.png */ = {isa = PBXFileReference; lastKnownFileType = image.png; path = "钻石1.png"; sourceTree = "<group>"; };
		658900B82B653A65006F1884 /* 头像.png */ = {isa = PBXFileReference; lastKnownFileType = image.png; path = "头像.png"; sourceTree = "<group>"; };
		658900B92B653A65006F1884 /* 钻石5.png */ = {isa = PBXFileReference; lastKnownFileType = image.png; path = "钻石5.png"; sourceTree = "<group>"; };
		658900BA2B653A65006F1884 /* 角色2.png */ = {isa = PBXFileReference; lastKnownFileType = image.png; path = "角色2.png"; sourceTree = "<group>"; };
		658900BB2B653A65006F1884 /* tiaoz1.png */ = {isa = PBXFileReference; lastKnownFileType = image.png; path = tiaoz1.png; sourceTree = "<group>"; };
		658900BC2B653A65006F1884 /* 角色3.png */ = {isa = PBXFileReference; lastKnownFileType = image.png; path = "角色3.png"; sourceTree = "<group>"; };
		658900BD2B653A65006F1884 /* 钻石4.png */ = {isa = PBXFileReference; lastKnownFileType = image.png; path = "钻石4.png"; sourceTree = "<group>"; };
		658900BE2B653A65006F1884 /* shali.png */ = {isa = PBXFileReference; lastKnownFileType = image.png; path = shali.png; sourceTree = "<group>"; };
		658900BF2B653A65006F1884 /* 钻石6.png */ = {isa = PBXFileReference; lastKnownFileType = image.png; path = "钻石6.png"; sourceTree = "<group>"; };
		658900C02B653A65006F1884 /* 角色1.png */ = {isa = PBXFileReference; lastKnownFileType = image.png; path = "角色1.png"; sourceTree = "<group>"; };
		658900C12B653A65006F1884 /* 阵营3.png */ = {isa = PBXFileReference; lastKnownFileType = image.png; path = "阵营3.png"; sourceTree = "<group>"; };
		658900C22B653A65006F1884 /* tiaoz3.png */ = {isa = PBXFileReference; lastKnownFileType = image.png; path = tiaoz3.png; sourceTree = "<group>"; };
		658900C32B653A65006F1884 /* 主界面下方条.png */ = {isa = PBXFileReference; lastKnownFileType = image.png; path = "主界面下方条.png"; sourceTree = "<group>"; };
		658900C42B653A65006F1884 /* tiaoz2.png */ = {isa = PBXFileReference; lastKnownFileType = image.png; path = tiaoz2.png; sourceTree = "<group>"; };
		658900C52B653A65006F1884 /* 按钮4.png */ = {isa = PBXFileReference; lastKnownFileType = image.png; path = "按钮4.png"; sourceTree = "<group>"; };
		658900C62B653A65006F1884 /* 开始按钮.png */ = {isa = PBXFileReference; lastKnownFileType = image.png; path = "开始按钮.png"; sourceTree = "<group>"; };
		658900C72B653A65006F1884 /* 排行.png */ = {isa = PBXFileReference; lastKnownFileType = image.png; path = "排行.png"; sourceTree = "<group>"; };
		658900C82B653A65006F1884 /* 角色2场景.png */ = {isa = PBXFileReference; lastKnownFileType = image.png; path = "角色2场景.png"; sourceTree = "<group>"; };
		658900C92B653A65006F1884 /* 失败.png */ = {isa = PBXFileReference; lastKnownFileType = image.png; path = "失败.png"; sourceTree = "<group>"; };
		658900CA2B653A65006F1884 /* 鞋子.png */ = {isa = PBXFileReference; lastKnownFileType = image.png; path = "鞋子.png"; sourceTree = "<group>"; };
		658900CB2B653A65006F1884 /* 背包.png */ = {isa = PBXFileReference; lastKnownFileType = image.png; path = "背包.png"; sourceTree = "<group>"; };
		658900CC2B653A65006F1884 /* 确定按钮.png */ = {isa = PBXFileReference; lastKnownFileType = image.png; path = "确定按钮.png"; sourceTree = "<group>"; };
		658900CD2B653A65006F1884 /* jiemianlan.png */ = {isa = PBXFileReference; lastKnownFileType = image.png; path = jiemianlan.png; sourceTree = "<group>"; };
		658900CE2B653A65006F1884 /* 活动更新.png */ = {isa = PBXFileReference; lastKnownFileType = image.png; path = "活动更新.png"; sourceTree = "<group>"; };
		658900CF2B653A65006F1884 /* jiesejiemianbeij.png */ = {isa = PBXFileReference; lastKnownFileType = image.png; path = jiesejiemianbeij.png; sourceTree = "<group>"; };
		658900D02B653A65006F1884 /* zhouyu.png */ = {isa = PBXFileReference; lastKnownFileType = image.png; path = zhouyu.png; sourceTree = "<group>"; };
		658900D12B653A65006F1884 /* x血条.png */ = {isa = PBXFileReference; lastKnownFileType = image.png; path = "x血条.png"; sourceTree = "<group>"; };
		658900D22B653A65006F1884 /* shoutao.png */ = {isa = PBXFileReference; lastKnownFileType = image.png; path = shoutao.png; sourceTree = "<group>"; };
		658900D32B653A65006F1884 /* 挑战.png */ = {isa = PBXFileReference; lastKnownFileType = image.png; path = "挑战.png"; sourceTree = "<group>"; };
		658900D42B653A65006F1884 /* fwpq.jpg */ = {isa = PBXFileReference; lastKnownFileType = image.jpeg; path = fwpq.jpg; sourceTree = "<group>"; };
		658900D52B653A65006F1884 /* zhuangbeikuang.png */ = {isa = PBXFileReference; lastKnownFileType = image.png; path = zhuangbeikuang.png; sourceTree = "<group>"; };
		658900D62B653A65006F1884 /* wuzhi.png */ = {isa = PBXFileReference; lastKnownFileType = image.png; path = wuzhi.png; sourceTree = "<group>"; };
		658900D72B653A65006F1884 /* shu.png */ = {isa = PBXFileReference; lastKnownFileType = image.png; path = shu.png; sourceTree = "<group>"; };
		658900D82B653A65006F1884 /* 角色.png */ = {isa = PBXFileReference; lastKnownFileType = image.png; path = "角色.png"; sourceTree = "<group>"; };
		658900D92B653A65006F1884 /* caisxieann.png */ = {isa = PBXFileReference; lastKnownFileType = image.png; path = caisxieann.png; sourceTree = "<group>"; };
		658900DA2B653A65006F1884 /* 商店框.png */ = {isa = PBXFileReference; lastKnownFileType = image.png; path = "商店框.png"; sourceTree = "<group>"; };
		658900DB2B653A65006F1884 /* xurtiao.png */ = {isa = PBXFileReference; lastKnownFileType = image.png; path = xurtiao.png; sourceTree = "<group>"; };
		658900DC2B653A65006F1884 /* chibang.png */ = {isa = PBXFileReference; lastKnownFileType = image.png; path = chibang.png; sourceTree = "<group>"; };
		658900DD2B653A65006F1884 /* 技能.png */ = {isa = PBXFileReference; lastKnownFileType = image.png; path = "技能.png"; sourceTree = "<group>"; };
		658900DE2B653A65006F1884 /* 选角按钮.png */ = {isa = PBXFileReference; lastKnownFileType = image.png; path = "选角按钮.png"; sourceTree = "<group>"; };
		658900DF2B653A65006F1884 /* nengliangping.png */ = {isa = PBXFileReference; lastKnownFileType = image.png; path = nengliangping.png; sourceTree = "<group>"; };
		658900E02B653A65006F1884 /* mofabang.png */ = {isa = PBXFileReference; lastKnownFileType = image.png; path = mofabang.png; sourceTree = "<group>"; };
		658900E12B653A65006F1884 /* 界面人物.png */ = {isa = PBXFileReference; lastKnownFileType = image.png; path = "界面人物.png"; sourceTree = "<group>"; };
		658900E22B653A65006F1884 /* 任务.png */ = {isa = PBXFileReference; lastKnownFileType = image.png; path = "任务.png"; sourceTree = "<group>"; };
		658900E32B653A65006F1884 /* 福利礼物.png */ = {isa = PBXFileReference; lastKnownFileType = image.png; path = "福利礼物.png"; sourceTree = "<group>"; };
		658900E42B653A65006F1884 /* vs.png */ = {isa = PBXFileReference; lastKnownFileType = image.png; path = vs.png; sourceTree = "<group>"; };
		658900E52B653A65006F1884 /* shuxlan.png */ = {isa = PBXFileReference; lastKnownFileType = image.png; path = shuxlan.png; sourceTree = "<group>"; };
		658900E62B653A65006F1884 /* 技能2.png */ = {isa = PBXFileReference; lastKnownFileType = image.png; path = "技能2.png"; sourceTree = "<group>"; };
		658900E72B653A65006F1884 /* yifu.png */ = {isa = PBXFileReference; lastKnownFileType = image.png; path = yifu.png; sourceTree = "<group>"; };
		658900E82B653A65006F1884 /* chuandaiann.png */ = {isa = PBXFileReference; lastKnownFileType = image.png; path = chuandaiann.png; sourceTree = "<group>"; };
		658900E92B653A65006F1884 /* 技能3.png */ = {isa = PBXFileReference; lastKnownFileType = image.png; path = "技能3.png"; sourceTree = "<group>"; };
		658900EA2B653A65006F1884 /* zuans.png */ = {isa = PBXFileReference; lastKnownFileType = image.png; path = zuans.png; sourceTree = "<group>"; };
		658900EB2B653A65006F1884 /* 界面背景.png */ = {isa = PBXFileReference; lastKnownFileType = image.png; path = "界面背景.png"; sourceTree = "<group>"; };
		658900EC2B653A65006F1884 /* 提示框.png */ = {isa = PBXFileReference; lastKnownFileType = image.png; path = "提示框.png"; sourceTree = "<group>"; };
		658900ED2B653A65006F1884 /* mogu.png */ = {isa = PBXFileReference; lastKnownFileType = image.png; path = mogu.png; sourceTree = "<group>"; };
		658900EE2B653A65006F1884 /* xuanwo.png */ = {isa = PBXFileReference; lastKnownFileType = image.png; path = xuanwo.png; sourceTree = "<group>"; };
		658900EF2B653A65006F1884 /* shujing.png */ = {isa = PBXFileReference; lastKnownFileType = image.png; path = shujing.png; sourceTree = "<group>"; };
		658901382B653E24006F1884 /* cls_qiantianfuliViewController.h */ = {isa = PBXFileReference; lastKnownFileType = sourcecode.c.h; path = cls_qiantianfuliViewController.h; sourceTree = "<group>"; };
		658901392B653E24006F1884 /* cls_qiantianfuliViewController.m */ = {isa = PBXFileReference; lastKnownFileType = sourcecode.c.objc; path = cls_qiantianfuliViewController.m; sourceTree = "<group>"; };
		658D5D722B5C0E920079C1A3 /* cls_equipValueModel.m */ = {isa = PBXFileReference; fileEncoding = 4; lastKnownFileType = sourcecode.c.objc; path = cls_equipValueModel.m; sourceTree = "<group>"; };
		658D5D732B5C0E920079C1A3 /* cls_ViewNameTag.m */ = {isa = PBXFileReference; fileEncoding = 4; lastKnownFileType = sourcecode.c.objc; path = cls_ViewNameTag.m; sourceTree = "<group>"; };
		658D5D742B5C0E920079C1A3 /* cls_baseModel.h */ = {isa = PBXFileReference; fileEncoding = 4; lastKnownFileType = sourcecode.c.h; path = cls_baseModel.h; sourceTree = "<group>"; };
		658D5D762B5C0E920079C1A3 /* cls_itemSpriteNode.h */ = {isa = PBXFileReference; fileEncoding = 4; lastKnownFileType = sourcecode.c.h; path = cls_itemSpriteNode.h; sourceTree = "<group>"; };
		658D5D772B5C0E920079C1A3 /* cls_xuetiaoNode.h */ = {isa = PBXFileReference; fileEncoding = 4; lastKnownFileType = sourcecode.c.h; path = cls_xuetiaoNode.h; sourceTree = "<group>"; };
		658D5D782B5C0E920079C1A3 /* cls_VWWViewController.m */ = {isa = PBXFileReference; fileEncoding = 4; lastKnownFileType = sourcecode.c.objc; path = cls_VWWViewController.m; sourceTree = "<group>"; };
		658D5D792B5C0E920079C1A3 /* cls_victoryViewController.m */ = {isa = PBXFileReference; fileEncoding = 4; lastKnownFileType = sourcecode.c.objc; path = cls_victoryViewController.m; sourceTree = "<group>"; };
		658D5D7B2B5C0E920079C1A3 /* cls_BaseViewController.m */ = {isa = PBXFileReference; fileEncoding = 4; lastKnownFileType = sourcecode.c.objc; path = cls_BaseViewController.m; sourceTree = "<group>"; };
		658D5D7C2B5C0E920079C1A3 /* cls_UIViewFrameCategory.m */ = {isa = PBXFileReference; fileEncoding = 4; lastKnownFileType = sourcecode.c.objc; path = cls_UIViewFrameCategory.m; sourceTree = "<group>"; };
		658D5D7D2B5C0E920079C1A3 /* cls_buttonBlock.h */ = {isa = PBXFileReference; fileEncoding = 4; lastKnownFileType = sourcecode.c.h; path = cls_buttonBlock.h; sourceTree = "<group>"; };
		658D5D7E2B5C0E920079C1A3 /* cls_warehouseModel.m */ = {isa = PBXFileReference; fileEncoding = 4; lastKnownFileType = sourcecode.c.objc; path = cls_warehouseModel.m; sourceTree = "<group>"; };
		658D5D7F2B5C0E920079C1A3 /* MSYHL.TTC */ = {isa = PBXFileReference; lastKnownFileType = file; path = MSYHL.TTC; sourceTree = "<group>"; };
		658D5D802B5C0E920079C1A3 /* cls_userInfo.m */ = {isa = PBXFileReference; fileEncoding = 4; lastKnownFileType = sourcecode.c.objc; path = cls_userInfo.m; sourceTree = "<group>"; };
		658D5D852B5C0E920079C1A3 /* cls_MainHomePageViewController.m */ = {isa = PBXFileReference; fileEncoding = 4; lastKnownFileType = sourcecode.c.objc; path = cls_MainHomePageViewController.m; sourceTree = "<group>"; };
		658D5D872B5C0E920079C1A3 /* cls_equipModel.m */ = {isa = PBXFileReference; fileEncoding = 4; lastKnownFileType = sourcecode.c.objc; path = cls_equipModel.m; sourceTree = "<group>"; };
		658D5D882B5C0E920079C1A3 /* cls_SigninModel.m */ = {isa = PBXFileReference; fileEncoding = 4; lastKnownFileType = sourcecode.c.objc; path = cls_SigninModel.m; sourceTree = "<group>"; };
		658D5D892B5C0E920079C1A3 /* cls_conjzebutton.m */ = {isa = PBXFileReference; fileEncoding = 4; lastKnownFileType = sourcecode.c.objc; path = cls_conjzebutton.m; sourceTree = "<group>"; };
		658D5D8A2B5C0E920079C1A3 /* cls_Tool.m */ = {isa = PBXFileReference; fileEncoding = 4; lastKnownFileType = sourcecode.c.objc; path = cls_Tool.m; sourceTree = "<group>"; };
		658D5D8B2B5C0E920079C1A3 /* cls_shopViewController.m */ = {isa = PBXFileReference; fileEncoding = 4; lastKnownFileType = sourcecode.c.objc; path = cls_shopViewController.m; sourceTree = "<group>"; };
		658D5D8C2B5C0E920079C1A3 /* cls_MonsterNode.m */ = {isa = PBXFileReference; fileEncoding = 4; lastKnownFileType = sourcecode.c.objc; path = cls_MonsterNode.m; sourceTree = "<group>"; };
		658D5D8E2B5C0E920079C1A3 /* cls_ViewNameTag.h */ = {isa = PBXFileReference; fileEncoding = 4; lastKnownFileType = sourcecode.c.h; path = cls_ViewNameTag.h; sourceTree = "<group>"; };
		658D5D8F2B5C0E920079C1A3 /* cls_equipValueModel.h */ = {isa = PBXFileReference; fileEncoding = 4; lastKnownFileType = sourcecode.c.h; path = cls_equipValueModel.h; sourceTree = "<group>"; };
		658D5D902B5C0E920079C1A3 /* cls_baseModel.m */ = {isa = PBXFileReference; fileEncoding = 4; lastKnownFileType = sourcecode.c.objc; path = cls_baseModel.m; sourceTree = "<group>"; };
		658D5D912B5C0E920079C1A3 /* cls_warehouseModel.h */ = {isa = PBXFileReference; fileEncoding = 4; lastKnownFileType = sourcecode.c.h; path = cls_warehouseModel.h; sourceTree = "<group>"; };
		658D5D922B5C0E920079C1A3 /* cls_buttonBlock.m */ = {isa = PBXFileReference; fileEncoding = 4; lastKnownFileType = sourcecode.c.objc; path = cls_buttonBlock.m; sourceTree = "<group>"; };
		658D5D932B5C0E920079C1A3 /* cls_BaseViewController.h */ = {isa = PBXFileReference; fileEncoding = 4; lastKnownFileType = sourcecode.c.h; path = cls_BaseViewController.h; sourceTree = "<group>"; };
		658D5D952B5C0E920079C1A3 /* cls_UIViewFrameCategory.h */ = {isa = PBXFileReference; fileEncoding = 4; lastKnownFileType = sourcecode.c.h; path = cls_UIViewFrameCategory.h; sourceTree = "<group>"; };
		658D5D962B5C0E920079C1A3 /* cls_victoryViewController.h */ = {isa = PBXFileReference; fileEncoding = 4; lastKnownFileType = sourcecode.c.h; path = cls_victoryViewController.h; sourceTree = "<group>"; };
		658D5D972B5C0E920079C1A3 /* cls_VWWViewController.h */ = {isa = PBXFileReference; fileEncoding = 4; lastKnownFileType = sourcecode.c.h; path = cls_VWWViewController.h; sourceTree = "<group>"; };
		658D5D982B5C0E920079C1A3 /* cls_xuetiaoNode.m */ = {isa = PBXFileReference; fileEncoding = 4; lastKnownFileType = sourcecode.c.objc; path = cls_xuetiaoNode.m; sourceTree = "<group>"; };
		658D5D992B5C0E920079C1A3 /* cls_itemSpriteNode.m */ = {isa = PBXFileReference; fileEncoding = 4; lastKnownFileType = sourcecode.c.objc; path = cls_itemSpriteNode.m; sourceTree = "<group>"; };
		658D5D9B2B5C0E920079C1A3 /* cls_MainHomePageViewController.h */ = {isa = PBXFileReference; fileEncoding = 4; lastKnownFileType = sourcecode.c.h; path = cls_MainHomePageViewController.h; sourceTree = "<group>"; };
		658D5D9F2B5C0E920079C1A3 /* cls_userInfo.h */ = {isa = PBXFileReference; fileEncoding = 4; lastKnownFileType = sourcecode.c.h; path = cls_userInfo.h; sourceTree = "<group>"; };
		658D5DA02B5C0E920079C1A3 /* cls_MonsterNode.h */ = {isa = PBXFileReference; fileEncoding = 4; lastKnownFileType = sourcecode.c.h; path = cls_MonsterNode.h; sourceTree = "<group>"; };
		658D5DA12B5C0E920079C1A3 /* cls_shopViewController.h */ = {isa = PBXFileReference; fileEncoding = 4; lastKnownFileType = sourcecode.c.h; path = cls_shopViewController.h; sourceTree = "<group>"; };
		658D5DA22B5C0E920079C1A3 /* cls_Tool.h */ = {isa = PBXFileReference; fileEncoding = 4; lastKnownFileType = sourcecode.c.h; path = cls_Tool.h; sourceTree = "<group>"; };
		658D5DA32B5C0E920079C1A3 /* cls_conjzebutton.h */ = {isa = PBXFileReference; fileEncoding = 4; lastKnownFileType = sourcecode.c.h; path = cls_conjzebutton.h; sourceTree = "<group>"; };
		658D5DA42B5C0E920079C1A3 /* cls_SigninModel.h */ = {isa = PBXFileReference; fileEncoding = 4; lastKnownFileType = sourcecode.c.h; path = cls_SigninModel.h; sourceTree = "<group>"; };
		658D5DA52B5C0E920079C1A3 /* cls_equipModel.h */ = {isa = PBXFileReference; fileEncoding = 4; lastKnownFileType = sourcecode.c.h; path = cls_equipModel.h; sourceTree = "<group>"; };
		658D5E192B5C14C90079C1A3 /* 二次元icon.jpg */ = {isa = PBXFileReference; lastKnownFileType = image.jpeg; path = "二次元icon.jpg"; sourceTree = "<group>"; };
		658D5E1A2B5C14C90079C1A3 /* 1290x2796.jpg */ = {isa = PBXFileReference; lastKnownFileType = image.jpeg; path = 1290x2796.jpg; sourceTree = "<group>"; };
		658D5E1B2B5C14C90079C1A3 /* 1242x2208.jpg */ = {isa = PBXFileReference; lastKnownFileType = image.jpeg; path = 1242x2208.jpg; sourceTree = "<group>"; };
		658D5E1C2B5C14C90079C1A3 /* 2048x2732-3.jpg */ = {isa = PBXFileReference; lastKnownFileType = image.jpeg; path = "2048x2732-3.jpg"; sourceTree = "<group>"; };
		658D5E1D2B5C14C90079C1A3 /* 1290x2796-2.jpg */ = {isa = PBXFileReference; lastKnownFileType = image.jpeg; path = "1290x2796-2.jpg"; sourceTree = "<group>"; };
		658D5E1E2B5C14C90079C1A3 /* 1290x2796-3.jpg */ = {isa = PBXFileReference; lastKnownFileType = image.jpeg; path = "1290x2796-3.jpg"; sourceTree = "<group>"; };
		658D5E1F2B5C14C90079C1A3 /* 2048x2732-2.jpg */ = {isa = PBXFileReference; lastKnownFileType = image.jpeg; path = "2048x2732-2.jpg"; sourceTree = "<group>"; };
		658D5E202B5C14C90079C1A3 /* 1242x2208-5.jpg */ = {isa = PBXFileReference; lastKnownFileType = image.jpeg; path = "1242x2208-5.jpg"; sourceTree = "<group>"; };
		658D5E212B5C14C90079C1A3 /* 1242x2208-4.jpg */ = {isa = PBXFileReference; lastKnownFileType = image.jpeg; path = "1242x2208-4.jpg"; sourceTree = "<group>"; };
		658D5E222B5C14C90079C1A3 /* 2048x2732.jpg */ = {isa = PBXFileReference; lastKnownFileType = image.jpeg; path = 2048x2732.jpg; sourceTree = "<group>"; };
		658D5E232B5C14C90079C1A3 /* 2048x2732-5.jpg */ = {isa = PBXFileReference; lastKnownFileType = image.jpeg; path = "2048x2732-5.jpg"; sourceTree = "<group>"; };
		658D5E242B5C14C90079C1A3 /* 1290x2796-4.jpg */ = {isa = PBXFileReference; lastKnownFileType = image.jpeg; path = "1290x2796-4.jpg"; sourceTree = "<group>"; };
		658D5E252B5C14C90079C1A3 /* 1290x2796-5.jpg */ = {isa = PBXFileReference; lastKnownFileType = image.jpeg; path = "1290x2796-5.jpg"; sourceTree = "<group>"; };
		658D5E262B5C14C90079C1A3 /* 2048x2732-4.jpg */ = {isa = PBXFileReference; lastKnownFileType = image.jpeg; path = "2048x2732-4.jpg"; sourceTree = "<group>"; };
		658D5E272B5C14C90079C1A3 /* 1242x2208-3.jpg */ = {isa = PBXFileReference; lastKnownFileType = image.jpeg; path = "1242x2208-3.jpg"; sourceTree = "<group>"; };
		658D5E282B5C14C90079C1A3 /* 1242x2208-2.jpg */ = {isa = PBXFileReference; lastKnownFileType = image.jpeg; path = "1242x2208-2.jpg"; sourceTree = "<group>"; };
/* End PBXFileReference section */

/* Begin PBXFrameworksBuildPhase section */
		4704B8AA2B33DC940012BBBB /* Frameworks */ = {
			isa = PBXFrameworksBuildPhase;
			buildActionMask = 2147483647;
			files = (
			);
			runOnlyForDeploymentPostprocessing = 0;
		};
/* End PBXFrameworksBuildPhase section */

/* Begin PBXGroup section */
		0AAD88412B9C66D0002069CD /* Frameworks */ = {
			isa = PBXGroup;
			children = (
			);
			name = Frameworks;
			sourceTree = "<group>";
		};
		4704B8A42B33DC940012BBBB = {
			isa = PBXGroup;
			children = (
				4704B8AF2B33DC940012BBBB /* erciyuan */,
				4704B8AE2B33DC940012BBBB /* Products */,
				0AAD88412B9C66D0002069CD /* Frameworks */,
			);
			sourceTree = "<group>";
		};
		4704B8AE2B33DC940012BBBB /* Products */ = {
			isa = PBXGroup;
			children = (
				4704B8AD2B33DC940012BBBB /* erciyuan.app */,
			);
			name = Products;
			sourceTree = "<group>";
		};
		4704B8AF2B33DC940012BBBB /* erciyuan */ = {
			isa = PBXGroup;
			children = (
				658D5DC22B5C14C90079C1A3 /* 二次元竖版 */,
				658D5D712B5C0E920079C1A3 /* mini */,
				47A2F0972B5A425100526595 /* fmdb */,
				4704B8B02B33DC940012BBBB /* AppDelegate.h */,
				4704B8B12B33DC940012BBBB /* AppDelegate.m */,
				4704B8B62B33DC940012BBBB /* ViewController.h */,
				4704B8B72B33DC940012BBBB /* ViewController.m */,
				4704B8B92B33DC940012BBBB /* Main.storyboard */,
				4704B8BC2B33DC970012BBBB /* Assets.xcassets */,
				4704B8BE2B33DC970012BBBB /* LaunchScreen.storyboard */,
				4704B8C12B33DC970012BBBB /* Info.plist */,
				4704B8C22B33DC970012BBBB /* main.m */,
			);
			path = erciyuan;
			sourceTree = "<group>";
		};
		47A2F0972B5A425100526595 /* fmdb */ = {
			isa = PBXGroup;
			children = (
				47A2F0982B5A425100526595 /* FMDatabase.h */,
				47A2F0992B5A425100526595 /* FMDatabaseQueue.m */,
				47A2F09A2B5A425100526595 /* FMResultSet.h */,
				47A2F09B2B5A425200526595 /* FMDatabasePool.h */,
				47A2F09C2B5A425200526595 /* FMDatabaseAdditions.m */,
				47A2F09D2B5A425200526595 /* FMDatabase.m */,
				47A2F09E2B5A425200526595 /* FMDatabaseQueue.h */,
				47A2F09F2B5A425200526595 /* FMDB.h */,
				47A2F0A02B5A425200526595 /* FMDatabaseAdditions.h */,
				47A2F0A12B5A425200526595 /* FMDatabasePool.m */,
				47A2F0A22B5A425200526595 /* FMResultSet.m */,
			);
			path = fmdb;
			sourceTree = "<group>";
		};
		658900A72B653A65006F1884 /* 拆分 */ = {
			isa = PBXGroup;
			children = (
				658900A82B653A65006F1884 /* 钻石3.png */,
				658900A92B653A65006F1884 /* 对战技能.png */,
				658900AA2B653A65006F1884 /* 主界面信息条.png */,
				658900AB2B653A65006F1884 /* 阵容2.png */,
				658900AC2B653A65006F1884 /* 角色3场景.png */,
				658900AD2B653A65006F1884 /* tiaoz6.png */,
				658900AE2B653A65006F1884 /* 按钮1.png */,
				658900AF2B653A65006F1884 /* 钻石2.png */,
				658900B02B653A65006F1884 /* 按钮3.png */,
				658900B12B653A65006F1884 /* 阵容1.png */,
				658900B22B653A65006F1884 /* 商店.png */,
				658900B32B653A65006F1884 /* tiaoz5.png */,
				658900B42B653A65006F1884 /* tiaoz4.png */,
				658900B52B653A65006F1884 /* 角色1场景.png */,
				658900B62B653A65006F1884 /* 按钮2.png */,
				658900B72B653A65006F1884 /* 钻石1.png */,
				658900B82B653A65006F1884 /* 头像.png */,
				658900B92B653A65006F1884 /* 钻石5.png */,
				658900BA2B653A65006F1884 /* 角色2.png */,
				658900BB2B653A65006F1884 /* tiaoz1.png */,
				658900BC2B653A65006F1884 /* 角色3.png */,
				658900BD2B653A65006F1884 /* 钻石4.png */,
				658900BE2B653A65006F1884 /* shali.png */,
				658900BF2B653A65006F1884 /* 钻石6.png */,
				658900C02B653A65006F1884 /* 角色1.png */,
				658900C12B653A65006F1884 /* 阵营3.png */,
				658900C22B653A65006F1884 /* tiaoz3.png */,
				658900C32B653A65006F1884 /* 主界面下方条.png */,
				658900C42B653A65006F1884 /* tiaoz2.png */,
				658900C52B653A65006F1884 /* 按钮4.png */,
				658900C62B653A65006F1884 /* 开始按钮.png */,
				658900C72B653A65006F1884 /* 排行.png */,
				658900C82B653A65006F1884 /* 角色2场景.png */,
				658900C92B653A65006F1884 /* 失败.png */,
				658900CA2B653A65006F1884 /* 鞋子.png */,
				658900CB2B653A65006F1884 /* 背包.png */,
				658900CC2B653A65006F1884 /* 确定按钮.png */,
				658900CD2B653A65006F1884 /* jiemianlan.png */,
				658900CE2B653A65006F1884 /* 活动更新.png */,
				658900CF2B653A65006F1884 /* jiesejiemianbeij.png */,
				658900D02B653A65006F1884 /* zhouyu.png */,
				658900D12B653A65006F1884 /* x血条.png */,
				658900D22B653A65006F1884 /* shoutao.png */,
				658900D32B653A65006F1884 /* 挑战.png */,
				658900D42B653A65006F1884 /* fwpq.jpg */,
				658900D52B653A65006F1884 /* zhuangbeikuang.png */,
				658900D62B653A65006F1884 /* wuzhi.png */,
				658900D72B653A65006F1884 /* shu.png */,
				658900D82B653A65006F1884 /* 角色.png */,
				658900D92B653A65006F1884 /* caisxieann.png */,
				658900DA2B653A65006F1884 /* 商店框.png */,
				658900DB2B653A65006F1884 /* xurtiao.png */,
				658900DC2B653A65006F1884 /* chibang.png */,
				658900DD2B653A65006F1884 /* 技能.png */,
				658900DE2B653A65006F1884 /* 选角按钮.png */,
				658900DF2B653A65006F1884 /* nengliangping.png */,
				658900E02B653A65006F1884 /* mofabang.png */,
				658900E12B653A65006F1884 /* 界面人物.png */,
				658900E22B653A65006F1884 /* 任务.png */,
				658900E32B653A65006F1884 /* 福利礼物.png */,
				658900E42B653A65006F1884 /* vs.png */,
				658900E52B653A65006F1884 /* shuxlan.png */,
				658900E62B653A65006F1884 /* 技能2.png */,
				658900E72B653A65006F1884 /* yifu.png */,
				658900E82B653A65006F1884 /* chuandaiann.png */,
				658900E92B653A65006F1884 /* 技能3.png */,
				658900EA2B653A65006F1884 /* zuans.png */,
				658900EB2B653A65006F1884 /* 界面背景.png */,
				658900EC2B653A65006F1884 /* 提示框.png */,
				658900ED2B653A65006F1884 /* mogu.png */,
				658900EE2B653A65006F1884 /* xuanwo.png */,
				658900EF2B653A65006F1884 /* shujing.png */,
			);
			name = "拆分";
			path = "UI/拆分";
			sourceTree = "<group>";
		};
		658D5D712B5C0E920079C1A3 /* mini */ = {
			isa = PBXGroup;
			children = (
				0AAD883C2B9C51BD002069CD /* QF_HZActivityIndicatorView.h */,
				0AAD883B2B9C51BD002069CD /* QF_HZActivityIndicatorView.m */,
				0AAD88392B9C50DC002069CD /* YQInAppPurchaseTool.h */,
				0AAD88382B9C50DC002069CD /* YQInAppPurchaseTool.m */,
				658D5D742B5C0E920079C1A3 /* cls_baseModel.h */,
				658D5D902B5C0E920079C1A3 /* cls_baseModel.m */,
				658D5D932B5C0E920079C1A3 /* cls_BaseViewController.h */,
				658D5D7B2B5C0E920079C1A3 /* cls_BaseViewController.m */,
				658D5D7D2B5C0E920079C1A3 /* cls_buttonBlock.h */,
				658D5D922B5C0E920079C1A3 /* cls_buttonBlock.m */,
				658D5DA32B5C0E920079C1A3 /* cls_conjzebutton.h */,
				658D5D892B5C0E920079C1A3 /* cls_conjzebutton.m */,
				658D5DA52B5C0E920079C1A3 /* cls_equipModel.h */,
				658D5D872B5C0E920079C1A3 /* cls_equipModel.m */,
				658D5D8F2B5C0E920079C1A3 /* cls_equipValueModel.h */,
				658D5D722B5C0E920079C1A3 /* cls_equipValueModel.m */,
				658D5D762B5C0E920079C1A3 /* cls_itemSpriteNode.h */,
				658D5D992B5C0E920079C1A3 /* cls_itemSpriteNode.m */,
				658D5D9B2B5C0E920079C1A3 /* cls_MainHomePageViewController.h */,
				658D5D852B5C0E920079C1A3 /* cls_MainHomePageViewController.m */,
				658D5DA02B5C0E920079C1A3 /* cls_MonsterNode.h */,
				658D5D8C2B5C0E920079C1A3 /* cls_MonsterNode.m */,
				658901382B653E24006F1884 /* cls_qiantianfuliViewController.h */,
				658901392B653E24006F1884 /* cls_qiantianfuliViewController.m */,
				658D5DA12B5C0E920079C1A3 /* cls_shopViewController.h */,
				658D5D8B2B5C0E920079C1A3 /* cls_shopViewController.m */,
				658D5DA42B5C0E920079C1A3 /* cls_SigninModel.h */,
				658D5D882B5C0E920079C1A3 /* cls_SigninModel.m */,
				658D5DA22B5C0E920079C1A3 /* cls_Tool.h */,
				658D5D8A2B5C0E920079C1A3 /* cls_Tool.m */,
				658D5D952B5C0E920079C1A3 /* cls_UIViewFrameCategory.h */,
				658D5D7C2B5C0E920079C1A3 /* cls_UIViewFrameCategory.m */,
				658D5D9F2B5C0E920079C1A3 /* cls_userInfo.h */,
				658D5D802B5C0E920079C1A3 /* cls_userInfo.m */,
				658D5D962B5C0E920079C1A3 /* cls_victoryViewController.h */,
				658D5D792B5C0E920079C1A3 /* cls_victoryViewController.m */,
				658D5D8E2B5C0E920079C1A3 /* cls_ViewNameTag.h */,
				658D5D732B5C0E920079C1A3 /* cls_ViewNameTag.m */,
				658D5D972B5C0E920079C1A3 /* cls_VWWViewController.h */,
				658D5D782B5C0E920079C1A3 /* cls_VWWViewController.m */,
				658D5D912B5C0E920079C1A3 /* cls_warehouseModel.h */,
				658D5D7E2B5C0E920079C1A3 /* cls_warehouseModel.m */,
				658D5D772B5C0E920079C1A3 /* cls_xuetiaoNode.h */,
				658D5D982B5C0E920079C1A3 /* cls_xuetiaoNode.m */,
				0A1FF5A42B752B5000048D78 /* cls_RoleViewController.h */,
				0A1FF5A52B752B5000048D78 /* cls_RoleViewController.m */,
				0AEDF9882B9388D400AE92CA /* cls_shangchengViewController.h */,
				0AEDF9892B9388D400AE92CA /* cls_shangchengViewController.m */,
				0AAD883E2B9C60A3002069CD /* cls_paceViewController.h */,
				0AAD883F2B9C60A3002069CD /* cls_paceViewController.m */,
				658D5D7F2B5C0E920079C1A3 /* MSYHL.TTC */,
			);
			path = mini;
			sourceTree = "<group>";
		};
		658D5DC22B5C14C90079C1A3 /* 二次元竖版 */ = {
			isa = PBXGroup;
			children = (
				658900A72B653A65006F1884 /* 拆分 */,
				658D5E182B5C14C90079C1A3 /* 五图ICON */,
			);
			path = "二次元竖版";
			sourceTree = "<group>";
		};
		658D5E182B5C14C90079C1A3 /* 五图ICON */ = {
			isa = PBXGroup;
			children = (
				658D5E192B5C14C90079C1A3 /* 二次元icon.jpg */,
				658D5E1A2B5C14C90079C1A3 /* 1290x2796.jpg */,
				658D5E1B2B5C14C90079C1A3 /* 1242x2208.jpg */,
				658D5E1C2B5C14C90079C1A3 /* 2048x2732-3.jpg */,
				658D5E1D2B5C14C90079C1A3 /* 1290x2796-2.jpg */,
				658D5E1E2B5C14C90079C1A3 /* 1290x2796-3.jpg */,
				658D5E1F2B5C14C90079C1A3 /* 2048x2732-2.jpg */,
				658D5E202B5C14C90079C1A3 /* 1242x2208-5.jpg */,
				658D5E212B5C14C90079C1A3 /* 1242x2208-4.jpg */,
				658D5E222B5C14C90079C1A3 /* 2048x2732.jpg */,
				658D5E232B5C14C90079C1A3 /* 2048x2732-5.jpg */,
				658D5E242B5C14C90079C1A3 /* 1290x2796-4.jpg */,
				658D5E252B5C14C90079C1A3 /* 1290x2796-5.jpg */,
				658D5E262B5C14C90079C1A3 /* 2048x2732-4.jpg */,
				658D5E272B5C14C90079C1A3 /* 1242x2208-3.jpg */,
				658D5E282B5C14C90079C1A3 /* 1242x2208-2.jpg */,
			);
			path = "五图ICON";
			sourceTree = "<group>";
		};
/* End PBXGroup section */

/* Begin PBXNativeTarget section */
		4704B8AC2B33DC940012BBBB /* erciyuan */ = {
			isa = PBXNativeTarget;
			buildConfigurationList = 4704B8C62B33DC970012BBBB /* Build configuration list for PBXNativeTarget "erciyuan" */;
			buildPhases = (
				4704B8A92B33DC940012BBBB /* Sources */,
				4704B8AA2B33DC940012BBBB /* Frameworks */,
				4704B8AB2B33DC940012BBBB /* Resources */,
			);
			buildRules = (
			);
			dependencies = (
			);
			name = erciyuan;
			productName = erciyuan;
			productReference = 4704B8AD2B33DC940012BBBB /* erciyuan.app */;
			productType = "com.apple.product-type.application";
		};
/* End PBXNativeTarget section */

/* Begin PBXProject section */
		4704B8A52B33DC940012BBBB /* Project object */ = {
			isa = PBXProject;
			attributes = {
				BuildIndependentTargetsInParallel = 1;
				LastUpgradeCheck = 1420;
				TargetAttributes = {
					4704B8AC2B33DC940012BBBB = {
						CreatedOnToolsVersion = 14.2;
					};
				};
			};
			buildConfigurationList = 4704B8A82B33DC940012BBBB /* Build configuration list for PBXProject "erciyuan" */;
			compatibilityVersion = "Xcode 14.0";
			developmentRegion = en;
			hasScannedForEncodings = 0;
			knownRegions = (
				en,
				Base,
			);
			mainGroup = 4704B8A42B33DC940012BBBB;
			productRefGroup = 4704B8AE2B33DC940012BBBB /* Products */;
			projectDirPath = "";
			projectRoot = "";
			targets = (
				4704B8AC2B33DC940012BBBB /* erciyuan */,
			);
		};
/* End PBXProject section */

/* Begin PBXResourcesBuildPhase section */
		4704B8AB2B33DC940012BBBB /* Resources */ = {
			isa = PBXResourcesBuildPhase;
			buildActionMask = 2147483647;
			files = (
				658901312B653A65006F1884 /* 技能3.png in Resources */,
				658901102B653A65006F1884 /* 角色2场景.png in Resources */,
				658901242B653A65006F1884 /* chibang.png in Resources */,
				658900F62B653A65006F1884 /* 按钮1.png in Resources */,
				658D5E842B5C14CA0079C1A3 /* 1242x2208-4.jpg in Resources */,
				658901112B653A65006F1884 /* 失败.png in Resources */,
				6589010A2B653A65006F1884 /* tiaoz3.png in Resources */,
				658D5E7E2B5C14CA0079C1A3 /* 1242x2208.jpg in Resources */,
				658901222B653A65006F1884 /* 商店框.png in Resources */,
				6589011F2B653A65006F1884 /* shu.png in Resources */,
				658D5E852B5C14CA0079C1A3 /* 2048x2732.jpg in Resources */,
				658901352B653A65006F1884 /* mogu.png in Resources */,
				658901252B653A65006F1884 /* 技能.png in Resources */,
				658901152B653A65006F1884 /* jiemianlan.png in Resources */,
				658900FD2B653A65006F1884 /* 角色1场景.png in Resources */,
				658D5E7D2B5C14CA0079C1A3 /* 1290x2796.jpg in Resources */,
				658900FC2B653A65006F1884 /* tiaoz4.png in Resources */,
				658901122B653A65006F1884 /* 鞋子.png in Resources */,
				658901372B653A65006F1884 /* shujing.png in Resources */,
				4704B8C02B33DC970012BBBB /* LaunchScreen.storyboard in Resources */,
				6589010C2B653A65006F1884 /* tiaoz2.png in Resources */,
				658901292B653A65006F1884 /* 界面人物.png in Resources */,
				658900FA2B653A65006F1884 /* 商店.png in Resources */,
				658900FF2B653A65006F1884 /* 钻石1.png in Resources */,
				6589011C2B653A65006F1884 /* fwpq.jpg in Resources */,
				658901282B653A65006F1884 /* mofabang.png in Resources */,
				658D5E832B5C14CA0079C1A3 /* 1242x2208-5.jpg in Resources */,
				4704B8BD2B33DC970012BBBB /* Assets.xcassets in Resources */,
				6589012C2B653A65006F1884 /* vs.png in Resources */,
				658D5E7F2B5C14CA0079C1A3 /* 2048x2732-3.jpg in Resources */,
				658901002B653A65006F1884 /* 头像.png in Resources */,
				658900F92B653A65006F1884 /* 阵容1.png in Resources */,
				6589010E2B653A65006F1884 /* 开始按钮.png in Resources */,
				658901012B653A65006F1884 /* 钻石5.png in Resources */,
				658900F22B653A65006F1884 /* 主界面信息条.png in Resources */,
				658901162B653A65006F1884 /* 活动更新.png in Resources */,
				658900F72B653A65006F1884 /* 钻石2.png in Resources */,
				658901062B653A65006F1884 /* shali.png in Resources */,
				6589011E2B653A65006F1884 /* wuzhi.png in Resources */,
				658901022B653A65006F1884 /* 角色2.png in Resources */,
				658901132B653A65006F1884 /* 背包.png in Resources */,
				658D5E812B5C14CA0079C1A3 /* 1290x2796-3.jpg in Resources */,
				658900F52B653A65006F1884 /* tiaoz6.png in Resources */,
				658901072B653A65006F1884 /* 钻石6.png in Resources */,
				658900F02B653A65006F1884 /* 钻石3.png in Resources */,
				658D5E892B5C14CA0079C1A3 /* 2048x2732-4.jpg in Resources */,
				658901332B653A65006F1884 /* 界面背景.png in Resources */,
				6589011B2B653A65006F1884 /* 挑战.png in Resources */,
				658900F82B653A65006F1884 /* 按钮3.png in Resources */,
				658900FE2B653A65006F1884 /* 按钮2.png in Resources */,
				658901362B653A65006F1884 /* xuanwo.png in Resources */,
				658D5E862B5C14CA0079C1A3 /* 2048x2732-5.jpg in Resources */,
				658D5E8B2B5C14CA0079C1A3 /* 1242x2208-2.jpg in Resources */,
				658D5DAF2B5C0E920079C1A3 /* MSYHL.TTC in Resources */,
				658D5E802B5C14CA0079C1A3 /* 1290x2796-2.jpg in Resources */,
				6589010D2B653A65006F1884 /* 按钮4.png in Resources */,
				658901032B653A65006F1884 /* tiaoz1.png in Resources */,
				658D5E8A2B5C14CA0079C1A3 /* 1242x2208-3.jpg in Resources */,
				658901082B653A65006F1884 /* 角色1.png in Resources */,
				658D5E7C2B5C14CA0079C1A3 /* 二次元icon.jpg in Resources */,
				658901342B653A65006F1884 /* 提示框.png in Resources */,
				6589010F2B653A65006F1884 /* 排行.png in Resources */,
				6589012F2B653A65006F1884 /* yifu.png in Resources */,
				658901272B653A65006F1884 /* nengliangping.png in Resources */,
				658901172B653A65006F1884 /* jiesejiemianbeij.png in Resources */,
				658900F32B653A65006F1884 /* 阵容2.png in Resources */,
				658901042B653A65006F1884 /* 角色3.png in Resources */,
				658901092B653A65006F1884 /* 阵营3.png in Resources */,
				658900FB2B653A65006F1884 /* tiaoz5.png in Resources */,
				658901142B653A65006F1884 /* 确定按钮.png in Resources */,
				658901302B653A65006F1884 /* chuandaiann.png in Resources */,
				6589012D2B653A65006F1884 /* shuxlan.png in Resources */,
				4704B8BB2B33DC940012BBBB /* Main.storyboard in Resources */,
				658901052B653A65006F1884 /* 钻石4.png in Resources */,
				6589012E2B653A65006F1884 /* 技能2.png in Resources */,
				658901322B653A65006F1884 /* zuans.png in Resources */,
				658D5E822B5C14CA0079C1A3 /* 2048x2732-2.jpg in Resources */,
				6589010B2B653A65006F1884 /* 主界面下方条.png in Resources */,
				658901202B653A65006F1884 /* 角色.png in Resources */,
				658900F42B653A65006F1884 /* 角色3场景.png in Resources */,
				658901182B653A65006F1884 /* zhouyu.png in Resources */,
				6589012A2B653A65006F1884 /* 任务.png in Resources */,
				6589011D2B653A65006F1884 /* zhuangbeikuang.png in Resources */,
				658D5E882B5C14CA0079C1A3 /* 1290x2796-5.jpg in Resources */,
				6589012B2B653A65006F1884 /* 福利礼物.png in Resources */,
				658901232B653A65006F1884 /* xurtiao.png in Resources */,
				658901192B653A65006F1884 /* x血条.png in Resources */,
				658901212B653A65006F1884 /* caisxieann.png in Resources */,
				658D5E872B5C14CA0079C1A3 /* 1290x2796-4.jpg in Resources */,
				658901262B653A65006F1884 /* 选角按钮.png in Resources */,
				658900F12B653A65006F1884 /* 对战技能.png in Resources */,
				6589011A2B653A65006F1884 /* shoutao.png in Resources */,
			);
			runOnlyForDeploymentPostprocessing = 0;
		};
/* End PBXResourcesBuildPhase section */

/* Begin PBXSourcesBuildPhase section */
		4704B8A92B33DC940012BBBB /* Sources */ = {
			isa = PBXSourcesBuildPhase;
			buildActionMask = 2147483647;
			files = (
				47A2F1082B5A425200526595 /* FMDatabaseQueue.m in Sources */,
				658D5DB72B5C0E920079C1A3 /* cls_equipModel.m in Sources */,
				4704B8B82B33DC940012BBBB /* ViewController.m in Sources */,
				658D5DBA2B5C0E920079C1A3 /* cls_Tool.m in Sources */,
				658D5DAA2B5C0E920079C1A3 /* cls_VWWViewController.m in Sources */,
				4704B8B22B33DC940012BBBB /* AppDelegate.m in Sources */,
				0A1FF5A62B752B5000048D78 /* cls_RoleViewController.m in Sources */,
				658D5DB92B5C0E920079C1A3 /* cls_conjzebutton.m in Sources */,
				658D5DAE2B5C0E920079C1A3 /* cls_warehouseModel.m in Sources */,
				658D5DAC2B5C0E920079C1A3 /* cls_BaseViewController.m in Sources */,
				658D5DAD2B5C0E920079C1A3 /* cls_UIViewFrameCategory.m in Sources */,
				658D5DAB2B5C0E920079C1A3 /* cls_victoryViewController.m in Sources */,
				658D5DBD2B5C0E920079C1A3 /* cls_baseModel.m in Sources */,
				6589013A2B653E24006F1884 /* cls_qiantianfuliViewController.m in Sources */,
				658D5DA72B5C0E920079C1A3 /* cls_equipValueModel.m in Sources */,
				0AEDF98A2B9388D400AE92CA /* cls_shangchengViewController.m in Sources */,
				658D5DBC2B5C0E920079C1A3 /* cls_MonsterNode.m in Sources */,
				47A2F10A2B5A425200526595 /* FMDatabase.m in Sources */,
				658D5DB52B5C0E920079C1A3 /* cls_MainHomePageViewController.m in Sources */,
				0AAD883A2B9C50DC002069CD /* YQInAppPurchaseTool.m in Sources */,
				0AAD883D2B9C51BD002069CD /* QF_HZActivityIndicatorView.m in Sources */,
				4704B8C32B33DC970012BBBB /* main.m in Sources */,
				47A2F10B2B5A425200526595 /* FMDatabasePool.m in Sources */,
				658D5DB82B5C0E920079C1A3 /* cls_SigninModel.m in Sources */,
				0AAD88402B9C60A3002069CD /* cls_paceViewController.m in Sources */,
				658D5DA82B5C0E920079C1A3 /* cls_ViewNameTag.m in Sources */,
				658D5DC12B5C0E920079C1A3 /* cls_itemSpriteNode.m in Sources */,
				47A2F10C2B5A425200526595 /* FMResultSet.m in Sources */,
				658D5DBE2B5C0E920079C1A3 /* cls_buttonBlock.m in Sources */,
				47A2F1092B5A425200526595 /* FMDatabaseAdditions.m in Sources */,
				658D5DBB2B5C0E920079C1A3 /* cls_shopViewController.m in Sources */,
				658D5DB02B5C0E920079C1A3 /* cls_userInfo.m in Sources */,
				658D5DC02B5C0E920079C1A3 /* cls_xuetiaoNode.m in Sources */,
			);
			runOnlyForDeploymentPostprocessing = 0;
		};
/* End PBXSourcesBuildPhase section */

/* Begin PBXVariantGroup section */
		4704B8B92B33DC940012BBBB /* Main.storyboard */ = {
			isa = PBXVariantGroup;
			children = (
				4704B8BA2B33DC940012BBBB /* Base */,
			);
			name = Main.storyboard;
			sourceTree = "<group>";
		};
		4704B8BE2B33DC970012BBBB /* LaunchScreen.storyboard */ = {
			isa = PBXVariantGroup;
			children = (
				4704B8BF2B33DC970012BBBB /* Base */,
			);
			name = LaunchScreen.storyboard;
			sourceTree = "<group>";
		};
/* End PBXVariantGroup section */

/* Begin XCBuildConfiguration section */
		4704B8C42B33DC970012BBBB /* Debug */ = {
			isa = XCBuildConfiguration;
			buildSettings = {
				ALWAYS_SEARCH_USER_PATHS = NO;
				CLANG_ANALYZER_NONNULL = YES;
				CLANG_ANALYZER_NUMBER_OBJECT_CONVERSION = YES_AGGRESSIVE;
				CLANG_CXX_LANGUAGE_STANDARD = "gnu++20";
				CLANG_ENABLE_MODULES = YES;
				CLANG_ENABLE_OBJC_ARC = YES;
				CLANG_ENABLE_OBJC_WEAK = YES;
				CLANG_WARN_BLOCK_CAPTURE_AUTORELEASING = YES;
				CLANG_WARN_BOOL_CONVERSION = YES;
				CLANG_WARN_COMMA = YES;
				CLANG_WARN_CONSTANT_CONVERSION = YES;
				CLANG_WARN_DEPRECATED_OBJC_IMPLEMENTATIONS = YES;
				CLANG_WARN_DIRECT_OBJC_ISA_USAGE = YES_ERROR;
				CLANG_WARN_DOCUMENTATION_COMMENTS = YES;
				CLANG_WARN_EMPTY_BODY = YES;
				CLANG_WARN_ENUM_CONVERSION = YES;
				CLANG_WARN_INFINITE_RECURSION = YES;
				CLANG_WARN_INT_CONVERSION = YES;
				CLANG_WARN_NON_LITERAL_NULL_CONVERSION = YES;
				CLANG_WARN_OBJC_IMPLICIT_RETAIN_SELF = YES;
				CLANG_WARN_OBJC_LITERAL_CONVERSION = YES;
				CLANG_WARN_OBJC_ROOT_CLASS = YES_ERROR;
				CLANG_WARN_QUOTED_INCLUDE_IN_FRAMEWORK_HEADER = YES;
				CLANG_WARN_RANGE_LOOP_ANALYSIS = YES;
				CLANG_WARN_STRICT_PROTOTYPES = YES;
				CLANG_WARN_SUSPICIOUS_MOVE = YES;
				CLANG_WARN_UNGUARDED_AVAILABILITY = YES_AGGRESSIVE;
				CLANG_WARN_UNREACHABLE_CODE = YES;
				CLANG_WARN__DUPLICATE_METHOD_MATCH = YES;
				COPY_PHASE_STRIP = NO;
				DEBUG_INFORMATION_FORMAT = dwarf;
				ENABLE_STRICT_OBJC_MSGSEND = YES;
				ENABLE_TESTABILITY = YES;
				GCC_C_LANGUAGE_STANDARD = gnu11;
				GCC_DYNAMIC_NO_PIC = NO;
				GCC_NO_COMMON_BLOCKS = YES;
				GCC_OPTIMIZATION_LEVEL = 0;
				GCC_PREPROCESSOR_DEFINITIONS = (
					"DEBUG=1",
					"$(inherited)",
				);
				GCC_WARN_64_TO_32_BIT_CONVERSION = YES;
				GCC_WARN_ABOUT_RETURN_TYPE = YES_ERROR;
				GCC_WARN_UNDECLARED_SELECTOR = YES;
				GCC_WARN_UNINITIALIZED_AUTOS = YES_AGGRESSIVE;
				GCC_WARN_UNUSED_FUNCTION = YES;
				GCC_WARN_UNUSED_VARIABLE = YES;
				IPHONEOS_DEPLOYMENT_TARGET = 16.2;
				MTL_ENABLE_DEBUG_INFO = INCLUDE_SOURCE;
				MTL_FAST_MATH = YES;
				ONLY_ACTIVE_ARCH = YES;
				SDKROOT = iphoneos;
			};
			name = Debug;
		};
		4704B8C52B33DC970012BBBB /* Release */ = {
			isa = XCBuildConfiguration;
			buildSettings = {
				ALWAYS_SEARCH_USER_PATHS = NO;
				CLANG_ANALYZER_NONNULL = YES;
				CLANG_ANALYZER_NUMBER_OBJECT_CONVERSION = YES_AGGRESSIVE;
				CLANG_CXX_LANGUAGE_STANDARD = "gnu++20";
				CLANG_ENABLE_MODULES = YES;
				CLANG_ENABLE_OBJC_ARC = YES;
				CLANG_ENABLE_OBJC_WEAK = YES;
				CLANG_WARN_BLOCK_CAPTURE_AUTORELEASING = YES;
				CLANG_WARN_BOOL_CONVERSION = YES;
				CLANG_WARN_COMMA = YES;
				CLANG_WARN_CONSTANT_CONVERSION = YES;
				CLANG_WARN_DEPRECATED_OBJC_IMPLEMENTATIONS = YES;
				CLANG_WARN_DIRECT_OBJC_ISA_USAGE = YES_ERROR;
				CLANG_WARN_DOCUMENTATION_COMMENTS = YES;
				CLANG_WARN_EMPTY_BODY = YES;
				CLANG_WARN_ENUM_CONVERSION = YES;
				CLANG_WARN_INFINITE_RECURSION = YES;
				CLANG_WARN_INT_CONVERSION = YES;
				CLANG_WARN_NON_LITERAL_NULL_CONVERSION = YES;
				CLANG_WARN_OBJC_IMPLICIT_RETAIN_SELF = YES;
				CLANG_WARN_OBJC_LITERAL_CONVERSION = YES;
				CLANG_WARN_OBJC_ROOT_CLASS = YES_ERROR;
				CLANG_WARN_QUOTED_INCLUDE_IN_FRAMEWORK_HEADER = YES;
				CLANG_WARN_RANGE_LOOP_ANALYSIS = YES;
				CLANG_WARN_STRICT_PROTOTYPES = YES;
				CLANG_WARN_SUSPICIOUS_MOVE = YES;
				CLANG_WARN_UNGUARDED_AVAILABILITY = YES_AGGRESSIVE;
				CLANG_WARN_UNREACHABLE_CODE = YES;
				CLANG_WARN__DUPLICATE_METHOD_MATCH = YES;
				COPY_PHASE_STRIP = NO;
				DEBUG_INFORMATION_FORMAT = "dwarf-with-dsym";
				ENABLE_NS_ASSERTIONS = NO;
				ENABLE_STRICT_OBJC_MSGSEND = YES;
				GCC_C_LANGUAGE_STANDARD = gnu11;
				GCC_NO_COMMON_BLOCKS = YES;
				GCC_WARN_64_TO_32_BIT_CONVERSION = YES;
				GCC_WARN_ABOUT_RETURN_TYPE = YES_ERROR;
				GCC_WARN_UNDECLARED_SELECTOR = YES;
				GCC_WARN_UNINITIALIZED_AUTOS = YES_AGGRESSIVE;
				GCC_WARN_UNUSED_FUNCTION = YES;
				GCC_WARN_UNUSED_VARIABLE = YES;
				IPHONEOS_DEPLOYMENT_TARGET = 16.2;
				MTL_ENABLE_DEBUG_INFO = NO;
				MTL_FAST_MATH = YES;
				SDKROOT = iphoneos;
				VALIDATE_PRODUCT = YES;
			};
			name = Release;
		};
		4704B8C72B33DC970012BBBB /* Debug */ = {
			isa = XCBuildConfiguration;
			buildSettings = {
				ASSETCATALOG_COMPILER_APPICON_NAME = AppIcon;
				ASSETCATALOG_COMPILER_GLOBAL_ACCENT_COLOR_NAME = AccentColor;
				CODE_SIGN_STYLE = Automatic;
				CURRENT_PROJECT_VERSION = 1;
				DEVELOPMENT_TEAM = NS5PSE8BGV;
				GENERATE_INFOPLIST_FILE = YES;
				INFOPLIST_FILE = erciyuan/Info.plist;
				INFOPLIST_KEY_UIApplicationSupportsIndirectInputEvents = YES;
				INFOPLIST_KEY_UILaunchStoryboardName = LaunchScreen;
				INFOPLIST_KEY_UIMainStoryboardFile = "";
				INFOPLIST_KEY_UISupportedInterfaceOrientations_iPad = "UIInterfaceOrientationPortrait UIInterfaceOrientationPortraitUpsideDown UIInterfaceOrientationLandscapeLeft UIInterfaceOrientationLandscapeRight";
				INFOPLIST_KEY_UISupportedInterfaceOrientations_iPhone = "UIInterfaceOrientationPortrait UIInterfaceOrientationLandscapeLeft UIInterfaceOrientationLandscapeRight";
				IPHONEOS_DEPLOYMENT_TARGET = 12.2;
				LD_RUNPATH_SEARCH_PATHS = (
					"$(inherited)",
					"@executable_path/Frameworks",
				);
				MARKETING_VERSION = 1.0;
				PRODUCT_BUNDLE_IDENTIFIER = cn.sxsn.ios.com;
				PRODUCT_NAME = "$(TARGET_NAME)";
				SUPPORTED_PLATFORMS = "iphoneos iphonesimulator";
				SUPPORTS_MACCATALYST = NO;
				SUPPORTS_MAC_DESIGNED_FOR_IPHONE_IPAD = NO;
				SWIFT_EMIT_LOC_STRINGS = YES;
				TARGETED_DEVICE_FAMILY = "1,2";
			};
			name = Debug;
		};
		4704B8C82B33DC970012BBBB /* Release */ = {
			isa = XCBuildConfiguration;
			buildSettings = {
				ASSETCATALOG_COMPILER_APPICON_NAME = AppIcon;
				ASSETCATALOG_COMPILER_GLOBAL_ACCENT_COLOR_NAME = AccentColor;
				CODE_SIGN_IDENTITY = "Apple Development";
				CODE_SIGN_STYLE = Automatic;
				CURRENT_PROJECT_VERSION = 1;
				DEVELOPMENT_TEAM = NS5PSE8BGV;
				GENERATE_INFOPLIST_FILE = YES;
				INFOPLIST_FILE = erciyuan/Info.plist;
				INFOPLIST_KEY_UIApplicationSupportsIndirectInputEvents = YES;
				INFOPLIST_KEY_UILaunchStoryboardName = LaunchScreen;
				INFOPLIST_KEY_UIMainStoryboardFile = "";
				INFOPLIST_KEY_UISupportedInterfaceOrientations_iPad = "UIInterfaceOrientationPortrait UIInterfaceOrientationPortraitUpsideDown UIInterfaceOrientationLandscapeLeft UIInterfaceOrientationLandscapeRight";
				INFOPLIST_KEY_UISupportedInterfaceOrientations_iPhone = "UIInterfaceOrientationPortrait UIInterfaceOrientationLandscapeLeft UIInterfaceOrientationLandscapeRight";
				IPHONEOS_DEPLOYMENT_TARGET = 12.2;
				LD_RUNPATH_SEARCH_PATHS = (
					"$(inherited)",
					"@executable_path/Frameworks",
				);
				MARKETING_VERSION = 1.0;
				PRODUCT_BUNDLE_IDENTIFIER = cn.sxsn.ios.com;
				PRODUCT_NAME = "$(TARGET_NAME)";
				PROVISIONING_PROFILE_SPECIFIER = "";
				SUPPORTED_PLATFORMS = "iphoneos iphonesimulator";
				SUPPORTS_MACCATALYST = NO;
				SUPPORTS_MAC_DESIGNED_FOR_IPHONE_IPAD = NO;
				SWIFT_EMIT_LOC_STRINGS = YES;
				TARGETED_DEVICE_FAMILY = "1,2";
			};
			name = Release;
		};
/* End XCBuildConfiguration section */

/* Begin XCConfigurationList section */
		4704B8A82B33DC940012BBBB /* Build configuration list for PBXProject "erciyuan" */ = {
			isa = XCConfigurationList;
			buildConfigurations = (
				4704B8C42B33DC970012BBBB /* Debug */,
				4704B8C52B33DC970012BBBB /* Release */,
			);
			defaultConfigurationIsVisible = 0;
			defaultConfigurationName = Release;
		};
		4704B8C62B33DC970012BBBB /* Build configuration list for PBXNativeTarget "erciyuan" */ = {
			isa = XCConfigurationList;
			buildConfigurations = (
				4704B8C72B33DC970012BBBB /* Debug */,
				4704B8C82B33DC970012BBBB /* Release */,
			);
			defaultConfigurationIsVisible = 0;
			defaultConfigurationName = Release;
		};
/* End XCConfigurationList section */
	};
	rootObject = 4704B8A52B33DC940012BBBB /* Project object */;
}
